
Microsoft Visual Studio Solution File, Format Version 12.00
# Visual Studio 14
VisualStudioVersion = 14.0.25420.1
MinimumVisualStudioVersion = 10.0.40219.1
Project("{FAE04EC0-301F-11D3-BF4B-00C04F79EFBC}") = "XFCarouselView", "XFCarouselView\XFCarouselView\XFCarouselView.csproj", "{82D7B805-7A60-46AE-A2FC-D3C278EFDD65}"
EndProject
Project("{FAE04EC0-301F-11D3-BF4B-00C04F79EFBC}") = "XFCarouselView.Droid", "XFCarouselView\XFCarouselView.Droid\XFCarouselView.Droid.csproj", "{DEFC1664-40DA-4580-8F07-37D8F4BB3F18}"
EndProject
Project("{FAE04EC0-301F-11D3-BF4B-00C04F79EFBC}") = "XFCarouselView.iOS", "XFCarouselView\XFCarouselView.iOS\XFCarouselView.iOS.csproj", "{F578B002-DEC3-4EDD-A2C2-36AD5A012F86}"
EndProject
Project("{FAE04EC0-301F-11D3-BF4B-00C04F79EFBC}") = "XFCarouselView.UWP", "XFCarouselView\XFCarouselView.UWP\XFCarouselView.UWP.csproj", "{1B674C5E-17F1-42DF-80EA-79E47DFA6DB7}"
EndProject
Global
	GlobalSection(SolutionConfigurationPlatforms) = preSolution
		Ad-Hoc|Any CPU = Ad-Hoc|Any CPU
		Ad-Hoc|ARM = Ad-Hoc|ARM
		Ad-Hoc|iPhone = Ad-Hoc|iPhone
		Ad-Hoc|iPhoneSimulator = Ad-Hoc|iPhoneSimulator
		Ad-Hoc|x64 = Ad-Hoc|x64
		Ad-Hoc|x86 = Ad-Hoc|x86
		AppStore|Any CPU = AppStore|Any CPU
		AppStore|ARM = AppStore|ARM
		AppStore|iPhone = AppStore|iPhone
		AppStore|iPhoneSimulator = AppStore|iPhoneSimulator
		AppStore|x64 = AppStore|x64
		AppStore|x86 = AppStore|x86
		Debug|Any CPU = Debug|Any CPU
		Debug|ARM = Debug|ARM
		Debug|iPhone = Debug|iPhone
		Debug|iPhoneSimulator = Debug|iPhoneSimulator
		Debug|x64 = Debug|x64
		Debug|x86 = Debug|x86
		Release|Any CPU = Release|Any CPU
		Release|ARM = Release|ARM
		Release|iPhone = Release|iPhone
		Release|iPhoneSimulator = Release|iPhoneSimulator
		Release|x64 = Release|x64
		Release|x86 = Release|x86
	EndGlobalSection
	GlobalSection(ProjectConfigurationPlatforms) = postSolution
		{82D7B805-7A60-46AE-A2FC-D3C278EFDD65}.Ad-Hoc|Any CPU.ActiveCfg = Release|Any CPU
		{82D7B805-7A60-46AE-A2FC-D3C278EFDD65}.Ad-Hoc|Any CPU.Build.0 = Release|Any CPU
		{82D7B805-7A60-46AE-A2FC-D3C278EFDD65}.Ad-Hoc|ARM.ActiveCfg = Release|Any CPU
		{82D7B805-7A60-46AE-A2FC-D3C278EFDD65}.Ad-Hoc|ARM.Build.0 = Release|Any CPU
		{82D7B805-7A60-46AE-A2FC-D3C278EFDD65}.Ad-Hoc|iPhone.ActiveCfg = Release|Any CPU
		{82D7B805-7A60-46AE-A2FC-D3C278EFDD65}.Ad-Hoc|iPhone.Build.0 = Release|Any CPU
		{82D7B805-7A60-46AE-A2FC-D3C278EFDD65}.Ad-Hoc|iPhoneSimulator.ActiveCfg = Release|Any CPU
		{82D7B805-7A60-46AE-A2FC-D3C278EFDD65}.Ad-Hoc|iPhoneSimulator.Build.0 = Release|Any CPU
		{82D7B805-7A60-46AE-A2FC-D3C278EFDD65}.Ad-Hoc|x64.ActiveCfg = Release|Any CPU
		{82D7B805-7A60-46AE-A2FC-D3C278EFDD65}.Ad-Hoc|x64.Build.0 = Release|Any CPU
		{82D7B805-7A60-46AE-A2FC-D3C278EFDD65}.Ad-Hoc|x86.ActiveCfg = Release|Any CPU
		{82D7B805-7A60-46AE-A2FC-D3C278EFDD65}.Ad-Hoc|x86.Build.0 = Release|Any CPU
		{82D7B805-7A60-46AE-A2FC-D3C278EFDD65}.AppStore|Any CPU.ActiveCfg = Release|Any CPU
		{82D7B805-7A60-46AE-A2FC-D3C278EFDD65}.AppStore|Any CPU.Build.0 = Release|Any CPU
		{82D7B805-7A60-46AE-A2FC-D3C278EFDD65}.AppStore|ARM.ActiveCfg = Release|Any CPU
		{82D7B805-7A60-46AE-A2FC-D3C278EFDD65}.AppStore|ARM.Build.0 = Release|Any CPU
		{82D7B805-7A60-46AE-A2FC-D3C278EFDD65}.AppStore|iPhone.ActiveCfg = Release|Any CPU
		{82D7B805-7A60-46AE-A2FC-D3C278EFDD65}.AppStore|iPhone.Build.0 = Release|Any CPU
		{82D7B805-7A60-46AE-A2FC-D3C278EFDD65}.AppStore|iPhoneSimulator.ActiveCfg = Release|Any CPU
		{82D7B805-7A60-46AE-A2FC-D3C278EFDD65}.AppStore|iPhoneSimulator.Build.0 = Release|Any CPU
		{82D7B805-7A60-46AE-A2FC-D3C278EFDD65}.AppStore|x64.ActiveCfg = Release|Any CPU
		{82D7B805-7A60-46AE-A2FC-D3C278EFDD65}.AppStore|x64.Build.0 = Release|Any CPU
		{82D7B805-7A60-46AE-A2FC-D3C278EFDD65}.AppStore|x86.ActiveCfg = Release|Any CPU
		{82D7B805-7A60-46AE-A2FC-D3C278EFDD65}.AppStore|x86.Build.0 = Release|Any CPU
		{82D7B805-7A60-46AE-A2FC-D3C278EFDD65}.Debug|Any CPU.ActiveCfg = Debug|Any CPU
		{82D7B805-7A60-46AE-A2FC-D3C278EFDD65}.Debug|Any CPU.Build.0 = Debug|Any CPU
		{82D7B805-7A60-46AE-A2FC-D3C278EFDD65}.Debug|ARM.ActiveCfg = Debug|Any CPU
		{82D7B805-7A60-46AE-A2FC-D3C278EFDD65}.Debug|ARM.Build.0 = Debug|Any CPU
		{82D7B805-7A60-46AE-A2FC-D3C278EFDD65}.Debug|iPhone.ActiveCfg = Debug|Any CPU
		{82D7B805-7A60-46AE-A2FC-D3C278EFDD65}.Debug|iPhone.Build.0 = Debug|Any CPU
		{82D7B805-7A60-46AE-A2FC-D3C278EFDD65}.Debug|iPhoneSimulator.ActiveCfg = Debug|Any CPU
		{82D7B805-7A60-46AE-A2FC-D3C278EFDD65}.Debug|iPhoneSimulator.Build.0 = Debug|Any CPU
		{82D7B805-7A60-46AE-A2FC-D3C278EFDD65}.Debug|x64.ActiveCfg = Debug|Any CPU
		{82D7B805-7A60-46AE-A2FC-D3C278EFDD65}.Debug|x64.Build.0 = Debug|Any CPU
		{82D7B805-7A60-46AE-A2FC-D3C278EFDD65}.Debug|x86.ActiveCfg = Debug|Any CPU
		{82D7B805-7A60-46AE-A2FC-D3C278EFDD65}.Debug|x86.Build.0 = Debug|Any CPU
		{82D7B805-7A60-46AE-A2FC-D3C278EFDD65}.Release|Any CPU.ActiveCfg = Release|Any CPU
		{82D7B805-7A60-46AE-A2FC-D3C278EFDD65}.Release|Any CPU.Build.0 = Release|Any CPU
		{82D7B805-7A60-46AE-A2FC-D3C278EFDD65}.Release|ARM.ActiveCfg = Release|Any CPU
		{82D7B805-7A60-46AE-A2FC-D3C278EFDD65}.Release|ARM.Build.0 = Release|Any CPU
		{82D7B805-7A60-46AE-A2FC-D3C278EFDD65}.Release|iPhone.ActiveCfg = Release|Any CPU
		{82D7B805-7A60-46AE-A2FC-D3C278EFDD65}.Release|iPhone.Build.0 = Release|Any CPU
		{82D7B805-7A60-46AE-A2FC-D3C278EFDD65}.Release|iPhoneSimulator.ActiveCfg = Release|Any CPU
		{82D7B805-7A60-46AE-A2FC-D3C278EFDD65}.Release|iPhoneSimulator.Build.0 = Release|Any CPU
		{82D7B805-7A60-46AE-A2FC-D3C278EFDD65}.Release|x64.ActiveCfg = Release|Any CPU
		{82D7B805-7A60-46AE-A2FC-D3C278EFDD65}.Release|x64.Build.0 = Release|Any CPU
		{82D7B805-7A60-46AE-A2FC-D3C278EFDD65}.Release|x86.ActiveCfg = Release|Any CPU
		{82D7B805-7A60-46AE-A2FC-D3C278EFDD65}.Release|x86.Build.0 = Release|Any CPU
		{DEFC1664-40DA-4580-8F07-37D8F4BB3F18}.Ad-Hoc|Any CPU.ActiveCfg = Release|Any CPU
		{DEFC1664-40DA-4580-8F07-37D8F4BB3F18}.Ad-Hoc|Any CPU.Build.0 = Release|Any CPU
		{DEFC1664-40DA-4580-8F07-37D8F4BB3F18}.Ad-Hoc|Any CPU.Deploy.0 = Release|Any CPU
		{DEFC1664-40DA-4580-8F07-37D8F4BB3F18}.Ad-Hoc|ARM.ActiveCfg = Release|Any CPU
		{DEFC1664-40DA-4580-8F07-37D8F4BB3F18}.Ad-Hoc|ARM.Build.0 = Release|Any CPU
		{DEFC1664-40DA-4580-8F07-37D8F4BB3F18}.Ad-Hoc|ARM.Deploy.0 = Release|Any CPU
		{DEFC1664-40DA-4580-8F07-37D8F4BB3F18}.Ad-Hoc|iPhone.ActiveCfg = Release|Any CPU
		{DEFC1664-40DA-4580-8F07-37D8F4BB3F18}.Ad-Hoc|iPhone.Build.0 = Release|Any CPU
		{DEFC1664-40DA-4580-8F07-37D8F4BB3F18}.Ad-Hoc|iPhone.Deploy.0 = Release|Any CPU
		{DEFC1664-40DA-4580-8F07-37D8F4BB3F18}.Ad-Hoc|iPhoneSimulator.ActiveCfg = Release|Any CPU
		{DEFC1664-40DA-4580-8F07-37D8F4BB3F18}.Ad-Hoc|iPhoneSimulator.Build.0 = Release|Any CPU
		{DEFC1664-40DA-4580-8F07-37D8F4BB3F18}.Ad-Hoc|iPhoneSimulator.Deploy.0 = Release|Any CPU
		{DEFC1664-40DA-4580-8F07-37D8F4BB3F18}.Ad-Hoc|x64.ActiveCfg = Release|Any CPU
		{DEFC1664-40DA-4580-8F07-37D8F4BB3F18}.Ad-Hoc|x64.Build.0 = Release|Any CPU
		{DEFC1664-40DA-4580-8F07-37D8F4BB3F18}.Ad-Hoc|x64.Deploy.0 = Release|Any CPU
		{DEFC1664-40DA-4580-8F07-37D8F4BB3F18}.Ad-Hoc|x86.ActiveCfg = Release|Any CPU
		{DEFC1664-40DA-4580-8F07-37D8F4BB3F18}.Ad-Hoc|x86.Build.0 = Release|Any CPU
		{DEFC1664-40DA-4580-8F07-37D8F4BB3F18}.Ad-Hoc|x86.Deploy.0 = Release|Any CPU
		{DEFC1664-40DA-4580-8F07-37D8F4BB3F18}.AppStore|Any CPU.ActiveCfg = Release|Any CPU
		{DEFC1664-40DA-4580-8F07-37D8F4BB3F18}.AppStore|Any CPU.Build.0 = Release|Any CPU
		{DEFC1664-40DA-4580-8F07-37D8F4BB3F18}.AppStore|Any CPU.Deploy.0 = Release|Any CPU
		{DEFC1664-40DA-4580-8F07-37D8F4BB3F18}.AppStore|ARM.ActiveCfg = Release|Any CPU
		{DEFC1664-40DA-4580-8F07-37D8F4BB3F18}.AppStore|ARM.Build.0 = Release|Any CPU
		{DEFC1664-40DA-4580-8F07-37D8F4BB3F18}.AppStore|ARM.Deploy.0 = Release|Any CPU
		{DEFC1664-40DA-4580-8F07-37D8F4BB3F18}.AppStore|iPhone.ActiveCfg = Release|Any CPU
		{DEFC1664-40DA-4580-8F07-37D8F4BB3F18}.AppStore|iPhone.Build.0 = Release|Any CPU
		{DEFC1664-40DA-4580-8F07-37D8F4BB3F18}.AppStore|iPhone.Deploy.0 = Release|Any CPU
		{DEFC1664-40DA-4580-8F07-37D8F4BB3F18}.AppStore|iPhoneSimulator.ActiveCfg = Release|Any CPU
		{DEFC1664-40DA-4580-8F07-37D8F4BB3F18}.AppStore|iPhoneSimulator.Build.0 = Release|Any CPU
		{DEFC1664-40DA-4580-8F07-37D8F4BB3F18}.AppStore|iPhoneSimulator.Deploy.0 = Release|Any CPU
		{DEFC1664-40DA-4580-8F07-37D8F4BB3F18}.AppStore|x64.ActiveCfg = Release|Any CPU
		{DEFC1664-40DA-4580-8F07-37D8F4BB3F18}.AppStore|x64.Build.0 = Release|Any CPU
		{DEFC1664-40DA-4580-8F07-37D8F4BB3F18}.AppStore|x64.Deploy.0 = Release|Any CPU
		{DEFC1664-40DA-4580-8F07-37D8F4BB3F18}.AppStore|x86.ActiveCfg = Release|Any CPU
		{DEFC1664-40DA-4580-8F07-37D8F4BB3F18}.AppStore|x86.Build.0 = Release|Any CPU
		{DEFC1664-40DA-4580-8F07-37D8F4BB3F18}.AppStore|x86.Deploy.0 = Release|Any CPU
		{DEFC1664-40DA-4580-8F07-37D8F4BB3F18}.Debug|Any CPU.ActiveCfg = Debug|Any CPU
		{DEFC1664-40DA-4580-8F07-37D8F4BB3F18}.Debug|Any CPU.Build.0 = Debug|Any CPU
		{DEFC1664-40DA-4580-8F07-37D8F4BB3F18}.Debug|Any CPU.Deploy.0 = Debug|Any CPU
		{DEFC1664-40DA-4580-8F07-37D8F4BB3F18}.Debug|ARM.ActiveCfg = Debug|Any CPU
		{DEFC1664-40DA-4580-8F07-37D8F4BB3F18}.Debug|ARM.Build.0 = Debug|Any CPU
		{DEFC1664-40DA-4580-8F07-37D8F4BB3F18}.Debug|ARM.Deploy.0 = Debug|Any CPU
		{DEFC1664-40DA-4580-8F07-37D8F4BB3F18}.Debug|iPhone.ActiveCfg = Debug|Any CPU
		{DEFC1664-40DA-4580-8F07-37D8F4BB3F18}.Debug|iPhone.Build.0 = Debug|Any CPU
		{DEFC1664-40DA-4580-8F07-37D8F4BB3F18}.Debug|iPhone.Deploy.0 = Debug|Any CPU
		{DEFC1664-40DA-4580-8F07-37D8F4BB3F18}.Debug|iPhoneSimulator.ActiveCfg = Debug|Any CPU
		{DEFC1664-40DA-4580-8F07-37D8F4BB3F18}.Debug|iPhoneSimulator.Build.0 = Debug|Any CPU
		{DEFC1664-40DA-4580-8F07-37D8F4BB3F18}.Debug|iPhoneSimulator.Deploy.0 = Debug|Any CPU
		{DEFC1664-40DA-4580-8F07-37D8F4BB3F18}.Debug|x64.ActiveCfg = Debug|Any CPU
		{DEFC1664-40DA-4580-8F07-37D8F4BB3F18}.Debug|x64.Build.0 = Debug|Any CPU
		{DEFC1664-40DA-4580-8F07-37D8F4BB3F18}.Debug|x64.Deploy.0 = Debug|Any CPU
		{DEFC1664-40DA-4580-8F07-37D8F4BB3F18}.Debug|x86.ActiveCfg = Debug|Any CPU
		{DEFC1664-40DA-4580-8F07-37D8F4BB3F18}.Debug|x86.Build.0 = Debug|Any CPU
		{DEFC1664-40DA-4580-8F07-37D8F4BB3F18}.Debug|x86.Deploy.0 = Debug|Any CPU
		{DEFC1664-40DA-4580-8F07-37D8F4BB3F18}.Release|Any CPU.ActiveCfg = Release|Any CPU
		{DEFC1664-40DA-4580-8F07-37D8F4BB3F18}.Release|Any CPU.Build.0 = Release|Any CPU
		{DEFC1664-40DA-4580-8F07-37D8F4BB3F18}.Release|Any CPU.Deploy.0 = Release|Any CPU
		{DEFC1664-40DA-4580-8F07-37D8F4BB3F18}.Release|ARM.ActiveCfg = Release|Any CPU
		{DEFC1664-40DA-4580-8F07-37D8F4BB3F18}.Release|ARM.Build.0 = Release|Any CPU
		{DEFC1664-40DA-4580-8F07-37D8F4BB3F18}.Release|ARM.Deploy.0 = Release|Any CPU
		{DEFC1664-40DA-4580-8F07-37D8F4BB3F18}.Release|iPhone.ActiveCfg = Release|Any CPU
		{DEFC1664-40DA-4580-8F07-37D8F4BB3F18}.Release|iPhone.Build.0 = Release|Any CPU
		{DEFC1664-40DA-4580-8F07-37D8F4BB3F18}.Release|iPhone.Deploy.0 = Release|Any CPU
		{DEFC1664-40DA-4580-8F07-37D8F4BB3F18}.Release|iPhoneSimulator.ActiveCfg = Release|Any CPU
		{DEFC1664-40DA-4580-8F07-37D8F4BB3F18}.Release|iPhoneSimulator.Build.0 = Release|Any CPU
		{DEFC1664-40DA-4580-8F07-37D8F4BB3F18}.Release|iPhoneSimulator.Deploy.0 = Release|Any CPU
		{DEFC1664-40DA-4580-8F07-37D8F4BB3F18}.Release|x64.ActiveCfg = Release|Any CPU
		{DEFC1664-40DA-4580-8F07-37D8F4BB3F18}.Release|x64.Build.0 = Release|Any CPU
		{DEFC1664-40DA-4580-8F07-37D8F4BB3F18}.Release|x64.Deploy.0 = Release|Any CPU
		{DEFC1664-40DA-4580-8F07-37D8F4BB3F18}.Release|x86.ActiveCfg = Release|Any CPU
		{DEFC1664-40DA-4580-8F07-37D8F4BB3F18}.Release|x86.Build.0 = Release|Any CPU
		{DEFC1664-40DA-4580-8F07-37D8F4BB3F18}.Release|x86.Deploy.0 = Release|Any CPU
		{F578B002-DEC3-4EDD-A2C2-36AD5A012F86}.Ad-Hoc|Any CPU.ActiveCfg = Ad-Hoc|iPhone
		{F578B002-DEC3-4EDD-A2C2-36AD5A012F86}.Ad-Hoc|ARM.ActiveCfg = Ad-Hoc|iPhone
		{F578B002-DEC3-4EDD-A2C2-36AD5A012F86}.Ad-Hoc|iPhone.ActiveCfg = Ad-Hoc|iPhone
		{F578B002-DEC3-4EDD-A2C2-36AD5A012F86}.Ad-Hoc|iPhone.Build.0 = Ad-Hoc|iPhone
		{F578B002-DEC3-4EDD-A2C2-36AD5A012F86}.Ad-Hoc|iPhoneSimulator.ActiveCfg = Ad-Hoc|iPhoneSimulator
		{F578B002-DEC3-4EDD-A2C2-36AD5A012F86}.Ad-Hoc|iPhoneSimulator.Build.0 = Ad-Hoc|iPhoneSimulator
		{F578B002-DEC3-4EDD-A2C2-36AD5A012F86}.Ad-Hoc|x64.ActiveCfg = Ad-Hoc|iPhone
		{F578B002-DEC3-4EDD-A2C2-36AD5A012F86}.Ad-Hoc|x86.ActiveCfg = Ad-Hoc|iPhone
		{F578B002-DEC3-4EDD-A2C2-36AD5A012F86}.AppStore|Any CPU.ActiveCfg = AppStore|iPhone
		{F578B002-DEC3-4EDD-A2C2-36AD5A012F86}.AppStore|ARM.ActiveCfg = AppStore|iPhone
		{F578B002-DEC3-4EDD-A2C2-36AD5A012F86}.AppStore|iPhone.ActiveCfg = AppStore|iPhone
		{F578B002-DEC3-4EDD-A2C2-36AD5A012F86}.AppStore|iPhone.Build.0 = AppStore|iPhone
		{F578B002-DEC3-4EDD-A2C2-36AD5A012F86}.AppStore|iPhoneSimulator.ActiveCfg = AppStore|iPhoneSimulator
		{F578B002-DEC3-4EDD-A2C2-36AD5A012F86}.AppStore|iPhoneSimulator.Build.0 = AppStore|iPhoneSimulator
		{F578B002-DEC3-4EDD-A2C2-36AD5A012F86}.AppStore|x64.ActiveCfg = AppStore|iPhone
		{F578B002-DEC3-4EDD-A2C2-36AD5A012F86}.AppStore|x86.ActiveCfg = AppStore|iPhone
		{F578B002-DEC3-4EDD-A2C2-36AD5A012F86}.Debug|Any CPU.ActiveCfg = Debug|iPhone
		{F578B002-DEC3-4EDD-A2C2-36AD5A012F86}.Debug|ARM.ActiveCfg = Debug|iPhone
		{F578B002-DEC3-4EDD-A2C2-36AD5A012F86}.Debug|iPhone.ActiveCfg = Debug|iPhone
		{F578B002-DEC3-4EDD-A2C2-36AD5A012F86}.Debug|iPhone.Build.0 = Debug|iPhone
		{F578B002-DEC3-4EDD-A2C2-36AD5A012F86}.Debug|iPhoneSimulator.ActiveCfg = Debug|iPhoneSimulator
		{F578B002-DEC3-4EDD-A2C2-36AD5A012F86}.Debug|iPhoneSimulator.Build.0 = Debug|iPhoneSimulator
		{F578B002-DEC3-4EDD-A2C2-36AD5A012F86}.Debug|x64.ActiveCfg = Debug|iPhone
		{F578B002-DEC3-4EDD-A2C2-36AD5A012F86}.Debug|x86.ActiveCfg = Debug|iPhone
		{F578B002-DEC3-4EDD-A2C2-36AD5A012F86}.Release|Any CPU.ActiveCfg = Release|iPhone
		{F578B002-DEC3-4EDD-A2C2-36AD5A012F86}.Release|ARM.ActiveCfg = Release|iPhone
		{F578B002-DEC3-4EDD-A2C2-36AD5A012F86}.Release|iPhone.ActiveCfg = Release|iPhone
		{F578B002-DEC3-4EDD-A2C2-36AD5A012F86}.Release|iPhone.Build.0 = Release|iPhone
		{F578B002-DEC3-4EDD-A2C2-36AD5A012F86}.Release|iPhoneSimulator.ActiveCfg = Release|iPhoneSimulator
		{F578B002-DEC3-4EDD-A2C2-36AD5A012F86}.Release|iPhoneSimulator.Build.0 = Release|iPhoneSimulator
		{F578B002-DEC3-4EDD-A2C2-36AD5A012F86}.Release|x64.ActiveCfg = Release|iPhone
		{F578B002-DEC3-4EDD-A2C2-36AD5A012F86}.Release|x86.ActiveCfg = Release|iPhone
		{1B674C5E-17F1-42DF-80EA-79E47DFA6DB7}.Ad-Hoc|Any CPU.ActiveCfg = Release|x86
		{1B674C5E-17F1-42DF-80EA-79E47DFA6DB7}.Ad-Hoc|Any CPU.Build.0 = Release|x86
		{1B674C5E-17F1-42DF-80EA-79E47DFA6DB7}.Ad-Hoc|Any CPU.Deploy.0 = Release|x86
		{1B674C5E-17F1-42DF-80EA-79E47DFA6DB7}.Ad-Hoc|ARM.ActiveCfg = Release|ARM
		{1B674C5E-17F1-42DF-80EA-79E47DFA6DB7}.Ad-Hoc|ARM.Build.0 = Release|ARM
		{1B674C5E-17F1-42DF-80EA-79E47DFA6DB7}.Ad-Hoc|ARM.Deploy.0 = Release|ARM
		{1B674C5E-17F1-42DF-80EA-79E47DFA6DB7}.Ad-Hoc|iPhone.ActiveCfg = Release|x86
		{1B674C5E-17F1-42DF-80EA-79E47DFA6DB7}.Ad-Hoc|iPhone.Build.0 = Release|x86
		{1B674C5E-17F1-42DF-80EA-79E47DFA6DB7}.Ad-Hoc|iPhone.Deploy.0 = Release|x86
		{1B674C5E-17F1-42DF-80EA-79E47DFA6DB7}.Ad-Hoc|iPhoneSimulator.ActiveCfg = Release|x86
		{1B674C5E-17F1-42DF-80EA-79E47DFA6DB7}.Ad-Hoc|iPhoneSimulator.Build.0 = Release|x86
		{1B674C5E-17F1-42DF-80EA-79E47DFA6DB7}.Ad-Hoc|iPhoneSimulator.Deploy.0 = Release|x86
		{1B674C5E-17F1-42DF-80EA-79E47DFA6DB7}.Ad-Hoc|x64.ActiveCfg = Release|x64
		{1B674C5E-17F1-42DF-80EA-79E47DFA6DB7}.Ad-Hoc|x64.Build.0 = Release|x64
		{1B674C5E-17F1-42DF-80EA-79E47DFA6DB7}.Ad-Hoc|x64.Deploy.0 = Release|x64
		{1B674C5E-17F1-42DF-80EA-79E47DFA6DB7}.Ad-Hoc|x86.ActiveCfg = Release|x86
		{1B674C5E-17F1-42DF-80EA-79E47DFA6DB7}.Ad-Hoc|x86.Build.0 = Release|x86
		{1B674C5E-17F1-42DF-80EA-79E47DFA6DB7}.Ad-Hoc|x86.Deploy.0 = Release|x86
		{1B674C5E-17F1-42DF-80EA-79E47DFA6DB7}.AppStore|Any CPU.ActiveCfg = Release|x86
		{1B674C5E-17F1-42DF-80EA-79E47DFA6DB7}.AppStore|Any CPU.Build.0 = Release|x86
		{1B674C5E-17F1-42DF-80EA-79E47DFA6DB7}.AppStore|Any CPU.Deploy.0 = Release|x86
		{1B674C5E-17F1-42DF-80EA-79E47DFA6DB7}.AppStore|ARM.ActiveCfg = Release|ARM
		{1B674C5E-17F1-42DF-80EA-79E47DFA6DB7}.AppStore|ARM.Build.0 = Release|ARM
		{1B674C5E-17F1-42DF-80EA-79E47DFA6DB7}.AppStore|ARM.Deploy.0 = Release|ARM
		{1B674C5E-17F1-42DF-80EA-79E47DFA6DB7}.AppStore|iPhone.ActiveCfg = Release|x86
		{1B674C5E-17F1-42DF-80EA-79E47DFA6DB7}.AppStore|iPhone.Build.0 = Release|x86
		{1B674C5E-17F1-42DF-80EA-79E47DFA6DB7}.AppStore|iPhone.Deploy.0 = Release|x86
		{1B674C5E-17F1-42DF-80EA-79E47DFA6DB7}.AppStore|iPhoneSimulator.ActiveCfg = Release|x86
		{1B674C5E-17F1-42DF-80EA-79E47DFA6DB7}.AppStore|iPhoneSimulator.Build.0 = Release|x86
		{1B674C5E-17F1-42DF-80EA-79E47DFA6DB7}.AppStore|iPhoneSimulator.Deploy.0 = Release|x86
		{1B674C5E-17F1-42DF-80EA-79E47DFA6DB7}.AppStore|x64.ActiveCfg = Release|x64
		{1B674C5E-17F1-42DF-80EA-79E47DFA6DB7}.AppStore|x64.Build.0 = Release|x64
		{1B674C5E-17F1-42DF-80EA-79E47DFA6DB7}.AppStore|x64.Deploy.0 = Release|x64
		{1B674C5E-17F1-42DF-80EA-79E47DFA6DB7}.AppStore|x86.ActiveCfg = Release|x86
		{1B674C5E-17F1-42DF-80EA-79E47DFA6DB7}.AppStore|x86.Build.0 = Release|x86
		{1B674C5E-17F1-42DF-80EA-79E47DFA6DB7}.AppStore|x86.Deploy.0 = Release|x86
		{1B674C5E-17F1-42DF-80EA-79E47DFA6DB7}.Debug|Any CPU.ActiveCfg = Debug|x86
		{1B674C5E-17F1-42DF-80EA-79E47DFA6DB7}.Debug|ARM.ActiveCfg = Debug|ARM
		{1B674C5E-17F1-42DF-80EA-79E47DFA6DB7}.Debug|ARM.Build.0 = Debug|ARM
		{1B674C5E-17F1-42DF-80EA-79E47DFA6DB7}.Debug|ARM.Deploy.0 = Debug|ARM
		{1B674C5E-17F1-42DF-80EA-79E47DFA6DB7}.Debug|iPhone.ActiveCfg = Debug|x86
		{1B674C5E-17F1-42DF-80EA-79E47DFA6DB7}.Debug|iPhoneSimulator.ActiveCfg = Debug|x86
		{1B674C5E-17F1-42DF-80EA-79E47DFA6DB7}.Debug|x64.ActiveCfg = Debug|x64
		{1B674C5E-17F1-42DF-80EA-79E47DFA6DB7}.Debug|x64.Build.0 = Debug|x64
		{1B674C5E-17F1-42DF-80EA-79E47DFA6DB7}.Debug|x64.Deploy.0 = Debug|x64
		{1B674C5E-17F1-42DF-80EA-79E47DFA6DB7}.Debug|x86.ActiveCfg = Debug|x86
		{1B674C5E-17F1-42DF-80EA-79E47DFA6DB7}.Debug|x86.Build.0 = Debug|x86
		{1B674C5E-17F1-42DF-80EA-79E47DFA6DB7}.Debug|x86.Deploy.0 = Debug|x86
		{1B674C5E-17F1-42DF-80EA-79E47DFA6DB7}.Release|Any CPU.ActiveCfg = Release|x86
		{1B674C5E-17F1-42DF-80EA-79E47DFA6DB7}.Release|ARM.ActiveCfg = Release|ARM
		{1B674C5E-17F1-42DF-80EA-79E47DFA6DB7}.Release|ARM.Build.0 = Release|ARM
		{1B674C5E-17F1-42DF-80EA-79E47DFA6DB7}.Release|ARM.Deploy.0 = Release|ARM
		{1B674C5E-17F1-42DF-80EA-79E47DFA6DB7}.Release|iPhone.ActiveCfg = Release|x86
		{1B674C5E-17F1-42DF-80EA-79E47DFA6DB7}.Release|iPhoneSimulator.ActiveCfg = Release|x86
		{1B674C5E-17F1-42DF-80EA-79E47DFA6DB7}.Release|x64.ActiveCfg = Release|x64
		{1B674C5E-17F1-42DF-80EA-79E47DFA6DB7}.Release|x64.Build.0 = Release|x64
		{1B674C5E-17F1-42DF-80EA-79E47DFA6DB7}.Release|x64.Deploy.0 = Release|x64
		{1B674C5E-17F1-42DF-80EA-79E47DFA6DB7}.Release|x86.ActiveCfg = Release|x86
		{1B674C5E-17F1-42DF-80EA-79E47DFA6DB7}.Release|x86.Build.0 = Release|x86
		{1B674C5E-17F1-42DF-80EA-79E47DFA6DB7}.Release|x86.Deploy.0 = Release|x86
	EndGlobalSection
	GlobalSection(SolutionProperties) = preSolution
		HideSolutionNode = FALSE
	EndGlobalSection
EndGlobal
