
Microsoft Visual Studio Solution File, Format Version 12.00
# Visual Studio 15
VisualStudioVersion = 15.0.26730.16
MinimumVisualStudioVersion = 10.0.40219.1
Project("{FAE04EC0-301F-11D3-BF4B-00C04F79EFBC}") = "App1.Android", "App1\App1.Android\App1.Android.csproj", "{D84DA830-1387-47DA-B558-E2F1B0065D1D}"
EndProject
Project("{FAE04EC0-301F-11D3-BF4B-00C04F79EFBC}") = "App1", "App1\App1\App1.csproj", "{930BF7F2-B1DF-48AA-B1C6-A4F9ED8EC880}"
EndProject
Project("{FAE04EC0-301F-11D3-BF4B-00C04F79EFBC}") = "App1.UWP", "App1\App1.UWP\App1.UWP.csproj", "{C2529F05-EE10-4807-A935-6DA087232AEC}"
EndProject
Project("{FAE04EC0-301F-11D3-BF4B-00C04F79EFBC}") = "App1.iOS", "App1\App1.iOS\App1.iOS.csproj", "{D7C03032-2179-430E-B63E-B649CE4EAFAE}"
EndProject
Global
	GlobalSection(SolutionConfigurationPlatforms) = preSolution
		Ad-Hoc|Any CPU = Ad-Hoc|Any CPU
		Ad-Hoc|ARM = Ad-Hoc|ARM
		Ad-Hoc|iPhone = Ad-Hoc|iPhone
		Ad-Hoc|iPhoneSimulator = Ad-Hoc|iPhoneSimulator
		Ad-Hoc|x64 = Ad-Hoc|x64
		Ad-Hoc|x86 = Ad-Hoc|x86
		AppStore|Any CPU = AppStore|Any CPU
		AppStore|ARM = AppStore|ARM
		AppStore|iPhone = AppStore|iPhone
		AppStore|iPhoneSimulator = AppStore|iPhoneSimulator
		AppStore|x64 = AppStore|x64
		AppStore|x86 = AppStore|x86
		Debug|Any CPU = Debug|Any CPU
		Debug|ARM = Debug|ARM
		Debug|iPhone = Debug|iPhone
		Debug|iPhoneSimulator = Debug|iPhoneSimulator
		Debug|x64 = Debug|x64
		Debug|x86 = Debug|x86
		Release|Any CPU = Release|Any CPU
		Release|ARM = Release|ARM
		Release|iPhone = Release|iPhone
		Release|iPhoneSimulator = Release|iPhoneSimulator
		Release|x64 = Release|x64
		Release|x86 = Release|x86
	EndGlobalSection
	GlobalSection(ProjectConfigurationPlatforms) = postSolution
		{D84DA830-1387-47DA-B558-E2F1B0065D1D}.Ad-Hoc|Any CPU.ActiveCfg = Release|Any CPU
		{D84DA830-1387-47DA-B558-E2F1B0065D1D}.Ad-Hoc|Any CPU.Build.0 = Release|Any CPU
		{D84DA830-1387-47DA-B558-E2F1B0065D1D}.Ad-Hoc|Any CPU.Deploy.0 = Release|Any CPU
		{D84DA830-1387-47DA-B558-E2F1B0065D1D}.Ad-Hoc|ARM.ActiveCfg = Release|Any CPU
		{D84DA830-1387-47DA-B558-E2F1B0065D1D}.Ad-Hoc|ARM.Build.0 = Release|Any CPU
		{D84DA830-1387-47DA-B558-E2F1B0065D1D}.Ad-Hoc|ARM.Deploy.0 = Release|Any CPU
		{D84DA830-1387-47DA-B558-E2F1B0065D1D}.Ad-Hoc|iPhone.ActiveCfg = Release|Any CPU
		{D84DA830-1387-47DA-B558-E2F1B0065D1D}.Ad-Hoc|iPhone.Build.0 = Release|Any CPU
		{D84DA830-1387-47DA-B558-E2F1B0065D1D}.Ad-Hoc|iPhone.Deploy.0 = Release|Any CPU
		{D84DA830-1387-47DA-B558-E2F1B0065D1D}.Ad-Hoc|iPhoneSimulator.ActiveCfg = Release|Any CPU
		{D84DA830-1387-47DA-B558-E2F1B0065D1D}.Ad-Hoc|iPhoneSimulator.Build.0 = Release|Any CPU
		{D84DA830-1387-47DA-B558-E2F1B0065D1D}.Ad-Hoc|iPhoneSimulator.Deploy.0 = Release|Any CPU
		{D84DA830-1387-47DA-B558-E2F1B0065D1D}.Ad-Hoc|x64.ActiveCfg = Release|Any CPU
		{D84DA830-1387-47DA-B558-E2F1B0065D1D}.Ad-Hoc|x64.Build.0 = Release|Any CPU
		{D84DA830-1387-47DA-B558-E2F1B0065D1D}.Ad-Hoc|x64.Deploy.0 = Release|Any CPU
		{D84DA830-1387-47DA-B558-E2F1B0065D1D}.Ad-Hoc|x86.ActiveCfg = Release|Any CPU
		{D84DA830-1387-47DA-B558-E2F1B0065D1D}.Ad-Hoc|x86.Build.0 = Release|Any CPU
		{D84DA830-1387-47DA-B558-E2F1B0065D1D}.Ad-Hoc|x86.Deploy.0 = Release|Any CPU
		{D84DA830-1387-47DA-B558-E2F1B0065D1D}.AppStore|Any CPU.ActiveCfg = Release|Any CPU
		{D84DA830-1387-47DA-B558-E2F1B0065D1D}.AppStore|Any CPU.Build.0 = Release|Any CPU
		{D84DA830-1387-47DA-B558-E2F1B0065D1D}.AppStore|Any CPU.Deploy.0 = Release|Any CPU
		{D84DA830-1387-47DA-B558-E2F1B0065D1D}.AppStore|ARM.ActiveCfg = Release|Any CPU
		{D84DA830-1387-47DA-B558-E2F1B0065D1D}.AppStore|ARM.Build.0 = Release|Any CPU
		{D84DA830-1387-47DA-B558-E2F1B0065D1D}.AppStore|ARM.Deploy.0 = Release|Any CPU
		{D84DA830-1387-47DA-B558-E2F1B0065D1D}.AppStore|iPhone.ActiveCfg = Release|Any CPU
		{D84DA830-1387-47DA-B558-E2F1B0065D1D}.AppStore|iPhone.Build.0 = Release|Any CPU
		{D84DA830-1387-47DA-B558-E2F1B0065D1D}.AppStore|iPhone.Deploy.0 = Release|Any CPU
		{D84DA830-1387-47DA-B558-E2F1B0065D1D}.AppStore|iPhoneSimulator.ActiveCfg = Release|Any CPU
		{D84DA830-1387-47DA-B558-E2F1B0065D1D}.AppStore|iPhoneSimulator.Build.0 = Release|Any CPU
		{D84DA830-1387-47DA-B558-E2F1B0065D1D}.AppStore|iPhoneSimulator.Deploy.0 = Release|Any CPU
		{D84DA830-1387-47DA-B558-E2F1B0065D1D}.AppStore|x64.ActiveCfg = Release|Any CPU
		{D84DA830-1387-47DA-B558-E2F1B0065D1D}.AppStore|x64.Build.0 = Release|Any CPU
		{D84DA830-1387-47DA-B558-E2F1B0065D1D}.AppStore|x64.Deploy.0 = Release|Any CPU
		{D84DA830-1387-47DA-B558-E2F1B0065D1D}.AppStore|x86.ActiveCfg = Release|Any CPU
		{D84DA830-1387-47DA-B558-E2F1B0065D1D}.AppStore|x86.Build.0 = Release|Any CPU
		{D84DA830-1387-47DA-B558-E2F1B0065D1D}.AppStore|x86.Deploy.0 = Release|Any CPU
		{D84DA830-1387-47DA-B558-E2F1B0065D1D}.Debug|Any CPU.ActiveCfg = Debug|Any CPU
		{D84DA830-1387-47DA-B558-E2F1B0065D1D}.Debug|Any CPU.Build.0 = Debug|Any CPU
		{D84DA830-1387-47DA-B558-E2F1B0065D1D}.Debug|Any CPU.Deploy.0 = Debug|Any CPU
		{D84DA830-1387-47DA-B558-E2F1B0065D1D}.Debug|ARM.ActiveCfg = Debug|Any CPU
		{D84DA830-1387-47DA-B558-E2F1B0065D1D}.Debug|ARM.Build.0 = Debug|Any CPU
		{D84DA830-1387-47DA-B558-E2F1B0065D1D}.Debug|ARM.Deploy.0 = Debug|Any CPU
		{D84DA830-1387-47DA-B558-E2F1B0065D1D}.Debug|iPhone.ActiveCfg = Debug|Any CPU
		{D84DA830-1387-47DA-B558-E2F1B0065D1D}.Debug|iPhone.Build.0 = Debug|Any CPU
		{D84DA830-1387-47DA-B558-E2F1B0065D1D}.Debug|iPhone.Deploy.0 = Debug|Any CPU
		{D84DA830-1387-47DA-B558-E2F1B0065D1D}.Debug|iPhoneSimulator.ActiveCfg = Debug|Any CPU
		{D84DA830-1387-47DA-B558-E2F1B0065D1D}.Debug|iPhoneSimulator.Build.0 = Debug|Any CPU
		{D84DA830-1387-47DA-B558-E2F1B0065D1D}.Debug|iPhoneSimulator.Deploy.0 = Debug|Any CPU
		{D84DA830-1387-47DA-B558-E2F1B0065D1D}.Debug|x64.ActiveCfg = Debug|Any CPU
		{D84DA830-1387-47DA-B558-E2F1B0065D1D}.Debug|x64.Build.0 = Debug|Any CPU
		{D84DA830-1387-47DA-B558-E2F1B0065D1D}.Debug|x64.Deploy.0 = Debug|Any CPU
		{D84DA830-1387-47DA-B558-E2F1B0065D1D}.Debug|x86.ActiveCfg = Debug|Any CPU
		{D84DA830-1387-47DA-B558-E2F1B0065D1D}.Debug|x86.Build.0 = Debug|Any CPU
		{D84DA830-1387-47DA-B558-E2F1B0065D1D}.Debug|x86.Deploy.0 = Debug|Any CPU
		{D84DA830-1387-47DA-B558-E2F1B0065D1D}.Release|Any CPU.ActiveCfg = Release|Any CPU
		{D84DA830-1387-47DA-B558-E2F1B0065D1D}.Release|Any CPU.Build.0 = Release|Any CPU
		{D84DA830-1387-47DA-B558-E2F1B0065D1D}.Release|Any CPU.Deploy.0 = Release|Any CPU
		{D84DA830-1387-47DA-B558-E2F1B0065D1D}.Release|ARM.ActiveCfg = Release|Any CPU
		{D84DA830-1387-47DA-B558-E2F1B0065D1D}.Release|ARM.Build.0 = Release|Any CPU
		{D84DA830-1387-47DA-B558-E2F1B0065D1D}.Release|ARM.Deploy.0 = Release|Any CPU
		{D84DA830-1387-47DA-B558-E2F1B0065D1D}.Release|iPhone.ActiveCfg = Release|Any CPU
		{D84DA830-1387-47DA-B558-E2F1B0065D1D}.Release|iPhone.Build.0 = Release|Any CPU
		{D84DA830-1387-47DA-B558-E2F1B0065D1D}.Release|iPhone.Deploy.0 = Release|Any CPU
		{D84DA830-1387-47DA-B558-E2F1B0065D1D}.Release|iPhoneSimulator.ActiveCfg = Release|Any CPU
		{D84DA830-1387-47DA-B558-E2F1B0065D1D}.Release|iPhoneSimulator.Build.0 = Release|Any CPU
		{D84DA830-1387-47DA-B558-E2F1B0065D1D}.Release|iPhoneSimulator.Deploy.0 = Release|Any CPU
		{D84DA830-1387-47DA-B558-E2F1B0065D1D}.Release|x64.ActiveCfg = Release|Any CPU
		{D84DA830-1387-47DA-B558-E2F1B0065D1D}.Release|x64.Build.0 = Release|Any CPU
		{D84DA830-1387-47DA-B558-E2F1B0065D1D}.Release|x64.Deploy.0 = Release|Any CPU
		{D84DA830-1387-47DA-B558-E2F1B0065D1D}.Release|x86.ActiveCfg = Release|Any CPU
		{D84DA830-1387-47DA-B558-E2F1B0065D1D}.Release|x86.Build.0 = Release|Any CPU
		{D84DA830-1387-47DA-B558-E2F1B0065D1D}.Release|x86.Deploy.0 = Release|Any CPU
		{930BF7F2-B1DF-48AA-B1C6-A4F9ED8EC880}.Ad-Hoc|Any CPU.ActiveCfg = Release|Any CPU
		{930BF7F2-B1DF-48AA-B1C6-A4F9ED8EC880}.Ad-Hoc|Any CPU.Build.0 = Release|Any CPU
		{930BF7F2-B1DF-48AA-B1C6-A4F9ED8EC880}.Ad-Hoc|ARM.ActiveCfg = Release|Any CPU
		{930BF7F2-B1DF-48AA-B1C6-A4F9ED8EC880}.Ad-Hoc|ARM.Build.0 = Release|Any CPU
		{930BF7F2-B1DF-48AA-B1C6-A4F9ED8EC880}.Ad-Hoc|iPhone.ActiveCfg = Release|Any CPU
		{930BF7F2-B1DF-48AA-B1C6-A4F9ED8EC880}.Ad-Hoc|iPhone.Build.0 = Release|Any CPU
		{930BF7F2-B1DF-48AA-B1C6-A4F9ED8EC880}.Ad-Hoc|iPhoneSimulator.ActiveCfg = Release|Any CPU
		{930BF7F2-B1DF-48AA-B1C6-A4F9ED8EC880}.Ad-Hoc|iPhoneSimulator.Build.0 = Release|Any CPU
		{930BF7F2-B1DF-48AA-B1C6-A4F9ED8EC880}.Ad-Hoc|x64.ActiveCfg = Release|Any CPU
		{930BF7F2-B1DF-48AA-B1C6-A4F9ED8EC880}.Ad-Hoc|x64.Build.0 = Release|Any CPU
		{930BF7F2-B1DF-48AA-B1C6-A4F9ED8EC880}.Ad-Hoc|x86.ActiveCfg = Release|Any CPU
		{930BF7F2-B1DF-48AA-B1C6-A4F9ED8EC880}.Ad-Hoc|x86.Build.0 = Release|Any CPU
		{930BF7F2-B1DF-48AA-B1C6-A4F9ED8EC880}.AppStore|Any CPU.ActiveCfg = Release|Any CPU
		{930BF7F2-B1DF-48AA-B1C6-A4F9ED8EC880}.AppStore|Any CPU.Build.0 = Release|Any CPU
		{930BF7F2-B1DF-48AA-B1C6-A4F9ED8EC880}.AppStore|ARM.ActiveCfg = Release|Any CPU
		{930BF7F2-B1DF-48AA-B1C6-A4F9ED8EC880}.AppStore|ARM.Build.0 = Release|Any CPU
		{930BF7F2-B1DF-48AA-B1C6-A4F9ED8EC880}.AppStore|iPhone.ActiveCfg = Release|Any CPU
		{930BF7F2-B1DF-48AA-B1C6-A4F9ED8EC880}.AppStore|iPhone.Build.0 = Release|Any CPU
		{930BF7F2-B1DF-48AA-B1C6-A4F9ED8EC880}.AppStore|iPhoneSimulator.ActiveCfg = Release|Any CPU
		{930BF7F2-B1DF-48AA-B1C6-A4F9ED8EC880}.AppStore|iPhoneSimulator.Build.0 = Release|Any CPU
		{930BF7F2-B1DF-48AA-B1C6-A4F9ED8EC880}.AppStore|x64.ActiveCfg = Release|Any CPU
		{930BF7F2-B1DF-48AA-B1C6-A4F9ED8EC880}.AppStore|x64.Build.0 = Release|Any CPU
		{930BF7F2-B1DF-48AA-B1C6-A4F9ED8EC880}.AppStore|x86.ActiveCfg = Release|Any CPU
		{930BF7F2-B1DF-48AA-B1C6-A4F9ED8EC880}.AppStore|x86.Build.0 = Release|Any CPU
		{930BF7F2-B1DF-48AA-B1C6-A4F9ED8EC880}.Debug|Any CPU.ActiveCfg = Debug|Any CPU
		{930BF7F2-B1DF-48AA-B1C6-A4F9ED8EC880}.Debug|Any CPU.Build.0 = Debug|Any CPU
		{930BF7F2-B1DF-48AA-B1C6-A4F9ED8EC880}.Debug|ARM.ActiveCfg = Debug|Any CPU
		{930BF7F2-B1DF-48AA-B1C6-A4F9ED8EC880}.Debug|ARM.Build.0 = Debug|Any CPU
		{930BF7F2-B1DF-48AA-B1C6-A4F9ED8EC880}.Debug|iPhone.ActiveCfg = Debug|Any CPU
		{930BF7F2-B1DF-48AA-B1C6-A4F9ED8EC880}.Debug|iPhone.Build.0 = Debug|Any CPU
		{930BF7F2-B1DF-48AA-B1C6-A4F9ED8EC880}.Debug|iPhoneSimulator.ActiveCfg = Debug|Any CPU
		{930BF7F2-B1DF-48AA-B1C6-A4F9ED8EC880}.Debug|iPhoneSimulator.Build.0 = Debug|Any CPU
		{930BF7F2-B1DF-48AA-B1C6-A4F9ED8EC880}.Debug|x64.ActiveCfg = Debug|Any CPU
		{930BF7F2-B1DF-48AA-B1C6-A4F9ED8EC880}.Debug|x64.Build.0 = Debug|Any CPU
		{930BF7F2-B1DF-48AA-B1C6-A4F9ED8EC880}.Debug|x86.ActiveCfg = Debug|Any CPU
		{930BF7F2-B1DF-48AA-B1C6-A4F9ED8EC880}.Debug|x86.Build.0 = Debug|Any CPU
		{930BF7F2-B1DF-48AA-B1C6-A4F9ED8EC880}.Release|Any CPU.ActiveCfg = Release|Any CPU
		{930BF7F2-B1DF-48AA-B1C6-A4F9ED8EC880}.Release|Any CPU.Build.0 = Release|Any CPU
		{930BF7F2-B1DF-48AA-B1C6-A4F9ED8EC880}.Release|ARM.ActiveCfg = Release|Any CPU
		{930BF7F2-B1DF-48AA-B1C6-A4F9ED8EC880}.Release|ARM.Build.0 = Release|Any CPU
		{930BF7F2-B1DF-48AA-B1C6-A4F9ED8EC880}.Release|iPhone.ActiveCfg = Release|Any CPU
		{930BF7F2-B1DF-48AA-B1C6-A4F9ED8EC880}.Release|iPhone.Build.0 = Release|Any CPU
		{930BF7F2-B1DF-48AA-B1C6-A4F9ED8EC880}.Release|iPhoneSimulator.ActiveCfg = Release|Any CPU
		{930BF7F2-B1DF-48AA-B1C6-A4F9ED8EC880}.Release|iPhoneSimulator.Build.0 = Release|Any CPU
		{930BF7F2-B1DF-48AA-B1C6-A4F9ED8EC880}.Release|x64.ActiveCfg = Release|Any CPU
		{930BF7F2-B1DF-48AA-B1C6-A4F9ED8EC880}.Release|x64.Build.0 = Release|Any CPU
		{930BF7F2-B1DF-48AA-B1C6-A4F9ED8EC880}.Release|x86.ActiveCfg = Release|Any CPU
		{930BF7F2-B1DF-48AA-B1C6-A4F9ED8EC880}.Release|x86.Build.0 = Release|Any CPU
		{C2529F05-EE10-4807-A935-6DA087232AEC}.Ad-Hoc|Any CPU.ActiveCfg = Release|x86
		{C2529F05-EE10-4807-A935-6DA087232AEC}.Ad-Hoc|Any CPU.Build.0 = Release|x86
		{C2529F05-EE10-4807-A935-6DA087232AEC}.Ad-Hoc|Any CPU.Deploy.0 = Release|x86
		{C2529F05-EE10-4807-A935-6DA087232AEC}.Ad-Hoc|ARM.ActiveCfg = Release|ARM
		{C2529F05-EE10-4807-A935-6DA087232AEC}.Ad-Hoc|ARM.Build.0 = Release|ARM
		{C2529F05-EE10-4807-A935-6DA087232AEC}.Ad-Hoc|ARM.Deploy.0 = Release|ARM
		{C2529F05-EE10-4807-A935-6DA087232AEC}.Ad-Hoc|iPhone.ActiveCfg = Release|x86
		{C2529F05-EE10-4807-A935-6DA087232AEC}.Ad-Hoc|iPhone.Build.0 = Release|x86
		{C2529F05-EE10-4807-A935-6DA087232AEC}.Ad-Hoc|iPhone.Deploy.0 = Release|x86
		{C2529F05-EE10-4807-A935-6DA087232AEC}.Ad-Hoc|iPhoneSimulator.ActiveCfg = Release|x86
		{C2529F05-EE10-4807-A935-6DA087232AEC}.Ad-Hoc|iPhoneSimulator.Build.0 = Release|x86
		{C2529F05-EE10-4807-A935-6DA087232AEC}.Ad-Hoc|iPhoneSimulator.Deploy.0 = Release|x86
		{C2529F05-EE10-4807-A935-6DA087232AEC}.Ad-Hoc|x64.ActiveCfg = Release|x64
		{C2529F05-EE10-4807-A935-6DA087232AEC}.Ad-Hoc|x64.Build.0 = Release|x64
		{C2529F05-EE10-4807-A935-6DA087232AEC}.Ad-Hoc|x64.Deploy.0 = Release|x64
		{C2529F05-EE10-4807-A935-6DA087232AEC}.Ad-Hoc|x86.ActiveCfg = Release|x86
		{C2529F05-EE10-4807-A935-6DA087232AEC}.Ad-Hoc|x86.Build.0 = Release|x86
		{C2529F05-EE10-4807-A935-6DA087232AEC}.Ad-Hoc|x86.Deploy.0 = Release|x86
		{C2529F05-EE10-4807-A935-6DA087232AEC}.AppStore|Any CPU.ActiveCfg = Release|x86
		{C2529F05-EE10-4807-A935-6DA087232AEC}.AppStore|Any CPU.Build.0 = Release|x86
		{C2529F05-EE10-4807-A935-6DA087232AEC}.AppStore|Any CPU.Deploy.0 = Release|x86
		{C2529F05-EE10-4807-A935-6DA087232AEC}.AppStore|ARM.ActiveCfg = Release|ARM
		{C2529F05-EE10-4807-A935-6DA087232AEC}.AppStore|ARM.Build.0 = Release|ARM
		{C2529F05-EE10-4807-A935-6DA087232AEC}.AppStore|ARM.Deploy.0 = Release|ARM
		{C2529F05-EE10-4807-A935-6DA087232AEC}.AppStore|iPhone.ActiveCfg = Release|x86
		{C2529F05-EE10-4807-A935-6DA087232AEC}.AppStore|iPhone.Build.0 = Release|x86
		{C2529F05-EE10-4807-A935-6DA087232AEC}.AppStore|iPhone.Deploy.0 = Release|x86
		{C2529F05-EE10-4807-A935-6DA087232AEC}.AppStore|iPhoneSimulator.ActiveCfg = Release|x86
		{C2529F05-EE10-4807-A935-6DA087232AEC}.AppStore|iPhoneSimulator.Build.0 = Release|x86
		{C2529F05-EE10-4807-A935-6DA087232AEC}.AppStore|iPhoneSimulator.Deploy.0 = Release|x86
		{C2529F05-EE10-4807-A935-6DA087232AEC}.AppStore|x64.ActiveCfg = Release|x64
		{C2529F05-EE10-4807-A935-6DA087232AEC}.AppStore|x64.Build.0 = Release|x64
		{C2529F05-EE10-4807-A935-6DA087232AEC}.AppStore|x64.Deploy.0 = Release|x64
		{C2529F05-EE10-4807-A935-6DA087232AEC}.AppStore|x86.ActiveCfg = Release|x86
		{C2529F05-EE10-4807-A935-6DA087232AEC}.AppStore|x86.Build.0 = Release|x86
		{C2529F05-EE10-4807-A935-6DA087232AEC}.AppStore|x86.Deploy.0 = Release|x86
		{C2529F05-EE10-4807-A935-6DA087232AEC}.Debug|Any CPU.ActiveCfg = Debug|x86
		{C2529F05-EE10-4807-A935-6DA087232AEC}.Debug|ARM.ActiveCfg = Debug|ARM
		{C2529F05-EE10-4807-A935-6DA087232AEC}.Debug|ARM.Build.0 = Debug|ARM
		{C2529F05-EE10-4807-A935-6DA087232AEC}.Debug|ARM.Deploy.0 = Debug|ARM
		{C2529F05-EE10-4807-A935-6DA087232AEC}.Debug|iPhone.ActiveCfg = Debug|x86
		{C2529F05-EE10-4807-A935-6DA087232AEC}.Debug|iPhoneSimulator.ActiveCfg = Debug|x86
		{C2529F05-EE10-4807-A935-6DA087232AEC}.Debug|x64.ActiveCfg = Debug|x64
		{C2529F05-EE10-4807-A935-6DA087232AEC}.Debug|x64.Build.0 = Debug|x64
		{C2529F05-EE10-4807-A935-6DA087232AEC}.Debug|x64.Deploy.0 = Debug|x64
		{C2529F05-EE10-4807-A935-6DA087232AEC}.Debug|x86.ActiveCfg = Debug|x86
		{C2529F05-EE10-4807-A935-6DA087232AEC}.Debug|x86.Build.0 = Debug|x86
		{C2529F05-EE10-4807-A935-6DA087232AEC}.Debug|x86.Deploy.0 = Debug|x86
		{C2529F05-EE10-4807-A935-6DA087232AEC}.Release|Any CPU.ActiveCfg = Release|x86
		{C2529F05-EE10-4807-A935-6DA087232AEC}.Release|ARM.ActiveCfg = Release|ARM
		{C2529F05-EE10-4807-A935-6DA087232AEC}.Release|ARM.Build.0 = Release|ARM
		{C2529F05-EE10-4807-A935-6DA087232AEC}.Release|ARM.Deploy.0 = Release|ARM
		{C2529F05-EE10-4807-A935-6DA087232AEC}.Release|iPhone.ActiveCfg = Release|x86
		{C2529F05-EE10-4807-A935-6DA087232AEC}.Release|iPhoneSimulator.ActiveCfg = Release|x86
		{C2529F05-EE10-4807-A935-6DA087232AEC}.Release|x64.ActiveCfg = Release|x64
		{C2529F05-EE10-4807-A935-6DA087232AEC}.Release|x64.Build.0 = Release|x64
		{C2529F05-EE10-4807-A935-6DA087232AEC}.Release|x64.Deploy.0 = Release|x64
		{C2529F05-EE10-4807-A935-6DA087232AEC}.Release|x86.ActiveCfg = Release|x86
		{C2529F05-EE10-4807-A935-6DA087232AEC}.Release|x86.Build.0 = Release|x86
		{C2529F05-EE10-4807-A935-6DA087232AEC}.Release|x86.Deploy.0 = Release|x86
		{D7C03032-2179-430E-B63E-B649CE4EAFAE}.Ad-Hoc|Any CPU.ActiveCfg = Ad-Hoc|iPhone
		{D7C03032-2179-430E-B63E-B649CE4EAFAE}.Ad-Hoc|ARM.ActiveCfg = Ad-Hoc|iPhone
		{D7C03032-2179-430E-B63E-B649CE4EAFAE}.Ad-Hoc|iPhone.ActiveCfg = Ad-Hoc|iPhone
		{D7C03032-2179-430E-B63E-B649CE4EAFAE}.Ad-Hoc|iPhone.Build.0 = Ad-Hoc|iPhone
		{D7C03032-2179-430E-B63E-B649CE4EAFAE}.Ad-Hoc|iPhoneSimulator.ActiveCfg = Ad-Hoc|iPhoneSimulator
		{D7C03032-2179-430E-B63E-B649CE4EAFAE}.Ad-Hoc|iPhoneSimulator.Build.0 = Ad-Hoc|iPhoneSimulator
		{D7C03032-2179-430E-B63E-B649CE4EAFAE}.Ad-Hoc|x64.ActiveCfg = Ad-Hoc|iPhone
		{D7C03032-2179-430E-B63E-B649CE4EAFAE}.Ad-Hoc|x86.ActiveCfg = Ad-Hoc|iPhone
		{D7C03032-2179-430E-B63E-B649CE4EAFAE}.AppStore|Any CPU.ActiveCfg = AppStore|iPhone
		{D7C03032-2179-430E-B63E-B649CE4EAFAE}.AppStore|ARM.ActiveCfg = AppStore|iPhone
		{D7C03032-2179-430E-B63E-B649CE4EAFAE}.AppStore|iPhone.ActiveCfg = AppStore|iPhone
		{D7C03032-2179-430E-B63E-B649CE4EAFAE}.AppStore|iPhone.Build.0 = AppStore|iPhone
		{D7C03032-2179-430E-B63E-B649CE4EAFAE}.AppStore|iPhoneSimulator.ActiveCfg = AppStore|iPhoneSimulator
		{D7C03032-2179-430E-B63E-B649CE4EAFAE}.AppStore|iPhoneSimulator.Build.0 = AppStore|iPhoneSimulator
		{D7C03032-2179-430E-B63E-B649CE4EAFAE}.AppStore|x64.ActiveCfg = AppStore|iPhone
		{D7C03032-2179-430E-B63E-B649CE4EAFAE}.AppStore|x86.ActiveCfg = AppStore|iPhone
		{D7C03032-2179-430E-B63E-B649CE4EAFAE}.Debug|Any CPU.ActiveCfg = Debug|iPhone
		{D7C03032-2179-430E-B63E-B649CE4EAFAE}.Debug|ARM.ActiveCfg = Debug|iPhone
		{D7C03032-2179-430E-B63E-B649CE4EAFAE}.Debug|iPhone.ActiveCfg = Debug|iPhone
		{D7C03032-2179-430E-B63E-B649CE4EAFAE}.Debug|iPhone.Build.0 = Debug|iPhone
		{D7C03032-2179-430E-B63E-B649CE4EAFAE}.Debug|iPhoneSimulator.ActiveCfg = Debug|iPhoneSimulator
		{D7C03032-2179-430E-B63E-B649CE4EAFAE}.Debug|iPhoneSimulator.Build.0 = Debug|iPhoneSimulator
		{D7C03032-2179-430E-B63E-B649CE4EAFAE}.Debug|x64.ActiveCfg = Debug|iPhone
		{D7C03032-2179-430E-B63E-B649CE4EAFAE}.Debug|x86.ActiveCfg = Debug|iPhone
		{D7C03032-2179-430E-B63E-B649CE4EAFAE}.Release|Any CPU.ActiveCfg = Release|iPhone
		{D7C03032-2179-430E-B63E-B649CE4EAFAE}.Release|ARM.ActiveCfg = Release|iPhone
		{D7C03032-2179-430E-B63E-B649CE4EAFAE}.Release|iPhone.ActiveCfg = Release|iPhone
		{D7C03032-2179-430E-B63E-B649CE4EAFAE}.Release|iPhone.Build.0 = Release|iPhone
		{D7C03032-2179-430E-B63E-B649CE4EAFAE}.Release|iPhoneSimulator.ActiveCfg = Release|iPhoneSimulator
		{D7C03032-2179-430E-B63E-B649CE4EAFAE}.Release|iPhoneSimulator.Build.0 = Release|iPhoneSimulator
		{D7C03032-2179-430E-B63E-B649CE4EAFAE}.Release|x64.ActiveCfg = Release|iPhone
		{D7C03032-2179-430E-B63E-B649CE4EAFAE}.Release|x86.ActiveCfg = Release|iPhone
	EndGlobalSection
	GlobalSection(SolutionProperties) = preSolution
		HideSolutionNode = FALSE
	EndGlobalSection
	GlobalSection(ExtensibilityGlobals) = postSolution
		SolutionGuid = {1952808C-E9FB-419B-B16F-B5F60E544DBB}
	EndGlobalSection
EndGlobal
