
Microsoft Visual Studio Solution File, Format Version 12.00
# Visual Studio 14
VisualStudioVersion = 14.0.25420.1
MinimumVisualStudioVersion = 10.0.40219.1
Project("{FAE04EC0-301F-11D3-BF4B-00C04F79EFBC}") = "XFWrapLayout", "XFWrapLayout\XFWrapLayout\XFWrapLayout.csproj", "{BBCE2022-B6BA-4267-91B1-EF9503C6EEFA}"
EndProject
Project("{FAE04EC0-301F-11D3-BF4B-00C04F79EFBC}") = "XFWrapLayout.Droid", "XFWrapLayout\XFWrapLayout.Droid\XFWrapLayout.Droid.csproj", "{D65286C7-E67B-4AB4-BDDE-DED1D365FE8D}"
EndProject
Project("{FAE04EC0-301F-11D3-BF4B-00C04F79EFBC}") = "XFWrapLayout.iOS", "XFWrapLayout\XFWrapLayout.iOS\XFWrapLayout.iOS.csproj", "{8025679A-803E-4274-BFCD-95572E583498}"
EndProject
Global
	GlobalSection(SolutionConfigurationPlatforms) = preSolution
		Ad-Hoc|Any CPU = Ad-Hoc|Any CPU
		Ad-Hoc|iPhone = Ad-Hoc|iPhone
		Ad-Hoc|iPhoneSimulator = Ad-Hoc|iPhoneSimulator
		AppStore|Any CPU = AppStore|Any CPU
		AppStore|iPhone = AppStore|iPhone
		AppStore|iPhoneSimulator = AppStore|iPhoneSimulator
		Debug|Any CPU = Debug|Any CPU
		Debug|iPhone = Debug|iPhone
		Debug|iPhoneSimulator = Debug|iPhoneSimulator
		Release|Any CPU = Release|Any CPU
		Release|iPhone = Release|iPhone
		Release|iPhoneSimulator = Release|iPhoneSimulator
	EndGlobalSection
	GlobalSection(ProjectConfigurationPlatforms) = postSolution
		{BBCE2022-B6BA-4267-91B1-EF9503C6EEFA}.Ad-Hoc|Any CPU.ActiveCfg = Release|Any CPU
		{BBCE2022-B6BA-4267-91B1-EF9503C6EEFA}.Ad-Hoc|Any CPU.Build.0 = Release|Any CPU
		{BBCE2022-B6BA-4267-91B1-EF9503C6EEFA}.Ad-Hoc|iPhone.ActiveCfg = Release|Any CPU
		{BBCE2022-B6BA-4267-91B1-EF9503C6EEFA}.Ad-Hoc|iPhone.Build.0 = Release|Any CPU
		{BBCE2022-B6BA-4267-91B1-EF9503C6EEFA}.Ad-Hoc|iPhoneSimulator.ActiveCfg = Release|Any CPU
		{BBCE2022-B6BA-4267-91B1-EF9503C6EEFA}.Ad-Hoc|iPhoneSimulator.Build.0 = Release|Any CPU
		{BBCE2022-B6BA-4267-91B1-EF9503C6EEFA}.AppStore|Any CPU.ActiveCfg = Release|Any CPU
		{BBCE2022-B6BA-4267-91B1-EF9503C6EEFA}.AppStore|Any CPU.Build.0 = Release|Any CPU
		{BBCE2022-B6BA-4267-91B1-EF9503C6EEFA}.AppStore|iPhone.ActiveCfg = Release|Any CPU
		{BBCE2022-B6BA-4267-91B1-EF9503C6EEFA}.AppStore|iPhone.Build.0 = Release|Any CPU
		{BBCE2022-B6BA-4267-91B1-EF9503C6EEFA}.AppStore|iPhoneSimulator.ActiveCfg = Release|Any CPU
		{BBCE2022-B6BA-4267-91B1-EF9503C6EEFA}.AppStore|iPhoneSimulator.Build.0 = Release|Any CPU
		{BBCE2022-B6BA-4267-91B1-EF9503C6EEFA}.Debug|Any CPU.ActiveCfg = Debug|Any CPU
		{BBCE2022-B6BA-4267-91B1-EF9503C6EEFA}.Debug|Any CPU.Build.0 = Debug|Any CPU
		{BBCE2022-B6BA-4267-91B1-EF9503C6EEFA}.Debug|iPhone.ActiveCfg = Debug|Any CPU
		{BBCE2022-B6BA-4267-91B1-EF9503C6EEFA}.Debug|iPhone.Build.0 = Debug|Any CPU
		{BBCE2022-B6BA-4267-91B1-EF9503C6EEFA}.Debug|iPhoneSimulator.ActiveCfg = Debug|Any CPU
		{BBCE2022-B6BA-4267-91B1-EF9503C6EEFA}.Debug|iPhoneSimulator.Build.0 = Debug|Any CPU
		{BBCE2022-B6BA-4267-91B1-EF9503C6EEFA}.Release|Any CPU.ActiveCfg = Release|Any CPU
		{BBCE2022-B6BA-4267-91B1-EF9503C6EEFA}.Release|Any CPU.Build.0 = Release|Any CPU
		{BBCE2022-B6BA-4267-91B1-EF9503C6EEFA}.Release|iPhone.ActiveCfg = Release|Any CPU
		{BBCE2022-B6BA-4267-91B1-EF9503C6EEFA}.Release|iPhone.Build.0 = Release|Any CPU
		{BBCE2022-B6BA-4267-91B1-EF9503C6EEFA}.Release|iPhoneSimulator.ActiveCfg = Release|Any CPU
		{BBCE2022-B6BA-4267-91B1-EF9503C6EEFA}.Release|iPhoneSimulator.Build.0 = Release|Any CPU
		{D65286C7-E67B-4AB4-BDDE-DED1D365FE8D}.Ad-Hoc|Any CPU.ActiveCfg = Release|Any CPU
		{D65286C7-E67B-4AB4-BDDE-DED1D365FE8D}.Ad-Hoc|Any CPU.Build.0 = Release|Any CPU
		{D65286C7-E67B-4AB4-BDDE-DED1D365FE8D}.Ad-Hoc|Any CPU.Deploy.0 = Release|Any CPU
		{D65286C7-E67B-4AB4-BDDE-DED1D365FE8D}.Ad-Hoc|iPhone.ActiveCfg = Release|Any CPU
		{D65286C7-E67B-4AB4-BDDE-DED1D365FE8D}.Ad-Hoc|iPhone.Build.0 = Release|Any CPU
		{D65286C7-E67B-4AB4-BDDE-DED1D365FE8D}.Ad-Hoc|iPhone.Deploy.0 = Release|Any CPU
		{D65286C7-E67B-4AB4-BDDE-DED1D365FE8D}.Ad-Hoc|iPhoneSimulator.ActiveCfg = Release|Any CPU
		{D65286C7-E67B-4AB4-BDDE-DED1D365FE8D}.Ad-Hoc|iPhoneSimulator.Build.0 = Release|Any CPU
		{D65286C7-E67B-4AB4-BDDE-DED1D365FE8D}.Ad-Hoc|iPhoneSimulator.Deploy.0 = Release|Any CPU
		{D65286C7-E67B-4AB4-BDDE-DED1D365FE8D}.AppStore|Any CPU.ActiveCfg = Release|Any CPU
		{D65286C7-E67B-4AB4-BDDE-DED1D365FE8D}.AppStore|Any CPU.Build.0 = Release|Any CPU
		{D65286C7-E67B-4AB4-BDDE-DED1D365FE8D}.AppStore|Any CPU.Deploy.0 = Release|Any CPU
		{D65286C7-E67B-4AB4-BDDE-DED1D365FE8D}.AppStore|iPhone.ActiveCfg = Release|Any CPU
		{D65286C7-E67B-4AB4-BDDE-DED1D365FE8D}.AppStore|iPhone.Build.0 = Release|Any CPU
		{D65286C7-E67B-4AB4-BDDE-DED1D365FE8D}.AppStore|iPhone.Deploy.0 = Release|Any CPU
		{D65286C7-E67B-4AB4-BDDE-DED1D365FE8D}.AppStore|iPhoneSimulator.ActiveCfg = Release|Any CPU
		{D65286C7-E67B-4AB4-BDDE-DED1D365FE8D}.AppStore|iPhoneSimulator.Build.0 = Release|Any CPU
		{D65286C7-E67B-4AB4-BDDE-DED1D365FE8D}.AppStore|iPhoneSimulator.Deploy.0 = Release|Any CPU
		{D65286C7-E67B-4AB4-BDDE-DED1D365FE8D}.Debug|Any CPU.ActiveCfg = Debug|Any CPU
		{D65286C7-E67B-4AB4-BDDE-DED1D365FE8D}.Debug|Any CPU.Build.0 = Debug|Any CPU
		{D65286C7-E67B-4AB4-BDDE-DED1D365FE8D}.Debug|Any CPU.Deploy.0 = Debug|Any CPU
		{D65286C7-E67B-4AB4-BDDE-DED1D365FE8D}.Debug|iPhone.ActiveCfg = Debug|Any CPU
		{D65286C7-E67B-4AB4-BDDE-DED1D365FE8D}.Debug|iPhone.Build.0 = Debug|Any CPU
		{D65286C7-E67B-4AB4-BDDE-DED1D365FE8D}.Debug|iPhone.Deploy.0 = Debug|Any CPU
		{D65286C7-E67B-4AB4-BDDE-DED1D365FE8D}.Debug|iPhoneSimulator.ActiveCfg = Debug|Any CPU
		{D65286C7-E67B-4AB4-BDDE-DED1D365FE8D}.Debug|iPhoneSimulator.Build.0 = Debug|Any CPU
		{D65286C7-E67B-4AB4-BDDE-DED1D365FE8D}.Debug|iPhoneSimulator.Deploy.0 = Debug|Any CPU
		{D65286C7-E67B-4AB4-BDDE-DED1D365FE8D}.Release|Any CPU.ActiveCfg = Release|Any CPU
		{D65286C7-E67B-4AB4-BDDE-DED1D365FE8D}.Release|Any CPU.Build.0 = Release|Any CPU
		{D65286C7-E67B-4AB4-BDDE-DED1D365FE8D}.Release|Any CPU.Deploy.0 = Release|Any CPU
		{D65286C7-E67B-4AB4-BDDE-DED1D365FE8D}.Release|iPhone.ActiveCfg = Release|Any CPU
		{D65286C7-E67B-4AB4-BDDE-DED1D365FE8D}.Release|iPhone.Build.0 = Release|Any CPU
		{D65286C7-E67B-4AB4-BDDE-DED1D365FE8D}.Release|iPhone.Deploy.0 = Release|Any CPU
		{D65286C7-E67B-4AB4-BDDE-DED1D365FE8D}.Release|iPhoneSimulator.ActiveCfg = Release|Any CPU
		{D65286C7-E67B-4AB4-BDDE-DED1D365FE8D}.Release|iPhoneSimulator.Build.0 = Release|Any CPU
		{D65286C7-E67B-4AB4-BDDE-DED1D365FE8D}.Release|iPhoneSimulator.Deploy.0 = Release|Any CPU
		{8025679A-803E-4274-BFCD-95572E583498}.Ad-Hoc|Any CPU.ActiveCfg = Ad-Hoc|iPhone
		{8025679A-803E-4274-BFCD-95572E583498}.Ad-Hoc|iPhone.ActiveCfg = Ad-Hoc|iPhone
		{8025679A-803E-4274-BFCD-95572E583498}.Ad-Hoc|iPhone.Build.0 = Ad-Hoc|iPhone
		{8025679A-803E-4274-BFCD-95572E583498}.Ad-Hoc|iPhoneSimulator.ActiveCfg = Ad-Hoc|iPhoneSimulator
		{8025679A-803E-4274-BFCD-95572E583498}.Ad-Hoc|iPhoneSimulator.Build.0 = Ad-Hoc|iPhoneSimulator
		{8025679A-803E-4274-BFCD-95572E583498}.AppStore|Any CPU.ActiveCfg = AppStore|iPhone
		{8025679A-803E-4274-BFCD-95572E583498}.AppStore|iPhone.ActiveCfg = AppStore|iPhone
		{8025679A-803E-4274-BFCD-95572E583498}.AppStore|iPhone.Build.0 = AppStore|iPhone
		{8025679A-803E-4274-BFCD-95572E583498}.AppStore|iPhoneSimulator.ActiveCfg = AppStore|iPhoneSimulator
		{8025679A-803E-4274-BFCD-95572E583498}.AppStore|iPhoneSimulator.Build.0 = AppStore|iPhoneSimulator
		{8025679A-803E-4274-BFCD-95572E583498}.Debug|Any CPU.ActiveCfg = Debug|iPhone
		{8025679A-803E-4274-BFCD-95572E583498}.Debug|iPhone.ActiveCfg = Debug|iPhone
		{8025679A-803E-4274-BFCD-95572E583498}.Debug|iPhone.Build.0 = Debug|iPhone
		{8025679A-803E-4274-BFCD-95572E583498}.Debug|iPhoneSimulator.ActiveCfg = Debug|iPhoneSimulator
		{8025679A-803E-4274-BFCD-95572E583498}.Debug|iPhoneSimulator.Build.0 = Debug|iPhoneSimulator
		{8025679A-803E-4274-BFCD-95572E583498}.Release|Any CPU.ActiveCfg = Release|iPhone
		{8025679A-803E-4274-BFCD-95572E583498}.Release|iPhone.ActiveCfg = Release|iPhone
		{8025679A-803E-4274-BFCD-95572E583498}.Release|iPhone.Build.0 = Release|iPhone
		{8025679A-803E-4274-BFCD-95572E583498}.Release|iPhoneSimulator.ActiveCfg = Release|iPhoneSimulator
		{8025679A-803E-4274-BFCD-95572E583498}.Release|iPhoneSimulator.Build.0 = Release|iPhoneSimulator
	EndGlobalSection
	GlobalSection(SolutionProperties) = preSolution
		HideSolutionNode = FALSE
	EndGlobalSection
EndGlobal
