
Microsoft Visual Studio Solution File, Format Version 12.00
# Visual Studio 15
VisualStudioVersion = 15.0.26430.14
MinimumVisualStudioVersion = 10.0.40219.1
Project("{FAE04EC0-301F-11D3-BF4B-00C04F79EFBC}") = "XFImgCrop", "XFImgCrop\XFImgCrop\XFImgCrop.csproj", "{67168416-AFB7-4D9F-B187-7B96023A5466}"
EndProject
Project("{FAE04EC0-301F-11D3-BF4B-00C04F79EFBC}") = "XFImgCrop.Droid", "XFImgCrop\XFImgCrop.Droid\XFImgCrop.Droid.csproj", "{92CA7A39-ECBF-4E54-BFC3-9347D6FDF768}"
EndProject
Project("{FAE04EC0-301F-11D3-BF4B-00C04F79EFBC}") = "XFImgCrop.iOS", "XFImgCrop\XFImgCrop.iOS\XFImgCrop.iOS.csproj", "{69330E1E-BD96-4679-9EB5-2A22105BCD4E}"
EndProject
Global
	GlobalSection(SolutionConfigurationPlatforms) = preSolution
		Ad-Hoc|Any CPU = Ad-Hoc|Any CPU
		Ad-Hoc|iPhone = Ad-Hoc|iPhone
		Ad-Hoc|iPhoneSimulator = Ad-Hoc|iPhoneSimulator
		AppStore|Any CPU = AppStore|Any CPU
		AppStore|iPhone = AppStore|iPhone
		AppStore|iPhoneSimulator = AppStore|iPhoneSimulator
		Debug|Any CPU = Debug|Any CPU
		Debug|iPhone = Debug|iPhone
		Debug|iPhoneSimulator = Debug|iPhoneSimulator
		Release|Any CPU = Release|Any CPU
		Release|iPhone = Release|iPhone
		Release|iPhoneSimulator = Release|iPhoneSimulator
	EndGlobalSection
	GlobalSection(ProjectConfigurationPlatforms) = postSolution
		{67168416-AFB7-4D9F-B187-7B96023A5466}.Ad-Hoc|Any CPU.ActiveCfg = Release|Any CPU
		{67168416-AFB7-4D9F-B187-7B96023A5466}.Ad-Hoc|Any CPU.Build.0 = Release|Any CPU
		{67168416-AFB7-4D9F-B187-7B96023A5466}.Ad-Hoc|iPhone.ActiveCfg = Release|Any CPU
		{67168416-AFB7-4D9F-B187-7B96023A5466}.Ad-Hoc|iPhone.Build.0 = Release|Any CPU
		{67168416-AFB7-4D9F-B187-7B96023A5466}.Ad-Hoc|iPhoneSimulator.ActiveCfg = Release|Any CPU
		{67168416-AFB7-4D9F-B187-7B96023A5466}.Ad-Hoc|iPhoneSimulator.Build.0 = Release|Any CPU
		{67168416-AFB7-4D9F-B187-7B96023A5466}.AppStore|Any CPU.ActiveCfg = Release|Any CPU
		{67168416-AFB7-4D9F-B187-7B96023A5466}.AppStore|Any CPU.Build.0 = Release|Any CPU
		{67168416-AFB7-4D9F-B187-7B96023A5466}.AppStore|iPhone.ActiveCfg = Release|Any CPU
		{67168416-AFB7-4D9F-B187-7B96023A5466}.AppStore|iPhone.Build.0 = Release|Any CPU
		{67168416-AFB7-4D9F-B187-7B96023A5466}.AppStore|iPhoneSimulator.ActiveCfg = Release|Any CPU
		{67168416-AFB7-4D9F-B187-7B96023A5466}.AppStore|iPhoneSimulator.Build.0 = Release|Any CPU
		{67168416-AFB7-4D9F-B187-7B96023A5466}.Debug|Any CPU.ActiveCfg = Debug|Any CPU
		{67168416-AFB7-4D9F-B187-7B96023A5466}.Debug|Any CPU.Build.0 = Debug|Any CPU
		{67168416-AFB7-4D9F-B187-7B96023A5466}.Debug|iPhone.ActiveCfg = Debug|Any CPU
		{67168416-AFB7-4D9F-B187-7B96023A5466}.Debug|iPhone.Build.0 = Debug|Any CPU
		{67168416-AFB7-4D9F-B187-7B96023A5466}.Debug|iPhoneSimulator.ActiveCfg = Debug|Any CPU
		{67168416-AFB7-4D9F-B187-7B96023A5466}.Debug|iPhoneSimulator.Build.0 = Debug|Any CPU
		{67168416-AFB7-4D9F-B187-7B96023A5466}.Release|Any CPU.ActiveCfg = Release|Any CPU
		{67168416-AFB7-4D9F-B187-7B96023A5466}.Release|Any CPU.Build.0 = Release|Any CPU
		{67168416-AFB7-4D9F-B187-7B96023A5466}.Release|iPhone.ActiveCfg = Release|Any CPU
		{67168416-AFB7-4D9F-B187-7B96023A5466}.Release|iPhone.Build.0 = Release|Any CPU
		{67168416-AFB7-4D9F-B187-7B96023A5466}.Release|iPhoneSimulator.ActiveCfg = Release|Any CPU
		{67168416-AFB7-4D9F-B187-7B96023A5466}.Release|iPhoneSimulator.Build.0 = Release|Any CPU
		{92CA7A39-ECBF-4E54-BFC3-9347D6FDF768}.Ad-Hoc|Any CPU.ActiveCfg = Release|Any CPU
		{92CA7A39-ECBF-4E54-BFC3-9347D6FDF768}.Ad-Hoc|Any CPU.Build.0 = Release|Any CPU
		{92CA7A39-ECBF-4E54-BFC3-9347D6FDF768}.Ad-Hoc|Any CPU.Deploy.0 = Release|Any CPU
		{92CA7A39-ECBF-4E54-BFC3-9347D6FDF768}.Ad-Hoc|iPhone.ActiveCfg = Release|Any CPU
		{92CA7A39-ECBF-4E54-BFC3-9347D6FDF768}.Ad-Hoc|iPhone.Build.0 = Release|Any CPU
		{92CA7A39-ECBF-4E54-BFC3-9347D6FDF768}.Ad-Hoc|iPhone.Deploy.0 = Release|Any CPU
		{92CA7A39-ECBF-4E54-BFC3-9347D6FDF768}.Ad-Hoc|iPhoneSimulator.ActiveCfg = Release|Any CPU
		{92CA7A39-ECBF-4E54-BFC3-9347D6FDF768}.Ad-Hoc|iPhoneSimulator.Build.0 = Release|Any CPU
		{92CA7A39-ECBF-4E54-BFC3-9347D6FDF768}.Ad-Hoc|iPhoneSimulator.Deploy.0 = Release|Any CPU
		{92CA7A39-ECBF-4E54-BFC3-9347D6FDF768}.AppStore|Any CPU.ActiveCfg = Release|Any CPU
		{92CA7A39-ECBF-4E54-BFC3-9347D6FDF768}.AppStore|Any CPU.Build.0 = Release|Any CPU
		{92CA7A39-ECBF-4E54-BFC3-9347D6FDF768}.AppStore|Any CPU.Deploy.0 = Release|Any CPU
		{92CA7A39-ECBF-4E54-BFC3-9347D6FDF768}.AppStore|iPhone.ActiveCfg = Release|Any CPU
		{92CA7A39-ECBF-4E54-BFC3-9347D6FDF768}.AppStore|iPhone.Build.0 = Release|Any CPU
		{92CA7A39-ECBF-4E54-BFC3-9347D6FDF768}.AppStore|iPhone.Deploy.0 = Release|Any CPU
		{92CA7A39-ECBF-4E54-BFC3-9347D6FDF768}.AppStore|iPhoneSimulator.ActiveCfg = Release|Any CPU
		{92CA7A39-ECBF-4E54-BFC3-9347D6FDF768}.AppStore|iPhoneSimulator.Build.0 = Release|Any CPU
		{92CA7A39-ECBF-4E54-BFC3-9347D6FDF768}.AppStore|iPhoneSimulator.Deploy.0 = Release|Any CPU
		{92CA7A39-ECBF-4E54-BFC3-9347D6FDF768}.Debug|Any CPU.ActiveCfg = Debug|Any CPU
		{92CA7A39-ECBF-4E54-BFC3-9347D6FDF768}.Debug|Any CPU.Build.0 = Debug|Any CPU
		{92CA7A39-ECBF-4E54-BFC3-9347D6FDF768}.Debug|Any CPU.Deploy.0 = Debug|Any CPU
		{92CA7A39-ECBF-4E54-BFC3-9347D6FDF768}.Debug|iPhone.ActiveCfg = Debug|Any CPU
		{92CA7A39-ECBF-4E54-BFC3-9347D6FDF768}.Debug|iPhone.Build.0 = Debug|Any CPU
		{92CA7A39-ECBF-4E54-BFC3-9347D6FDF768}.Debug|iPhone.Deploy.0 = Debug|Any CPU
		{92CA7A39-ECBF-4E54-BFC3-9347D6FDF768}.Debug|iPhoneSimulator.ActiveCfg = Debug|Any CPU
		{92CA7A39-ECBF-4E54-BFC3-9347D6FDF768}.Debug|iPhoneSimulator.Build.0 = Debug|Any CPU
		{92CA7A39-ECBF-4E54-BFC3-9347D6FDF768}.Debug|iPhoneSimulator.Deploy.0 = Debug|Any CPU
		{92CA7A39-ECBF-4E54-BFC3-9347D6FDF768}.Release|Any CPU.ActiveCfg = Release|Any CPU
		{92CA7A39-ECBF-4E54-BFC3-9347D6FDF768}.Release|Any CPU.Build.0 = Release|Any CPU
		{92CA7A39-ECBF-4E54-BFC3-9347D6FDF768}.Release|Any CPU.Deploy.0 = Release|Any CPU
		{92CA7A39-ECBF-4E54-BFC3-9347D6FDF768}.Release|iPhone.ActiveCfg = Release|Any CPU
		{92CA7A39-ECBF-4E54-BFC3-9347D6FDF768}.Release|iPhone.Build.0 = Release|Any CPU
		{92CA7A39-ECBF-4E54-BFC3-9347D6FDF768}.Release|iPhone.Deploy.0 = Release|Any CPU
		{92CA7A39-ECBF-4E54-BFC3-9347D6FDF768}.Release|iPhoneSimulator.ActiveCfg = Release|Any CPU
		{92CA7A39-ECBF-4E54-BFC3-9347D6FDF768}.Release|iPhoneSimulator.Build.0 = Release|Any CPU
		{92CA7A39-ECBF-4E54-BFC3-9347D6FDF768}.Release|iPhoneSimulator.Deploy.0 = Release|Any CPU
		{69330E1E-BD96-4679-9EB5-2A22105BCD4E}.Ad-Hoc|Any CPU.ActiveCfg = Ad-Hoc|iPhone
		{69330E1E-BD96-4679-9EB5-2A22105BCD4E}.Ad-Hoc|iPhone.ActiveCfg = Ad-Hoc|iPhone
		{69330E1E-BD96-4679-9EB5-2A22105BCD4E}.Ad-Hoc|iPhone.Build.0 = Ad-Hoc|iPhone
		{69330E1E-BD96-4679-9EB5-2A22105BCD4E}.Ad-Hoc|iPhoneSimulator.ActiveCfg = Ad-Hoc|iPhoneSimulator
		{69330E1E-BD96-4679-9EB5-2A22105BCD4E}.Ad-Hoc|iPhoneSimulator.Build.0 = Ad-Hoc|iPhoneSimulator
		{69330E1E-BD96-4679-9EB5-2A22105BCD4E}.AppStore|Any CPU.ActiveCfg = AppStore|iPhone
		{69330E1E-BD96-4679-9EB5-2A22105BCD4E}.AppStore|iPhone.ActiveCfg = AppStore|iPhone
		{69330E1E-BD96-4679-9EB5-2A22105BCD4E}.AppStore|iPhone.Build.0 = AppStore|iPhone
		{69330E1E-BD96-4679-9EB5-2A22105BCD4E}.AppStore|iPhoneSimulator.ActiveCfg = AppStore|iPhoneSimulator
		{69330E1E-BD96-4679-9EB5-2A22105BCD4E}.AppStore|iPhoneSimulator.Build.0 = AppStore|iPhoneSimulator
		{69330E1E-BD96-4679-9EB5-2A22105BCD4E}.Debug|Any CPU.ActiveCfg = Debug|iPhone
		{69330E1E-BD96-4679-9EB5-2A22105BCD4E}.Debug|iPhone.ActiveCfg = Debug|iPhone
		{69330E1E-BD96-4679-9EB5-2A22105BCD4E}.Debug|iPhone.Build.0 = Debug|iPhone
		{69330E1E-BD96-4679-9EB5-2A22105BCD4E}.Debug|iPhoneSimulator.ActiveCfg = Debug|iPhoneSimulator
		{69330E1E-BD96-4679-9EB5-2A22105BCD4E}.Debug|iPhoneSimulator.Build.0 = Debug|iPhoneSimulator
		{69330E1E-BD96-4679-9EB5-2A22105BCD4E}.Release|Any CPU.ActiveCfg = Release|iPhone
		{69330E1E-BD96-4679-9EB5-2A22105BCD4E}.Release|iPhone.ActiveCfg = Release|iPhone
		{69330E1E-BD96-4679-9EB5-2A22105BCD4E}.Release|iPhone.Build.0 = Release|iPhone
		{69330E1E-BD96-4679-9EB5-2A22105BCD4E}.Release|iPhoneSimulator.ActiveCfg = Release|iPhoneSimulator
		{69330E1E-BD96-4679-9EB5-2A22105BCD4E}.Release|iPhoneSimulator.Build.0 = Release|iPhoneSimulator
	EndGlobalSection
	GlobalSection(SolutionProperties) = preSolution
		HideSolutionNode = FALSE
	EndGlobalSection
EndGlobal
