
Microsoft Visual Studio Solution File, Format Version 12.00
# Visual Studio 14
VisualStudioVersion = 14.0.25420.1
MinimumVisualStudioVersion = 10.0.40219.1
Project("{FAE04EC0-301F-11D3-BF4B-00C04F79EFBC}") = "PickerLab", "PickerLab\PickerLab\PickerLab.csproj", "{AAF696D6-D517-435D-8C4C-7D249AF55E60}"
EndProject
Project("{FAE04EC0-301F-11D3-BF4B-00C04F79EFBC}") = "PickerLab.Droid", "PickerLab\PickerLab.Droid\PickerLab.Droid.csproj", "{E9A2F51E-F84D-48A4-BF12-094A66AA35E3}"
EndProject
Project("{FAE04EC0-301F-11D3-BF4B-00C04F79EFBC}") = "PickerLab.iOS", "PickerLab\PickerLab.iOS\PickerLab.iOS.csproj", "{E548B5E6-1559-4DC5-B9EB-F14665DAAAD3}"
EndProject
Project("{FAE04EC0-301F-11D3-BF4B-00C04F79EFBC}") = "PickerLab.UWP", "PickerLab\PickerLab.UWP\PickerLab.UWP.csproj", "{87325E79-078E-4A66-BAB4-C6CFC43AA36E}"
EndProject
Global
	GlobalSection(SolutionConfigurationPlatforms) = preSolution
		Ad-Hoc|Any CPU = Ad-Hoc|Any CPU
		Ad-Hoc|ARM = Ad-Hoc|ARM
		Ad-Hoc|iPhone = Ad-Hoc|iPhone
		Ad-Hoc|iPhoneSimulator = Ad-Hoc|iPhoneSimulator
		Ad-Hoc|x64 = Ad-Hoc|x64
		Ad-Hoc|x86 = Ad-Hoc|x86
		AppStore|Any CPU = AppStore|Any CPU
		AppStore|ARM = AppStore|ARM
		AppStore|iPhone = AppStore|iPhone
		AppStore|iPhoneSimulator = AppStore|iPhoneSimulator
		AppStore|x64 = AppStore|x64
		AppStore|x86 = AppStore|x86
		Debug|Any CPU = Debug|Any CPU
		Debug|ARM = Debug|ARM
		Debug|iPhone = Debug|iPhone
		Debug|iPhoneSimulator = Debug|iPhoneSimulator
		Debug|x64 = Debug|x64
		Debug|x86 = Debug|x86
		Release|Any CPU = Release|Any CPU
		Release|ARM = Release|ARM
		Release|iPhone = Release|iPhone
		Release|iPhoneSimulator = Release|iPhoneSimulator
		Release|x64 = Release|x64
		Release|x86 = Release|x86
	EndGlobalSection
	GlobalSection(ProjectConfigurationPlatforms) = postSolution
		{AAF696D6-D517-435D-8C4C-7D249AF55E60}.Ad-Hoc|Any CPU.ActiveCfg = Release|Any CPU
		{AAF696D6-D517-435D-8C4C-7D249AF55E60}.Ad-Hoc|Any CPU.Build.0 = Release|Any CPU
		{AAF696D6-D517-435D-8C4C-7D249AF55E60}.Ad-Hoc|ARM.ActiveCfg = Release|Any CPU
		{AAF696D6-D517-435D-8C4C-7D249AF55E60}.Ad-Hoc|ARM.Build.0 = Release|Any CPU
		{AAF696D6-D517-435D-8C4C-7D249AF55E60}.Ad-Hoc|iPhone.ActiveCfg = Release|Any CPU
		{AAF696D6-D517-435D-8C4C-7D249AF55E60}.Ad-Hoc|iPhone.Build.0 = Release|Any CPU
		{AAF696D6-D517-435D-8C4C-7D249AF55E60}.Ad-Hoc|iPhoneSimulator.ActiveCfg = Release|Any CPU
		{AAF696D6-D517-435D-8C4C-7D249AF55E60}.Ad-Hoc|iPhoneSimulator.Build.0 = Release|Any CPU
		{AAF696D6-D517-435D-8C4C-7D249AF55E60}.Ad-Hoc|x64.ActiveCfg = Release|Any CPU
		{AAF696D6-D517-435D-8C4C-7D249AF55E60}.Ad-Hoc|x64.Build.0 = Release|Any CPU
		{AAF696D6-D517-435D-8C4C-7D249AF55E60}.Ad-Hoc|x86.ActiveCfg = Release|Any CPU
		{AAF696D6-D517-435D-8C4C-7D249AF55E60}.Ad-Hoc|x86.Build.0 = Release|Any CPU
		{AAF696D6-D517-435D-8C4C-7D249AF55E60}.AppStore|Any CPU.ActiveCfg = Release|Any CPU
		{AAF696D6-D517-435D-8C4C-7D249AF55E60}.AppStore|Any CPU.Build.0 = Release|Any CPU
		{AAF696D6-D517-435D-8C4C-7D249AF55E60}.AppStore|ARM.ActiveCfg = Release|Any CPU
		{AAF696D6-D517-435D-8C4C-7D249AF55E60}.AppStore|ARM.Build.0 = Release|Any CPU
		{AAF696D6-D517-435D-8C4C-7D249AF55E60}.AppStore|iPhone.ActiveCfg = Release|Any CPU
		{AAF696D6-D517-435D-8C4C-7D249AF55E60}.AppStore|iPhone.Build.0 = Release|Any CPU
		{AAF696D6-D517-435D-8C4C-7D249AF55E60}.AppStore|iPhoneSimulator.ActiveCfg = Release|Any CPU
		{AAF696D6-D517-435D-8C4C-7D249AF55E60}.AppStore|iPhoneSimulator.Build.0 = Release|Any CPU
		{AAF696D6-D517-435D-8C4C-7D249AF55E60}.AppStore|x64.ActiveCfg = Release|Any CPU
		{AAF696D6-D517-435D-8C4C-7D249AF55E60}.AppStore|x64.Build.0 = Release|Any CPU
		{AAF696D6-D517-435D-8C4C-7D249AF55E60}.AppStore|x86.ActiveCfg = Release|Any CPU
		{AAF696D6-D517-435D-8C4C-7D249AF55E60}.AppStore|x86.Build.0 = Release|Any CPU
		{AAF696D6-D517-435D-8C4C-7D249AF55E60}.Debug|Any CPU.ActiveCfg = Debug|Any CPU
		{AAF696D6-D517-435D-8C4C-7D249AF55E60}.Debug|Any CPU.Build.0 = Debug|Any CPU
		{AAF696D6-D517-435D-8C4C-7D249AF55E60}.Debug|ARM.ActiveCfg = Debug|Any CPU
		{AAF696D6-D517-435D-8C4C-7D249AF55E60}.Debug|ARM.Build.0 = Debug|Any CPU
		{AAF696D6-D517-435D-8C4C-7D249AF55E60}.Debug|iPhone.ActiveCfg = Debug|Any CPU
		{AAF696D6-D517-435D-8C4C-7D249AF55E60}.Debug|iPhone.Build.0 = Debug|Any CPU
		{AAF696D6-D517-435D-8C4C-7D249AF55E60}.Debug|iPhoneSimulator.ActiveCfg = Debug|Any CPU
		{AAF696D6-D517-435D-8C4C-7D249AF55E60}.Debug|iPhoneSimulator.Build.0 = Debug|Any CPU
		{AAF696D6-D517-435D-8C4C-7D249AF55E60}.Debug|x64.ActiveCfg = Debug|Any CPU
		{AAF696D6-D517-435D-8C4C-7D249AF55E60}.Debug|x64.Build.0 = Debug|Any CPU
		{AAF696D6-D517-435D-8C4C-7D249AF55E60}.Debug|x86.ActiveCfg = Debug|Any CPU
		{AAF696D6-D517-435D-8C4C-7D249AF55E60}.Debug|x86.Build.0 = Debug|Any CPU
		{AAF696D6-D517-435D-8C4C-7D249AF55E60}.Release|Any CPU.ActiveCfg = Release|Any CPU
		{AAF696D6-D517-435D-8C4C-7D249AF55E60}.Release|Any CPU.Build.0 = Release|Any CPU
		{AAF696D6-D517-435D-8C4C-7D249AF55E60}.Release|ARM.ActiveCfg = Release|Any CPU
		{AAF696D6-D517-435D-8C4C-7D249AF55E60}.Release|ARM.Build.0 = Release|Any CPU
		{AAF696D6-D517-435D-8C4C-7D249AF55E60}.Release|iPhone.ActiveCfg = Release|Any CPU
		{AAF696D6-D517-435D-8C4C-7D249AF55E60}.Release|iPhone.Build.0 = Release|Any CPU
		{AAF696D6-D517-435D-8C4C-7D249AF55E60}.Release|iPhoneSimulator.ActiveCfg = Release|Any CPU
		{AAF696D6-D517-435D-8C4C-7D249AF55E60}.Release|iPhoneSimulator.Build.0 = Release|Any CPU
		{AAF696D6-D517-435D-8C4C-7D249AF55E60}.Release|x64.ActiveCfg = Release|Any CPU
		{AAF696D6-D517-435D-8C4C-7D249AF55E60}.Release|x64.Build.0 = Release|Any CPU
		{AAF696D6-D517-435D-8C4C-7D249AF55E60}.Release|x86.ActiveCfg = Release|Any CPU
		{AAF696D6-D517-435D-8C4C-7D249AF55E60}.Release|x86.Build.0 = Release|Any CPU
		{E9A2F51E-F84D-48A4-BF12-094A66AA35E3}.Ad-Hoc|Any CPU.ActiveCfg = Release|Any CPU
		{E9A2F51E-F84D-48A4-BF12-094A66AA35E3}.Ad-Hoc|Any CPU.Build.0 = Release|Any CPU
		{E9A2F51E-F84D-48A4-BF12-094A66AA35E3}.Ad-Hoc|Any CPU.Deploy.0 = Release|Any CPU
		{E9A2F51E-F84D-48A4-BF12-094A66AA35E3}.Ad-Hoc|ARM.ActiveCfg = Release|Any CPU
		{E9A2F51E-F84D-48A4-BF12-094A66AA35E3}.Ad-Hoc|ARM.Build.0 = Release|Any CPU
		{E9A2F51E-F84D-48A4-BF12-094A66AA35E3}.Ad-Hoc|ARM.Deploy.0 = Release|Any CPU
		{E9A2F51E-F84D-48A4-BF12-094A66AA35E3}.Ad-Hoc|iPhone.ActiveCfg = Release|Any CPU
		{E9A2F51E-F84D-48A4-BF12-094A66AA35E3}.Ad-Hoc|iPhone.Build.0 = Release|Any CPU
		{E9A2F51E-F84D-48A4-BF12-094A66AA35E3}.Ad-Hoc|iPhone.Deploy.0 = Release|Any CPU
		{E9A2F51E-F84D-48A4-BF12-094A66AA35E3}.Ad-Hoc|iPhoneSimulator.ActiveCfg = Release|Any CPU
		{E9A2F51E-F84D-48A4-BF12-094A66AA35E3}.Ad-Hoc|iPhoneSimulator.Build.0 = Release|Any CPU
		{E9A2F51E-F84D-48A4-BF12-094A66AA35E3}.Ad-Hoc|iPhoneSimulator.Deploy.0 = Release|Any CPU
		{E9A2F51E-F84D-48A4-BF12-094A66AA35E3}.Ad-Hoc|x64.ActiveCfg = Release|Any CPU
		{E9A2F51E-F84D-48A4-BF12-094A66AA35E3}.Ad-Hoc|x64.Build.0 = Release|Any CPU
		{E9A2F51E-F84D-48A4-BF12-094A66AA35E3}.Ad-Hoc|x64.Deploy.0 = Release|Any CPU
		{E9A2F51E-F84D-48A4-BF12-094A66AA35E3}.Ad-Hoc|x86.ActiveCfg = Release|Any CPU
		{E9A2F51E-F84D-48A4-BF12-094A66AA35E3}.Ad-Hoc|x86.Build.0 = Release|Any CPU
		{E9A2F51E-F84D-48A4-BF12-094A66AA35E3}.Ad-Hoc|x86.Deploy.0 = Release|Any CPU
		{E9A2F51E-F84D-48A4-BF12-094A66AA35E3}.AppStore|Any CPU.ActiveCfg = Release|Any CPU
		{E9A2F51E-F84D-48A4-BF12-094A66AA35E3}.AppStore|Any CPU.Build.0 = Release|Any CPU
		{E9A2F51E-F84D-48A4-BF12-094A66AA35E3}.AppStore|Any CPU.Deploy.0 = Release|Any CPU
		{E9A2F51E-F84D-48A4-BF12-094A66AA35E3}.AppStore|ARM.ActiveCfg = Release|Any CPU
		{E9A2F51E-F84D-48A4-BF12-094A66AA35E3}.AppStore|ARM.Build.0 = Release|Any CPU
		{E9A2F51E-F84D-48A4-BF12-094A66AA35E3}.AppStore|ARM.Deploy.0 = Release|Any CPU
		{E9A2F51E-F84D-48A4-BF12-094A66AA35E3}.AppStore|iPhone.ActiveCfg = Release|Any CPU
		{E9A2F51E-F84D-48A4-BF12-094A66AA35E3}.AppStore|iPhone.Build.0 = Release|Any CPU
		{E9A2F51E-F84D-48A4-BF12-094A66AA35E3}.AppStore|iPhone.Deploy.0 = Release|Any CPU
		{E9A2F51E-F84D-48A4-BF12-094A66AA35E3}.AppStore|iPhoneSimulator.ActiveCfg = Release|Any CPU
		{E9A2F51E-F84D-48A4-BF12-094A66AA35E3}.AppStore|iPhoneSimulator.Build.0 = Release|Any CPU
		{E9A2F51E-F84D-48A4-BF12-094A66AA35E3}.AppStore|iPhoneSimulator.Deploy.0 = Release|Any CPU
		{E9A2F51E-F84D-48A4-BF12-094A66AA35E3}.AppStore|x64.ActiveCfg = Release|Any CPU
		{E9A2F51E-F84D-48A4-BF12-094A66AA35E3}.AppStore|x64.Build.0 = Release|Any CPU
		{E9A2F51E-F84D-48A4-BF12-094A66AA35E3}.AppStore|x64.Deploy.0 = Release|Any CPU
		{E9A2F51E-F84D-48A4-BF12-094A66AA35E3}.AppStore|x86.ActiveCfg = Release|Any CPU
		{E9A2F51E-F84D-48A4-BF12-094A66AA35E3}.AppStore|x86.Build.0 = Release|Any CPU
		{E9A2F51E-F84D-48A4-BF12-094A66AA35E3}.AppStore|x86.Deploy.0 = Release|Any CPU
		{E9A2F51E-F84D-48A4-BF12-094A66AA35E3}.Debug|Any CPU.ActiveCfg = Debug|Any CPU
		{E9A2F51E-F84D-48A4-BF12-094A66AA35E3}.Debug|Any CPU.Build.0 = Debug|Any CPU
		{E9A2F51E-F84D-48A4-BF12-094A66AA35E3}.Debug|Any CPU.Deploy.0 = Debug|Any CPU
		{E9A2F51E-F84D-48A4-BF12-094A66AA35E3}.Debug|ARM.ActiveCfg = Debug|Any CPU
		{E9A2F51E-F84D-48A4-BF12-094A66AA35E3}.Debug|ARM.Build.0 = Debug|Any CPU
		{E9A2F51E-F84D-48A4-BF12-094A66AA35E3}.Debug|ARM.Deploy.0 = Debug|Any CPU
		{E9A2F51E-F84D-48A4-BF12-094A66AA35E3}.Debug|iPhone.ActiveCfg = Debug|Any CPU
		{E9A2F51E-F84D-48A4-BF12-094A66AA35E3}.Debug|iPhone.Build.0 = Debug|Any CPU
		{E9A2F51E-F84D-48A4-BF12-094A66AA35E3}.Debug|iPhone.Deploy.0 = Debug|Any CPU
		{E9A2F51E-F84D-48A4-BF12-094A66AA35E3}.Debug|iPhoneSimulator.ActiveCfg = Debug|Any CPU
		{E9A2F51E-F84D-48A4-BF12-094A66AA35E3}.Debug|iPhoneSimulator.Build.0 = Debug|Any CPU
		{E9A2F51E-F84D-48A4-BF12-094A66AA35E3}.Debug|iPhoneSimulator.Deploy.0 = Debug|Any CPU
		{E9A2F51E-F84D-48A4-BF12-094A66AA35E3}.Debug|x64.ActiveCfg = Debug|Any CPU
		{E9A2F51E-F84D-48A4-BF12-094A66AA35E3}.Debug|x64.Build.0 = Debug|Any CPU
		{E9A2F51E-F84D-48A4-BF12-094A66AA35E3}.Debug|x64.Deploy.0 = Debug|Any CPU
		{E9A2F51E-F84D-48A4-BF12-094A66AA35E3}.Debug|x86.ActiveCfg = Debug|Any CPU
		{E9A2F51E-F84D-48A4-BF12-094A66AA35E3}.Debug|x86.Build.0 = Debug|Any CPU
		{E9A2F51E-F84D-48A4-BF12-094A66AA35E3}.Debug|x86.Deploy.0 = Debug|Any CPU
		{E9A2F51E-F84D-48A4-BF12-094A66AA35E3}.Release|Any CPU.ActiveCfg = Release|Any CPU
		{E9A2F51E-F84D-48A4-BF12-094A66AA35E3}.Release|Any CPU.Build.0 = Release|Any CPU
		{E9A2F51E-F84D-48A4-BF12-094A66AA35E3}.Release|Any CPU.Deploy.0 = Release|Any CPU
		{E9A2F51E-F84D-48A4-BF12-094A66AA35E3}.Release|ARM.ActiveCfg = Release|Any CPU
		{E9A2F51E-F84D-48A4-BF12-094A66AA35E3}.Release|ARM.Build.0 = Release|Any CPU
		{E9A2F51E-F84D-48A4-BF12-094A66AA35E3}.Release|ARM.Deploy.0 = Release|Any CPU
		{E9A2F51E-F84D-48A4-BF12-094A66AA35E3}.Release|iPhone.ActiveCfg = Release|Any CPU
		{E9A2F51E-F84D-48A4-BF12-094A66AA35E3}.Release|iPhone.Build.0 = Release|Any CPU
		{E9A2F51E-F84D-48A4-BF12-094A66AA35E3}.Release|iPhone.Deploy.0 = Release|Any CPU
		{E9A2F51E-F84D-48A4-BF12-094A66AA35E3}.Release|iPhoneSimulator.ActiveCfg = Release|Any CPU
		{E9A2F51E-F84D-48A4-BF12-094A66AA35E3}.Release|iPhoneSimulator.Build.0 = Release|Any CPU
		{E9A2F51E-F84D-48A4-BF12-094A66AA35E3}.Release|iPhoneSimulator.Deploy.0 = Release|Any CPU
		{E9A2F51E-F84D-48A4-BF12-094A66AA35E3}.Release|x64.ActiveCfg = Release|Any CPU
		{E9A2F51E-F84D-48A4-BF12-094A66AA35E3}.Release|x64.Build.0 = Release|Any CPU
		{E9A2F51E-F84D-48A4-BF12-094A66AA35E3}.Release|x64.Deploy.0 = Release|Any CPU
		{E9A2F51E-F84D-48A4-BF12-094A66AA35E3}.Release|x86.ActiveCfg = Release|Any CPU
		{E9A2F51E-F84D-48A4-BF12-094A66AA35E3}.Release|x86.Build.0 = Release|Any CPU
		{E9A2F51E-F84D-48A4-BF12-094A66AA35E3}.Release|x86.Deploy.0 = Release|Any CPU
		{E548B5E6-1559-4DC5-B9EB-F14665DAAAD3}.Ad-Hoc|Any CPU.ActiveCfg = Ad-Hoc|iPhone
		{E548B5E6-1559-4DC5-B9EB-F14665DAAAD3}.Ad-Hoc|ARM.ActiveCfg = Ad-Hoc|iPhone
		{E548B5E6-1559-4DC5-B9EB-F14665DAAAD3}.Ad-Hoc|iPhone.ActiveCfg = Ad-Hoc|iPhone
		{E548B5E6-1559-4DC5-B9EB-F14665DAAAD3}.Ad-Hoc|iPhone.Build.0 = Ad-Hoc|iPhone
		{E548B5E6-1559-4DC5-B9EB-F14665DAAAD3}.Ad-Hoc|iPhoneSimulator.ActiveCfg = Ad-Hoc|iPhoneSimulator
		{E548B5E6-1559-4DC5-B9EB-F14665DAAAD3}.Ad-Hoc|iPhoneSimulator.Build.0 = Ad-Hoc|iPhoneSimulator
		{E548B5E6-1559-4DC5-B9EB-F14665DAAAD3}.Ad-Hoc|x64.ActiveCfg = Ad-Hoc|iPhone
		{E548B5E6-1559-4DC5-B9EB-F14665DAAAD3}.Ad-Hoc|x86.ActiveCfg = Ad-Hoc|iPhone
		{E548B5E6-1559-4DC5-B9EB-F14665DAAAD3}.AppStore|Any CPU.ActiveCfg = AppStore|iPhone
		{E548B5E6-1559-4DC5-B9EB-F14665DAAAD3}.AppStore|ARM.ActiveCfg = AppStore|iPhone
		{E548B5E6-1559-4DC5-B9EB-F14665DAAAD3}.AppStore|iPhone.ActiveCfg = AppStore|iPhone
		{E548B5E6-1559-4DC5-B9EB-F14665DAAAD3}.AppStore|iPhone.Build.0 = AppStore|iPhone
		{E548B5E6-1559-4DC5-B9EB-F14665DAAAD3}.AppStore|iPhoneSimulator.ActiveCfg = AppStore|iPhoneSimulator
		{E548B5E6-1559-4DC5-B9EB-F14665DAAAD3}.AppStore|iPhoneSimulator.Build.0 = AppStore|iPhoneSimulator
		{E548B5E6-1559-4DC5-B9EB-F14665DAAAD3}.AppStore|x64.ActiveCfg = AppStore|iPhone
		{E548B5E6-1559-4DC5-B9EB-F14665DAAAD3}.AppStore|x86.ActiveCfg = AppStore|iPhone
		{E548B5E6-1559-4DC5-B9EB-F14665DAAAD3}.Debug|Any CPU.ActiveCfg = Debug|iPhone
		{E548B5E6-1559-4DC5-B9EB-F14665DAAAD3}.Debug|ARM.ActiveCfg = Debug|iPhone
		{E548B5E6-1559-4DC5-B9EB-F14665DAAAD3}.Debug|iPhone.ActiveCfg = Debug|iPhone
		{E548B5E6-1559-4DC5-B9EB-F14665DAAAD3}.Debug|iPhone.Build.0 = Debug|iPhone
		{E548B5E6-1559-4DC5-B9EB-F14665DAAAD3}.Debug|iPhoneSimulator.ActiveCfg = Debug|iPhoneSimulator
		{E548B5E6-1559-4DC5-B9EB-F14665DAAAD3}.Debug|iPhoneSimulator.Build.0 = Debug|iPhoneSimulator
		{E548B5E6-1559-4DC5-B9EB-F14665DAAAD3}.Debug|x64.ActiveCfg = Debug|iPhone
		{E548B5E6-1559-4DC5-B9EB-F14665DAAAD3}.Debug|x86.ActiveCfg = Debug|iPhone
		{E548B5E6-1559-4DC5-B9EB-F14665DAAAD3}.Release|Any CPU.ActiveCfg = Release|iPhone
		{E548B5E6-1559-4DC5-B9EB-F14665DAAAD3}.Release|ARM.ActiveCfg = Release|iPhone
		{E548B5E6-1559-4DC5-B9EB-F14665DAAAD3}.Release|iPhone.ActiveCfg = Release|iPhone
		{E548B5E6-1559-4DC5-B9EB-F14665DAAAD3}.Release|iPhone.Build.0 = Release|iPhone
		{E548B5E6-1559-4DC5-B9EB-F14665DAAAD3}.Release|iPhoneSimulator.ActiveCfg = Release|iPhoneSimulator
		{E548B5E6-1559-4DC5-B9EB-F14665DAAAD3}.Release|iPhoneSimulator.Build.0 = Release|iPhoneSimulator
		{E548B5E6-1559-4DC5-B9EB-F14665DAAAD3}.Release|x64.ActiveCfg = Release|iPhone
		{E548B5E6-1559-4DC5-B9EB-F14665DAAAD3}.Release|x86.ActiveCfg = Release|iPhone
		{87325E79-078E-4A66-BAB4-C6CFC43AA36E}.Ad-Hoc|Any CPU.ActiveCfg = Release|x86
		{87325E79-078E-4A66-BAB4-C6CFC43AA36E}.Ad-Hoc|Any CPU.Build.0 = Release|x86
		{87325E79-078E-4A66-BAB4-C6CFC43AA36E}.Ad-Hoc|Any CPU.Deploy.0 = Release|x86
		{87325E79-078E-4A66-BAB4-C6CFC43AA36E}.Ad-Hoc|ARM.ActiveCfg = Release|ARM
		{87325E79-078E-4A66-BAB4-C6CFC43AA36E}.Ad-Hoc|ARM.Build.0 = Release|ARM
		{87325E79-078E-4A66-BAB4-C6CFC43AA36E}.Ad-Hoc|ARM.Deploy.0 = Release|ARM
		{87325E79-078E-4A66-BAB4-C6CFC43AA36E}.Ad-Hoc|iPhone.ActiveCfg = Release|x86
		{87325E79-078E-4A66-BAB4-C6CFC43AA36E}.Ad-Hoc|iPhone.Build.0 = Release|x86
		{87325E79-078E-4A66-BAB4-C6CFC43AA36E}.Ad-Hoc|iPhone.Deploy.0 = Release|x86
		{87325E79-078E-4A66-BAB4-C6CFC43AA36E}.Ad-Hoc|iPhoneSimulator.ActiveCfg = Release|x86
		{87325E79-078E-4A66-BAB4-C6CFC43AA36E}.Ad-Hoc|iPhoneSimulator.Build.0 = Release|x86
		{87325E79-078E-4A66-BAB4-C6CFC43AA36E}.Ad-Hoc|iPhoneSimulator.Deploy.0 = Release|x86
		{87325E79-078E-4A66-BAB4-C6CFC43AA36E}.Ad-Hoc|x64.ActiveCfg = Release|x64
		{87325E79-078E-4A66-BAB4-C6CFC43AA36E}.Ad-Hoc|x64.Build.0 = Release|x64
		{87325E79-078E-4A66-BAB4-C6CFC43AA36E}.Ad-Hoc|x64.Deploy.0 = Release|x64
		{87325E79-078E-4A66-BAB4-C6CFC43AA36E}.Ad-Hoc|x86.ActiveCfg = Release|x86
		{87325E79-078E-4A66-BAB4-C6CFC43AA36E}.Ad-Hoc|x86.Build.0 = Release|x86
		{87325E79-078E-4A66-BAB4-C6CFC43AA36E}.Ad-Hoc|x86.Deploy.0 = Release|x86
		{87325E79-078E-4A66-BAB4-C6CFC43AA36E}.AppStore|Any CPU.ActiveCfg = Release|x86
		{87325E79-078E-4A66-BAB4-C6CFC43AA36E}.AppStore|Any CPU.Build.0 = Release|x86
		{87325E79-078E-4A66-BAB4-C6CFC43AA36E}.AppStore|Any CPU.Deploy.0 = Release|x86
		{87325E79-078E-4A66-BAB4-C6CFC43AA36E}.AppStore|ARM.ActiveCfg = Release|ARM
		{87325E79-078E-4A66-BAB4-C6CFC43AA36E}.AppStore|ARM.Build.0 = Release|ARM
		{87325E79-078E-4A66-BAB4-C6CFC43AA36E}.AppStore|ARM.Deploy.0 = Release|ARM
		{87325E79-078E-4A66-BAB4-C6CFC43AA36E}.AppStore|iPhone.ActiveCfg = Release|x86
		{87325E79-078E-4A66-BAB4-C6CFC43AA36E}.AppStore|iPhone.Build.0 = Release|x86
		{87325E79-078E-4A66-BAB4-C6CFC43AA36E}.AppStore|iPhone.Deploy.0 = Release|x86
		{87325E79-078E-4A66-BAB4-C6CFC43AA36E}.AppStore|iPhoneSimulator.ActiveCfg = Release|x86
		{87325E79-078E-4A66-BAB4-C6CFC43AA36E}.AppStore|iPhoneSimulator.Build.0 = Release|x86
		{87325E79-078E-4A66-BAB4-C6CFC43AA36E}.AppStore|iPhoneSimulator.Deploy.0 = Release|x86
		{87325E79-078E-4A66-BAB4-C6CFC43AA36E}.AppStore|x64.ActiveCfg = Release|x64
		{87325E79-078E-4A66-BAB4-C6CFC43AA36E}.AppStore|x64.Build.0 = Release|x64
		{87325E79-078E-4A66-BAB4-C6CFC43AA36E}.AppStore|x64.Deploy.0 = Release|x64
		{87325E79-078E-4A66-BAB4-C6CFC43AA36E}.AppStore|x86.ActiveCfg = Release|x86
		{87325E79-078E-4A66-BAB4-C6CFC43AA36E}.AppStore|x86.Build.0 = Release|x86
		{87325E79-078E-4A66-BAB4-C6CFC43AA36E}.AppStore|x86.Deploy.0 = Release|x86
		{87325E79-078E-4A66-BAB4-C6CFC43AA36E}.Debug|Any CPU.ActiveCfg = Debug|x86
		{87325E79-078E-4A66-BAB4-C6CFC43AA36E}.Debug|ARM.ActiveCfg = Debug|ARM
		{87325E79-078E-4A66-BAB4-C6CFC43AA36E}.Debug|ARM.Build.0 = Debug|ARM
		{87325E79-078E-4A66-BAB4-C6CFC43AA36E}.Debug|ARM.Deploy.0 = Debug|ARM
		{87325E79-078E-4A66-BAB4-C6CFC43AA36E}.Debug|iPhone.ActiveCfg = Debug|x86
		{87325E79-078E-4A66-BAB4-C6CFC43AA36E}.Debug|iPhoneSimulator.ActiveCfg = Debug|x86
		{87325E79-078E-4A66-BAB4-C6CFC43AA36E}.Debug|x64.ActiveCfg = Debug|x64
		{87325E79-078E-4A66-BAB4-C6CFC43AA36E}.Debug|x64.Build.0 = Debug|x64
		{87325E79-078E-4A66-BAB4-C6CFC43AA36E}.Debug|x64.Deploy.0 = Debug|x64
		{87325E79-078E-4A66-BAB4-C6CFC43AA36E}.Debug|x86.ActiveCfg = Debug|x86
		{87325E79-078E-4A66-BAB4-C6CFC43AA36E}.Debug|x86.Build.0 = Debug|x86
		{87325E79-078E-4A66-BAB4-C6CFC43AA36E}.Debug|x86.Deploy.0 = Debug|x86
		{87325E79-078E-4A66-BAB4-C6CFC43AA36E}.Release|Any CPU.ActiveCfg = Release|x86
		{87325E79-078E-4A66-BAB4-C6CFC43AA36E}.Release|ARM.ActiveCfg = Release|ARM
		{87325E79-078E-4A66-BAB4-C6CFC43AA36E}.Release|ARM.Build.0 = Release|ARM
		{87325E79-078E-4A66-BAB4-C6CFC43AA36E}.Release|ARM.Deploy.0 = Release|ARM
		{87325E79-078E-4A66-BAB4-C6CFC43AA36E}.Release|iPhone.ActiveCfg = Release|x86
		{87325E79-078E-4A66-BAB4-C6CFC43AA36E}.Release|iPhoneSimulator.ActiveCfg = Release|x86
		{87325E79-078E-4A66-BAB4-C6CFC43AA36E}.Release|x64.ActiveCfg = Release|x64
		{87325E79-078E-4A66-BAB4-C6CFC43AA36E}.Release|x64.Build.0 = Release|x64
		{87325E79-078E-4A66-BAB4-C6CFC43AA36E}.Release|x64.Deploy.0 = Release|x64
		{87325E79-078E-4A66-BAB4-C6CFC43AA36E}.Release|x86.ActiveCfg = Release|x86
		{87325E79-078E-4A66-BAB4-C6CFC43AA36E}.Release|x86.Build.0 = Release|x86
		{87325E79-078E-4A66-BAB4-C6CFC43AA36E}.Release|x86.Deploy.0 = Release|x86
	EndGlobalSection
	GlobalSection(SolutionProperties) = preSolution
		HideSolutionNode = FALSE
	EndGlobalSection
EndGlobal
