
Microsoft Visual Studio Solution File, Format Version 12.00
# Visual Studio 14
VisualStudioVersion = 14.0.25420.1
MinimumVisualStudioVersion = 10.0.40219.1
Project("{FAE04EC0-301F-11D3-BF4B-00C04F79EFBC}") = "XFSkiaSharp", "XFSkiaSharp\XFSkiaSharp\XFSkiaSharp.csproj", "{05B2042A-B3D5-4F53-9E45-F3F94C258E8A}"
EndProject
Project("{FAE04EC0-301F-11D3-BF4B-00C04F79EFBC}") = "XFSkiaSharp.Droid", "XFSkiaSharp\XFSkiaSharp.Droid\XFSkiaSharp.Droid.csproj", "{B7D02B34-DB21-48C2-8992-44477745BDEA}"
EndProject
Project("{FAE04EC0-301F-11D3-BF4B-00C04F79EFBC}") = "XFSkiaSharp.iOS", "XFSkiaSharp\XFSkiaSharp.iOS\XFSkiaSharp.iOS.csproj", "{232CFB95-64E1-4C7A-9FE4-2697B38D61F0}"
EndProject
Project("{FAE04EC0-301F-11D3-BF4B-00C04F79EFBC}") = "XFSkiaSharp.UWP", "XFSkiaSharp\XFSkiaSharp.UWP\XFSkiaSharp.UWP.csproj", "{01BF9B5C-380E-4378-AF7A-B0E2041088CA}"
EndProject
Global
	GlobalSection(SolutionConfigurationPlatforms) = preSolution
		Ad-Hoc|Any CPU = Ad-Hoc|Any CPU
		Ad-Hoc|ARM = Ad-Hoc|ARM
		Ad-Hoc|iPhone = Ad-Hoc|iPhone
		Ad-Hoc|iPhoneSimulator = Ad-Hoc|iPhoneSimulator
		Ad-Hoc|x64 = Ad-Hoc|x64
		Ad-Hoc|x86 = Ad-Hoc|x86
		AppStore|Any CPU = AppStore|Any CPU
		AppStore|ARM = AppStore|ARM
		AppStore|iPhone = AppStore|iPhone
		AppStore|iPhoneSimulator = AppStore|iPhoneSimulator
		AppStore|x64 = AppStore|x64
		AppStore|x86 = AppStore|x86
		Debug|Any CPU = Debug|Any CPU
		Debug|ARM = Debug|ARM
		Debug|iPhone = Debug|iPhone
		Debug|iPhoneSimulator = Debug|iPhoneSimulator
		Debug|x64 = Debug|x64
		Debug|x86 = Debug|x86
		Release|Any CPU = Release|Any CPU
		Release|ARM = Release|ARM
		Release|iPhone = Release|iPhone
		Release|iPhoneSimulator = Release|iPhoneSimulator
		Release|x64 = Release|x64
		Release|x86 = Release|x86
	EndGlobalSection
	GlobalSection(ProjectConfigurationPlatforms) = postSolution
		{05B2042A-B3D5-4F53-9E45-F3F94C258E8A}.Ad-Hoc|Any CPU.ActiveCfg = Release|Any CPU
		{05B2042A-B3D5-4F53-9E45-F3F94C258E8A}.Ad-Hoc|Any CPU.Build.0 = Release|Any CPU
		{05B2042A-B3D5-4F53-9E45-F3F94C258E8A}.Ad-Hoc|ARM.ActiveCfg = Release|Any CPU
		{05B2042A-B3D5-4F53-9E45-F3F94C258E8A}.Ad-Hoc|ARM.Build.0 = Release|Any CPU
		{05B2042A-B3D5-4F53-9E45-F3F94C258E8A}.Ad-Hoc|iPhone.ActiveCfg = Release|Any CPU
		{05B2042A-B3D5-4F53-9E45-F3F94C258E8A}.Ad-Hoc|iPhone.Build.0 = Release|Any CPU
		{05B2042A-B3D5-4F53-9E45-F3F94C258E8A}.Ad-Hoc|iPhoneSimulator.ActiveCfg = Release|Any CPU
		{05B2042A-B3D5-4F53-9E45-F3F94C258E8A}.Ad-Hoc|iPhoneSimulator.Build.0 = Release|Any CPU
		{05B2042A-B3D5-4F53-9E45-F3F94C258E8A}.Ad-Hoc|x64.ActiveCfg = Release|Any CPU
		{05B2042A-B3D5-4F53-9E45-F3F94C258E8A}.Ad-Hoc|x64.Build.0 = Release|Any CPU
		{05B2042A-B3D5-4F53-9E45-F3F94C258E8A}.Ad-Hoc|x86.ActiveCfg = Release|Any CPU
		{05B2042A-B3D5-4F53-9E45-F3F94C258E8A}.Ad-Hoc|x86.Build.0 = Release|Any CPU
		{05B2042A-B3D5-4F53-9E45-F3F94C258E8A}.AppStore|Any CPU.ActiveCfg = Release|Any CPU
		{05B2042A-B3D5-4F53-9E45-F3F94C258E8A}.AppStore|Any CPU.Build.0 = Release|Any CPU
		{05B2042A-B3D5-4F53-9E45-F3F94C258E8A}.AppStore|ARM.ActiveCfg = Release|Any CPU
		{05B2042A-B3D5-4F53-9E45-F3F94C258E8A}.AppStore|ARM.Build.0 = Release|Any CPU
		{05B2042A-B3D5-4F53-9E45-F3F94C258E8A}.AppStore|iPhone.ActiveCfg = Release|Any CPU
		{05B2042A-B3D5-4F53-9E45-F3F94C258E8A}.AppStore|iPhone.Build.0 = Release|Any CPU
		{05B2042A-B3D5-4F53-9E45-F3F94C258E8A}.AppStore|iPhoneSimulator.ActiveCfg = Release|Any CPU
		{05B2042A-B3D5-4F53-9E45-F3F94C258E8A}.AppStore|iPhoneSimulator.Build.0 = Release|Any CPU
		{05B2042A-B3D5-4F53-9E45-F3F94C258E8A}.AppStore|x64.ActiveCfg = Release|Any CPU
		{05B2042A-B3D5-4F53-9E45-F3F94C258E8A}.AppStore|x64.Build.0 = Release|Any CPU
		{05B2042A-B3D5-4F53-9E45-F3F94C258E8A}.AppStore|x86.ActiveCfg = Release|Any CPU
		{05B2042A-B3D5-4F53-9E45-F3F94C258E8A}.AppStore|x86.Build.0 = Release|Any CPU
		{05B2042A-B3D5-4F53-9E45-F3F94C258E8A}.Debug|Any CPU.ActiveCfg = Debug|Any CPU
		{05B2042A-B3D5-4F53-9E45-F3F94C258E8A}.Debug|Any CPU.Build.0 = Debug|Any CPU
		{05B2042A-B3D5-4F53-9E45-F3F94C258E8A}.Debug|ARM.ActiveCfg = Debug|Any CPU
		{05B2042A-B3D5-4F53-9E45-F3F94C258E8A}.Debug|ARM.Build.0 = Debug|Any CPU
		{05B2042A-B3D5-4F53-9E45-F3F94C258E8A}.Debug|iPhone.ActiveCfg = Debug|Any CPU
		{05B2042A-B3D5-4F53-9E45-F3F94C258E8A}.Debug|iPhone.Build.0 = Debug|Any CPU
		{05B2042A-B3D5-4F53-9E45-F3F94C258E8A}.Debug|iPhoneSimulator.ActiveCfg = Debug|Any CPU
		{05B2042A-B3D5-4F53-9E45-F3F94C258E8A}.Debug|iPhoneSimulator.Build.0 = Debug|Any CPU
		{05B2042A-B3D5-4F53-9E45-F3F94C258E8A}.Debug|x64.ActiveCfg = Debug|Any CPU
		{05B2042A-B3D5-4F53-9E45-F3F94C258E8A}.Debug|x64.Build.0 = Debug|Any CPU
		{05B2042A-B3D5-4F53-9E45-F3F94C258E8A}.Debug|x86.ActiveCfg = Debug|Any CPU
		{05B2042A-B3D5-4F53-9E45-F3F94C258E8A}.Debug|x86.Build.0 = Debug|Any CPU
		{05B2042A-B3D5-4F53-9E45-F3F94C258E8A}.Release|Any CPU.ActiveCfg = Release|Any CPU
		{05B2042A-B3D5-4F53-9E45-F3F94C258E8A}.Release|Any CPU.Build.0 = Release|Any CPU
		{05B2042A-B3D5-4F53-9E45-F3F94C258E8A}.Release|ARM.ActiveCfg = Release|Any CPU
		{05B2042A-B3D5-4F53-9E45-F3F94C258E8A}.Release|ARM.Build.0 = Release|Any CPU
		{05B2042A-B3D5-4F53-9E45-F3F94C258E8A}.Release|iPhone.ActiveCfg = Release|Any CPU
		{05B2042A-B3D5-4F53-9E45-F3F94C258E8A}.Release|iPhone.Build.0 = Release|Any CPU
		{05B2042A-B3D5-4F53-9E45-F3F94C258E8A}.Release|iPhoneSimulator.ActiveCfg = Release|Any CPU
		{05B2042A-B3D5-4F53-9E45-F3F94C258E8A}.Release|iPhoneSimulator.Build.0 = Release|Any CPU
		{05B2042A-B3D5-4F53-9E45-F3F94C258E8A}.Release|x64.ActiveCfg = Release|Any CPU
		{05B2042A-B3D5-4F53-9E45-F3F94C258E8A}.Release|x64.Build.0 = Release|Any CPU
		{05B2042A-B3D5-4F53-9E45-F3F94C258E8A}.Release|x86.ActiveCfg = Release|Any CPU
		{05B2042A-B3D5-4F53-9E45-F3F94C258E8A}.Release|x86.Build.0 = Release|Any CPU
		{B7D02B34-DB21-48C2-8992-44477745BDEA}.Ad-Hoc|Any CPU.ActiveCfg = Release|Any CPU
		{B7D02B34-DB21-48C2-8992-44477745BDEA}.Ad-Hoc|Any CPU.Build.0 = Release|Any CPU
		{B7D02B34-DB21-48C2-8992-44477745BDEA}.Ad-Hoc|Any CPU.Deploy.0 = Release|Any CPU
		{B7D02B34-DB21-48C2-8992-44477745BDEA}.Ad-Hoc|ARM.ActiveCfg = Release|Any CPU
		{B7D02B34-DB21-48C2-8992-44477745BDEA}.Ad-Hoc|ARM.Build.0 = Release|Any CPU
		{B7D02B34-DB21-48C2-8992-44477745BDEA}.Ad-Hoc|ARM.Deploy.0 = Release|Any CPU
		{B7D02B34-DB21-48C2-8992-44477745BDEA}.Ad-Hoc|iPhone.ActiveCfg = Release|Any CPU
		{B7D02B34-DB21-48C2-8992-44477745BDEA}.Ad-Hoc|iPhone.Build.0 = Release|Any CPU
		{B7D02B34-DB21-48C2-8992-44477745BDEA}.Ad-Hoc|iPhone.Deploy.0 = Release|Any CPU
		{B7D02B34-DB21-48C2-8992-44477745BDEA}.Ad-Hoc|iPhoneSimulator.ActiveCfg = Release|Any CPU
		{B7D02B34-DB21-48C2-8992-44477745BDEA}.Ad-Hoc|iPhoneSimulator.Build.0 = Release|Any CPU
		{B7D02B34-DB21-48C2-8992-44477745BDEA}.Ad-Hoc|iPhoneSimulator.Deploy.0 = Release|Any CPU
		{B7D02B34-DB21-48C2-8992-44477745BDEA}.Ad-Hoc|x64.ActiveCfg = Release|Any CPU
		{B7D02B34-DB21-48C2-8992-44477745BDEA}.Ad-Hoc|x64.Build.0 = Release|Any CPU
		{B7D02B34-DB21-48C2-8992-44477745BDEA}.Ad-Hoc|x64.Deploy.0 = Release|Any CPU
		{B7D02B34-DB21-48C2-8992-44477745BDEA}.Ad-Hoc|x86.ActiveCfg = Release|Any CPU
		{B7D02B34-DB21-48C2-8992-44477745BDEA}.Ad-Hoc|x86.Build.0 = Release|Any CPU
		{B7D02B34-DB21-48C2-8992-44477745BDEA}.Ad-Hoc|x86.Deploy.0 = Release|Any CPU
		{B7D02B34-DB21-48C2-8992-44477745BDEA}.AppStore|Any CPU.ActiveCfg = Release|Any CPU
		{B7D02B34-DB21-48C2-8992-44477745BDEA}.AppStore|Any CPU.Build.0 = Release|Any CPU
		{B7D02B34-DB21-48C2-8992-44477745BDEA}.AppStore|Any CPU.Deploy.0 = Release|Any CPU
		{B7D02B34-DB21-48C2-8992-44477745BDEA}.AppStore|ARM.ActiveCfg = Release|Any CPU
		{B7D02B34-DB21-48C2-8992-44477745BDEA}.AppStore|ARM.Build.0 = Release|Any CPU
		{B7D02B34-DB21-48C2-8992-44477745BDEA}.AppStore|ARM.Deploy.0 = Release|Any CPU
		{B7D02B34-DB21-48C2-8992-44477745BDEA}.AppStore|iPhone.ActiveCfg = Release|Any CPU
		{B7D02B34-DB21-48C2-8992-44477745BDEA}.AppStore|iPhone.Build.0 = Release|Any CPU
		{B7D02B34-DB21-48C2-8992-44477745BDEA}.AppStore|iPhone.Deploy.0 = Release|Any CPU
		{B7D02B34-DB21-48C2-8992-44477745BDEA}.AppStore|iPhoneSimulator.ActiveCfg = Release|Any CPU
		{B7D02B34-DB21-48C2-8992-44477745BDEA}.AppStore|iPhoneSimulator.Build.0 = Release|Any CPU
		{B7D02B34-DB21-48C2-8992-44477745BDEA}.AppStore|iPhoneSimulator.Deploy.0 = Release|Any CPU
		{B7D02B34-DB21-48C2-8992-44477745BDEA}.AppStore|x64.ActiveCfg = Release|Any CPU
		{B7D02B34-DB21-48C2-8992-44477745BDEA}.AppStore|x64.Build.0 = Release|Any CPU
		{B7D02B34-DB21-48C2-8992-44477745BDEA}.AppStore|x64.Deploy.0 = Release|Any CPU
		{B7D02B34-DB21-48C2-8992-44477745BDEA}.AppStore|x86.ActiveCfg = Release|Any CPU
		{B7D02B34-DB21-48C2-8992-44477745BDEA}.AppStore|x86.Build.0 = Release|Any CPU
		{B7D02B34-DB21-48C2-8992-44477745BDEA}.AppStore|x86.Deploy.0 = Release|Any CPU
		{B7D02B34-DB21-48C2-8992-44477745BDEA}.Debug|Any CPU.ActiveCfg = Debug|Any CPU
		{B7D02B34-DB21-48C2-8992-44477745BDEA}.Debug|Any CPU.Build.0 = Debug|Any CPU
		{B7D02B34-DB21-48C2-8992-44477745BDEA}.Debug|Any CPU.Deploy.0 = Debug|Any CPU
		{B7D02B34-DB21-48C2-8992-44477745BDEA}.Debug|ARM.ActiveCfg = Debug|Any CPU
		{B7D02B34-DB21-48C2-8992-44477745BDEA}.Debug|ARM.Build.0 = Debug|Any CPU
		{B7D02B34-DB21-48C2-8992-44477745BDEA}.Debug|ARM.Deploy.0 = Debug|Any CPU
		{B7D02B34-DB21-48C2-8992-44477745BDEA}.Debug|iPhone.ActiveCfg = Debug|Any CPU
		{B7D02B34-DB21-48C2-8992-44477745BDEA}.Debug|iPhone.Build.0 = Debug|Any CPU
		{B7D02B34-DB21-48C2-8992-44477745BDEA}.Debug|iPhone.Deploy.0 = Debug|Any CPU
		{B7D02B34-DB21-48C2-8992-44477745BDEA}.Debug|iPhoneSimulator.ActiveCfg = Debug|Any CPU
		{B7D02B34-DB21-48C2-8992-44477745BDEA}.Debug|iPhoneSimulator.Build.0 = Debug|Any CPU
		{B7D02B34-DB21-48C2-8992-44477745BDEA}.Debug|iPhoneSimulator.Deploy.0 = Debug|Any CPU
		{B7D02B34-DB21-48C2-8992-44477745BDEA}.Debug|x64.ActiveCfg = Debug|Any CPU
		{B7D02B34-DB21-48C2-8992-44477745BDEA}.Debug|x64.Build.0 = Debug|Any CPU
		{B7D02B34-DB21-48C2-8992-44477745BDEA}.Debug|x64.Deploy.0 = Debug|Any CPU
		{B7D02B34-DB21-48C2-8992-44477745BDEA}.Debug|x86.ActiveCfg = Debug|Any CPU
		{B7D02B34-DB21-48C2-8992-44477745BDEA}.Debug|x86.Build.0 = Debug|Any CPU
		{B7D02B34-DB21-48C2-8992-44477745BDEA}.Debug|x86.Deploy.0 = Debug|Any CPU
		{B7D02B34-DB21-48C2-8992-44477745BDEA}.Release|Any CPU.ActiveCfg = Release|Any CPU
		{B7D02B34-DB21-48C2-8992-44477745BDEA}.Release|Any CPU.Build.0 = Release|Any CPU
		{B7D02B34-DB21-48C2-8992-44477745BDEA}.Release|Any CPU.Deploy.0 = Release|Any CPU
		{B7D02B34-DB21-48C2-8992-44477745BDEA}.Release|ARM.ActiveCfg = Release|Any CPU
		{B7D02B34-DB21-48C2-8992-44477745BDEA}.Release|ARM.Build.0 = Release|Any CPU
		{B7D02B34-DB21-48C2-8992-44477745BDEA}.Release|ARM.Deploy.0 = Release|Any CPU
		{B7D02B34-DB21-48C2-8992-44477745BDEA}.Release|iPhone.ActiveCfg = Release|Any CPU
		{B7D02B34-DB21-48C2-8992-44477745BDEA}.Release|iPhone.Build.0 = Release|Any CPU
		{B7D02B34-DB21-48C2-8992-44477745BDEA}.Release|iPhone.Deploy.0 = Release|Any CPU
		{B7D02B34-DB21-48C2-8992-44477745BDEA}.Release|iPhoneSimulator.ActiveCfg = Release|Any CPU
		{B7D02B34-DB21-48C2-8992-44477745BDEA}.Release|iPhoneSimulator.Build.0 = Release|Any CPU
		{B7D02B34-DB21-48C2-8992-44477745BDEA}.Release|iPhoneSimulator.Deploy.0 = Release|Any CPU
		{B7D02B34-DB21-48C2-8992-44477745BDEA}.Release|x64.ActiveCfg = Release|Any CPU
		{B7D02B34-DB21-48C2-8992-44477745BDEA}.Release|x64.Build.0 = Release|Any CPU
		{B7D02B34-DB21-48C2-8992-44477745BDEA}.Release|x64.Deploy.0 = Release|Any CPU
		{B7D02B34-DB21-48C2-8992-44477745BDEA}.Release|x86.ActiveCfg = Release|Any CPU
		{B7D02B34-DB21-48C2-8992-44477745BDEA}.Release|x86.Build.0 = Release|Any CPU
		{B7D02B34-DB21-48C2-8992-44477745BDEA}.Release|x86.Deploy.0 = Release|Any CPU
		{232CFB95-64E1-4C7A-9FE4-2697B38D61F0}.Ad-Hoc|Any CPU.ActiveCfg = Ad-Hoc|iPhone
		{232CFB95-64E1-4C7A-9FE4-2697B38D61F0}.Ad-Hoc|ARM.ActiveCfg = Ad-Hoc|iPhone
		{232CFB95-64E1-4C7A-9FE4-2697B38D61F0}.Ad-Hoc|iPhone.ActiveCfg = Ad-Hoc|iPhone
		{232CFB95-64E1-4C7A-9FE4-2697B38D61F0}.Ad-Hoc|iPhone.Build.0 = Ad-Hoc|iPhone
		{232CFB95-64E1-4C7A-9FE4-2697B38D61F0}.Ad-Hoc|iPhoneSimulator.ActiveCfg = Ad-Hoc|iPhoneSimulator
		{232CFB95-64E1-4C7A-9FE4-2697B38D61F0}.Ad-Hoc|iPhoneSimulator.Build.0 = Ad-Hoc|iPhoneSimulator
		{232CFB95-64E1-4C7A-9FE4-2697B38D61F0}.Ad-Hoc|x64.ActiveCfg = Ad-Hoc|iPhone
		{232CFB95-64E1-4C7A-9FE4-2697B38D61F0}.Ad-Hoc|x86.ActiveCfg = Ad-Hoc|iPhone
		{232CFB95-64E1-4C7A-9FE4-2697B38D61F0}.AppStore|Any CPU.ActiveCfg = AppStore|iPhone
		{232CFB95-64E1-4C7A-9FE4-2697B38D61F0}.AppStore|ARM.ActiveCfg = AppStore|iPhone
		{232CFB95-64E1-4C7A-9FE4-2697B38D61F0}.AppStore|iPhone.ActiveCfg = AppStore|iPhone
		{232CFB95-64E1-4C7A-9FE4-2697B38D61F0}.AppStore|iPhone.Build.0 = AppStore|iPhone
		{232CFB95-64E1-4C7A-9FE4-2697B38D61F0}.AppStore|iPhoneSimulator.ActiveCfg = AppStore|iPhoneSimulator
		{232CFB95-64E1-4C7A-9FE4-2697B38D61F0}.AppStore|iPhoneSimulator.Build.0 = AppStore|iPhoneSimulator
		{232CFB95-64E1-4C7A-9FE4-2697B38D61F0}.AppStore|x64.ActiveCfg = AppStore|iPhone
		{232CFB95-64E1-4C7A-9FE4-2697B38D61F0}.AppStore|x86.ActiveCfg = AppStore|iPhone
		{232CFB95-64E1-4C7A-9FE4-2697B38D61F0}.Debug|Any CPU.ActiveCfg = Debug|iPhone
		{232CFB95-64E1-4C7A-9FE4-2697B38D61F0}.Debug|ARM.ActiveCfg = Debug|iPhone
		{232CFB95-64E1-4C7A-9FE4-2697B38D61F0}.Debug|iPhone.ActiveCfg = Debug|iPhone
		{232CFB95-64E1-4C7A-9FE4-2697B38D61F0}.Debug|iPhone.Build.0 = Debug|iPhone
		{232CFB95-64E1-4C7A-9FE4-2697B38D61F0}.Debug|iPhoneSimulator.ActiveCfg = Debug|iPhoneSimulator
		{232CFB95-64E1-4C7A-9FE4-2697B38D61F0}.Debug|iPhoneSimulator.Build.0 = Debug|iPhoneSimulator
		{232CFB95-64E1-4C7A-9FE4-2697B38D61F0}.Debug|x64.ActiveCfg = Debug|iPhone
		{232CFB95-64E1-4C7A-9FE4-2697B38D61F0}.Debug|x86.ActiveCfg = Debug|iPhone
		{232CFB95-64E1-4C7A-9FE4-2697B38D61F0}.Release|Any CPU.ActiveCfg = Release|iPhone
		{232CFB95-64E1-4C7A-9FE4-2697B38D61F0}.Release|ARM.ActiveCfg = Release|iPhone
		{232CFB95-64E1-4C7A-9FE4-2697B38D61F0}.Release|iPhone.ActiveCfg = Release|iPhone
		{232CFB95-64E1-4C7A-9FE4-2697B38D61F0}.Release|iPhone.Build.0 = Release|iPhone
		{232CFB95-64E1-4C7A-9FE4-2697B38D61F0}.Release|iPhoneSimulator.ActiveCfg = Release|iPhoneSimulator
		{232CFB95-64E1-4C7A-9FE4-2697B38D61F0}.Release|iPhoneSimulator.Build.0 = Release|iPhoneSimulator
		{232CFB95-64E1-4C7A-9FE4-2697B38D61F0}.Release|x64.ActiveCfg = Release|iPhone
		{232CFB95-64E1-4C7A-9FE4-2697B38D61F0}.Release|x86.ActiveCfg = Release|iPhone
		{01BF9B5C-380E-4378-AF7A-B0E2041088CA}.Ad-Hoc|Any CPU.ActiveCfg = Release|x86
		{01BF9B5C-380E-4378-AF7A-B0E2041088CA}.Ad-Hoc|Any CPU.Build.0 = Release|x86
		{01BF9B5C-380E-4378-AF7A-B0E2041088CA}.Ad-Hoc|Any CPU.Deploy.0 = Release|x86
		{01BF9B5C-380E-4378-AF7A-B0E2041088CA}.Ad-Hoc|ARM.ActiveCfg = Release|ARM
		{01BF9B5C-380E-4378-AF7A-B0E2041088CA}.Ad-Hoc|ARM.Build.0 = Release|ARM
		{01BF9B5C-380E-4378-AF7A-B0E2041088CA}.Ad-Hoc|ARM.Deploy.0 = Release|ARM
		{01BF9B5C-380E-4378-AF7A-B0E2041088CA}.Ad-Hoc|iPhone.ActiveCfg = Release|x86
		{01BF9B5C-380E-4378-AF7A-B0E2041088CA}.Ad-Hoc|iPhone.Build.0 = Release|x86
		{01BF9B5C-380E-4378-AF7A-B0E2041088CA}.Ad-Hoc|iPhone.Deploy.0 = Release|x86
		{01BF9B5C-380E-4378-AF7A-B0E2041088CA}.Ad-Hoc|iPhoneSimulator.ActiveCfg = Release|x86
		{01BF9B5C-380E-4378-AF7A-B0E2041088CA}.Ad-Hoc|iPhoneSimulator.Build.0 = Release|x86
		{01BF9B5C-380E-4378-AF7A-B0E2041088CA}.Ad-Hoc|iPhoneSimulator.Deploy.0 = Release|x86
		{01BF9B5C-380E-4378-AF7A-B0E2041088CA}.Ad-Hoc|x64.ActiveCfg = Release|x64
		{01BF9B5C-380E-4378-AF7A-B0E2041088CA}.Ad-Hoc|x64.Build.0 = Release|x64
		{01BF9B5C-380E-4378-AF7A-B0E2041088CA}.Ad-Hoc|x64.Deploy.0 = Release|x64
		{01BF9B5C-380E-4378-AF7A-B0E2041088CA}.Ad-Hoc|x86.ActiveCfg = Release|x86
		{01BF9B5C-380E-4378-AF7A-B0E2041088CA}.Ad-Hoc|x86.Build.0 = Release|x86
		{01BF9B5C-380E-4378-AF7A-B0E2041088CA}.Ad-Hoc|x86.Deploy.0 = Release|x86
		{01BF9B5C-380E-4378-AF7A-B0E2041088CA}.AppStore|Any CPU.ActiveCfg = Release|x86
		{01BF9B5C-380E-4378-AF7A-B0E2041088CA}.AppStore|Any CPU.Build.0 = Release|x86
		{01BF9B5C-380E-4378-AF7A-B0E2041088CA}.AppStore|Any CPU.Deploy.0 = Release|x86
		{01BF9B5C-380E-4378-AF7A-B0E2041088CA}.AppStore|ARM.ActiveCfg = Release|ARM
		{01BF9B5C-380E-4378-AF7A-B0E2041088CA}.AppStore|ARM.Build.0 = Release|ARM
		{01BF9B5C-380E-4378-AF7A-B0E2041088CA}.AppStore|ARM.Deploy.0 = Release|ARM
		{01BF9B5C-380E-4378-AF7A-B0E2041088CA}.AppStore|iPhone.ActiveCfg = Release|x86
		{01BF9B5C-380E-4378-AF7A-B0E2041088CA}.AppStore|iPhone.Build.0 = Release|x86
		{01BF9B5C-380E-4378-AF7A-B0E2041088CA}.AppStore|iPhone.Deploy.0 = Release|x86
		{01BF9B5C-380E-4378-AF7A-B0E2041088CA}.AppStore|iPhoneSimulator.ActiveCfg = Release|x86
		{01BF9B5C-380E-4378-AF7A-B0E2041088CA}.AppStore|iPhoneSimulator.Build.0 = Release|x86
		{01BF9B5C-380E-4378-AF7A-B0E2041088CA}.AppStore|iPhoneSimulator.Deploy.0 = Release|x86
		{01BF9B5C-380E-4378-AF7A-B0E2041088CA}.AppStore|x64.ActiveCfg = Release|x64
		{01BF9B5C-380E-4378-AF7A-B0E2041088CA}.AppStore|x64.Build.0 = Release|x64
		{01BF9B5C-380E-4378-AF7A-B0E2041088CA}.AppStore|x64.Deploy.0 = Release|x64
		{01BF9B5C-380E-4378-AF7A-B0E2041088CA}.AppStore|x86.ActiveCfg = Release|x86
		{01BF9B5C-380E-4378-AF7A-B0E2041088CA}.AppStore|x86.Build.0 = Release|x86
		{01BF9B5C-380E-4378-AF7A-B0E2041088CA}.AppStore|x86.Deploy.0 = Release|x86
		{01BF9B5C-380E-4378-AF7A-B0E2041088CA}.Debug|Any CPU.ActiveCfg = Debug|x86
		{01BF9B5C-380E-4378-AF7A-B0E2041088CA}.Debug|ARM.ActiveCfg = Debug|ARM
		{01BF9B5C-380E-4378-AF7A-B0E2041088CA}.Debug|ARM.Build.0 = Debug|ARM
		{01BF9B5C-380E-4378-AF7A-B0E2041088CA}.Debug|ARM.Deploy.0 = Debug|ARM
		{01BF9B5C-380E-4378-AF7A-B0E2041088CA}.Debug|iPhone.ActiveCfg = Debug|x86
		{01BF9B5C-380E-4378-AF7A-B0E2041088CA}.Debug|iPhoneSimulator.ActiveCfg = Debug|x86
		{01BF9B5C-380E-4378-AF7A-B0E2041088CA}.Debug|x64.ActiveCfg = Debug|x64
		{01BF9B5C-380E-4378-AF7A-B0E2041088CA}.Debug|x64.Build.0 = Debug|x64
		{01BF9B5C-380E-4378-AF7A-B0E2041088CA}.Debug|x64.Deploy.0 = Debug|x64
		{01BF9B5C-380E-4378-AF7A-B0E2041088CA}.Debug|x86.ActiveCfg = Debug|x86
		{01BF9B5C-380E-4378-AF7A-B0E2041088CA}.Debug|x86.Build.0 = Debug|x86
		{01BF9B5C-380E-4378-AF7A-B0E2041088CA}.Debug|x86.Deploy.0 = Debug|x86
		{01BF9B5C-380E-4378-AF7A-B0E2041088CA}.Release|Any CPU.ActiveCfg = Release|x86
		{01BF9B5C-380E-4378-AF7A-B0E2041088CA}.Release|ARM.ActiveCfg = Release|ARM
		{01BF9B5C-380E-4378-AF7A-B0E2041088CA}.Release|ARM.Build.0 = Release|ARM
		{01BF9B5C-380E-4378-AF7A-B0E2041088CA}.Release|ARM.Deploy.0 = Release|ARM
		{01BF9B5C-380E-4378-AF7A-B0E2041088CA}.Release|iPhone.ActiveCfg = Release|x86
		{01BF9B5C-380E-4378-AF7A-B0E2041088CA}.Release|iPhoneSimulator.ActiveCfg = Release|x86
		{01BF9B5C-380E-4378-AF7A-B0E2041088CA}.Release|x64.ActiveCfg = Release|x64
		{01BF9B5C-380E-4378-AF7A-B0E2041088CA}.Release|x64.Build.0 = Release|x64
		{01BF9B5C-380E-4378-AF7A-B0E2041088CA}.Release|x64.Deploy.0 = Release|x64
		{01BF9B5C-380E-4378-AF7A-B0E2041088CA}.Release|x86.ActiveCfg = Release|x86
		{01BF9B5C-380E-4378-AF7A-B0E2041088CA}.Release|x86.Build.0 = Release|x86
		{01BF9B5C-380E-4378-AF7A-B0E2041088CA}.Release|x86.Deploy.0 = Release|x86
	EndGlobalSection
	GlobalSection(SolutionProperties) = preSolution
		HideSolutionNode = FALSE
	EndGlobalSection
EndGlobal
