
Microsoft Visual Studio Solution File, Format Version 12.00
# Visual Studio 14
VisualStudioVersion = 14.0.25420.1
MinimumVisualStudioVersion = 10.0.40219.1
Project("{FAE04EC0-301F-11D3-BF4B-00C04F79EFBC}") = "XFLifeCycle.Droid", "XFLifeCycle\XFLifeCycle.Droid\XFLifeCycle.Droid.csproj", "{2E426384-4152-4539-9D78-4777D7A37A37}"
EndProject
Project("{FAE04EC0-301F-11D3-BF4B-00C04F79EFBC}") = "XFLifeCycle.iOS", "XFLifeCycle\XFLifeCycle.iOS\XFLifeCycle.iOS.csproj", "{E82D6D24-838D-40E9-8660-EA4965EF3D86}"
EndProject
Project("{FAE04EC0-301F-11D3-BF4B-00C04F79EFBC}") = "XFLifeCycle.WinPhone", "XFLifeCycle\XFLifeCycle.WinPhone\XFLifeCycle.WinPhone.csproj", "{97365DAA-D192-4C3E-9FF4-E2CF266DC024}"
EndProject
Project("{FAE04EC0-301F-11D3-BF4B-00C04F79EFBC}") = "XFLifeCycle.UWP", "XFLifeCycle\XFLifeCycle.UWP\XFLifeCycle.UWP.csproj", "{D89B51F2-7A00-4308-9140-484C6775B4CD}"
EndProject
Project("{FAE04EC0-301F-11D3-BF4B-00C04F79EFBC}") = "XFLifeCycle.Windows", "XFLifeCycle\XFLifeCycle.Windows\XFLifeCycle.Windows.csproj", "{02132969-DBF2-4492-B1E1-FB1DF1E53B74}"
EndProject
Project("{FAE04EC0-301F-11D3-BF4B-00C04F79EFBC}") = "XFLifeCycle", "XFLifeCycle\XFLifeCycle\XFLifeCycle.csproj", "{E3551BB0-032D-402F-9DC7-F7B8F1E6D1CE}"
EndProject
Global
	GlobalSection(SolutionConfigurationPlatforms) = preSolution
		Ad-Hoc|Any CPU = Ad-Hoc|Any CPU
		Ad-Hoc|ARM = Ad-Hoc|ARM
		Ad-Hoc|iPhone = Ad-Hoc|iPhone
		Ad-Hoc|iPhoneSimulator = Ad-Hoc|iPhoneSimulator
		Ad-Hoc|x64 = Ad-Hoc|x64
		Ad-Hoc|x86 = Ad-Hoc|x86
		AppStore|Any CPU = AppStore|Any CPU
		AppStore|ARM = AppStore|ARM
		AppStore|iPhone = AppStore|iPhone
		AppStore|iPhoneSimulator = AppStore|iPhoneSimulator
		AppStore|x64 = AppStore|x64
		AppStore|x86 = AppStore|x86
		Debug|Any CPU = Debug|Any CPU
		Debug|ARM = Debug|ARM
		Debug|iPhone = Debug|iPhone
		Debug|iPhoneSimulator = Debug|iPhoneSimulator
		Debug|x64 = Debug|x64
		Debug|x86 = Debug|x86
		Release|Any CPU = Release|Any CPU
		Release|ARM = Release|ARM
		Release|iPhone = Release|iPhone
		Release|iPhoneSimulator = Release|iPhoneSimulator
		Release|x64 = Release|x64
		Release|x86 = Release|x86
	EndGlobalSection
	GlobalSection(ProjectConfigurationPlatforms) = postSolution
		{2E426384-4152-4539-9D78-4777D7A37A37}.Ad-Hoc|Any CPU.ActiveCfg = Release|Any CPU
		{2E426384-4152-4539-9D78-4777D7A37A37}.Ad-Hoc|Any CPU.Build.0 = Release|Any CPU
		{2E426384-4152-4539-9D78-4777D7A37A37}.Ad-Hoc|Any CPU.Deploy.0 = Release|Any CPU
		{2E426384-4152-4539-9D78-4777D7A37A37}.Ad-Hoc|ARM.ActiveCfg = Release|Any CPU
		{2E426384-4152-4539-9D78-4777D7A37A37}.Ad-Hoc|ARM.Build.0 = Release|Any CPU
		{2E426384-4152-4539-9D78-4777D7A37A37}.Ad-Hoc|ARM.Deploy.0 = Release|Any CPU
		{2E426384-4152-4539-9D78-4777D7A37A37}.Ad-Hoc|iPhone.ActiveCfg = Release|Any CPU
		{2E426384-4152-4539-9D78-4777D7A37A37}.Ad-Hoc|iPhone.Build.0 = Release|Any CPU
		{2E426384-4152-4539-9D78-4777D7A37A37}.Ad-Hoc|iPhone.Deploy.0 = Release|Any CPU
		{2E426384-4152-4539-9D78-4777D7A37A37}.Ad-Hoc|iPhoneSimulator.ActiveCfg = Release|Any CPU
		{2E426384-4152-4539-9D78-4777D7A37A37}.Ad-Hoc|iPhoneSimulator.Build.0 = Release|Any CPU
		{2E426384-4152-4539-9D78-4777D7A37A37}.Ad-Hoc|iPhoneSimulator.Deploy.0 = Release|Any CPU
		{2E426384-4152-4539-9D78-4777D7A37A37}.Ad-Hoc|x64.ActiveCfg = Release|Any CPU
		{2E426384-4152-4539-9D78-4777D7A37A37}.Ad-Hoc|x64.Build.0 = Release|Any CPU
		{2E426384-4152-4539-9D78-4777D7A37A37}.Ad-Hoc|x64.Deploy.0 = Release|Any CPU
		{2E426384-4152-4539-9D78-4777D7A37A37}.Ad-Hoc|x86.ActiveCfg = Release|Any CPU
		{2E426384-4152-4539-9D78-4777D7A37A37}.Ad-Hoc|x86.Build.0 = Release|Any CPU
		{2E426384-4152-4539-9D78-4777D7A37A37}.Ad-Hoc|x86.Deploy.0 = Release|Any CPU
		{2E426384-4152-4539-9D78-4777D7A37A37}.AppStore|Any CPU.ActiveCfg = Release|Any CPU
		{2E426384-4152-4539-9D78-4777D7A37A37}.AppStore|Any CPU.Build.0 = Release|Any CPU
		{2E426384-4152-4539-9D78-4777D7A37A37}.AppStore|Any CPU.Deploy.0 = Release|Any CPU
		{2E426384-4152-4539-9D78-4777D7A37A37}.AppStore|ARM.ActiveCfg = Release|Any CPU
		{2E426384-4152-4539-9D78-4777D7A37A37}.AppStore|ARM.Build.0 = Release|Any CPU
		{2E426384-4152-4539-9D78-4777D7A37A37}.AppStore|ARM.Deploy.0 = Release|Any CPU
		{2E426384-4152-4539-9D78-4777D7A37A37}.AppStore|iPhone.ActiveCfg = Release|Any CPU
		{2E426384-4152-4539-9D78-4777D7A37A37}.AppStore|iPhone.Build.0 = Release|Any CPU
		{2E426384-4152-4539-9D78-4777D7A37A37}.AppStore|iPhone.Deploy.0 = Release|Any CPU
		{2E426384-4152-4539-9D78-4777D7A37A37}.AppStore|iPhoneSimulator.ActiveCfg = Release|Any CPU
		{2E426384-4152-4539-9D78-4777D7A37A37}.AppStore|iPhoneSimulator.Build.0 = Release|Any CPU
		{2E426384-4152-4539-9D78-4777D7A37A37}.AppStore|iPhoneSimulator.Deploy.0 = Release|Any CPU
		{2E426384-4152-4539-9D78-4777D7A37A37}.AppStore|x64.ActiveCfg = Release|Any CPU
		{2E426384-4152-4539-9D78-4777D7A37A37}.AppStore|x64.Build.0 = Release|Any CPU
		{2E426384-4152-4539-9D78-4777D7A37A37}.AppStore|x64.Deploy.0 = Release|Any CPU
		{2E426384-4152-4539-9D78-4777D7A37A37}.AppStore|x86.ActiveCfg = Release|Any CPU
		{2E426384-4152-4539-9D78-4777D7A37A37}.AppStore|x86.Build.0 = Release|Any CPU
		{2E426384-4152-4539-9D78-4777D7A37A37}.AppStore|x86.Deploy.0 = Release|Any CPU
		{2E426384-4152-4539-9D78-4777D7A37A37}.Debug|Any CPU.ActiveCfg = Debug|Any CPU
		{2E426384-4152-4539-9D78-4777D7A37A37}.Debug|Any CPU.Build.0 = Debug|Any CPU
		{2E426384-4152-4539-9D78-4777D7A37A37}.Debug|Any CPU.Deploy.0 = Debug|Any CPU
		{2E426384-4152-4539-9D78-4777D7A37A37}.Debug|ARM.ActiveCfg = Debug|Any CPU
		{2E426384-4152-4539-9D78-4777D7A37A37}.Debug|ARM.Build.0 = Debug|Any CPU
		{2E426384-4152-4539-9D78-4777D7A37A37}.Debug|ARM.Deploy.0 = Debug|Any CPU
		{2E426384-4152-4539-9D78-4777D7A37A37}.Debug|iPhone.ActiveCfg = Debug|Any CPU
		{2E426384-4152-4539-9D78-4777D7A37A37}.Debug|iPhone.Build.0 = Debug|Any CPU
		{2E426384-4152-4539-9D78-4777D7A37A37}.Debug|iPhone.Deploy.0 = Debug|Any CPU
		{2E426384-4152-4539-9D78-4777D7A37A37}.Debug|iPhoneSimulator.ActiveCfg = Debug|Any CPU
		{2E426384-4152-4539-9D78-4777D7A37A37}.Debug|iPhoneSimulator.Build.0 = Debug|Any CPU
		{2E426384-4152-4539-9D78-4777D7A37A37}.Debug|iPhoneSimulator.Deploy.0 = Debug|Any CPU
		{2E426384-4152-4539-9D78-4777D7A37A37}.Debug|x64.ActiveCfg = Debug|Any CPU
		{2E426384-4152-4539-9D78-4777D7A37A37}.Debug|x64.Build.0 = Debug|Any CPU
		{2E426384-4152-4539-9D78-4777D7A37A37}.Debug|x64.Deploy.0 = Debug|Any CPU
		{2E426384-4152-4539-9D78-4777D7A37A37}.Debug|x86.ActiveCfg = Debug|Any CPU
		{2E426384-4152-4539-9D78-4777D7A37A37}.Debug|x86.Build.0 = Debug|Any CPU
		{2E426384-4152-4539-9D78-4777D7A37A37}.Debug|x86.Deploy.0 = Debug|Any CPU
		{2E426384-4152-4539-9D78-4777D7A37A37}.Release|Any CPU.ActiveCfg = Release|Any CPU
		{2E426384-4152-4539-9D78-4777D7A37A37}.Release|Any CPU.Build.0 = Release|Any CPU
		{2E426384-4152-4539-9D78-4777D7A37A37}.Release|Any CPU.Deploy.0 = Release|Any CPU
		{2E426384-4152-4539-9D78-4777D7A37A37}.Release|ARM.ActiveCfg = Release|Any CPU
		{2E426384-4152-4539-9D78-4777D7A37A37}.Release|ARM.Build.0 = Release|Any CPU
		{2E426384-4152-4539-9D78-4777D7A37A37}.Release|ARM.Deploy.0 = Release|Any CPU
		{2E426384-4152-4539-9D78-4777D7A37A37}.Release|iPhone.ActiveCfg = Release|Any CPU
		{2E426384-4152-4539-9D78-4777D7A37A37}.Release|iPhone.Build.0 = Release|Any CPU
		{2E426384-4152-4539-9D78-4777D7A37A37}.Release|iPhone.Deploy.0 = Release|Any CPU
		{2E426384-4152-4539-9D78-4777D7A37A37}.Release|iPhoneSimulator.ActiveCfg = Release|Any CPU
		{2E426384-4152-4539-9D78-4777D7A37A37}.Release|iPhoneSimulator.Build.0 = Release|Any CPU
		{2E426384-4152-4539-9D78-4777D7A37A37}.Release|iPhoneSimulator.Deploy.0 = Release|Any CPU
		{2E426384-4152-4539-9D78-4777D7A37A37}.Release|x64.ActiveCfg = Release|Any CPU
		{2E426384-4152-4539-9D78-4777D7A37A37}.Release|x64.Build.0 = Release|Any CPU
		{2E426384-4152-4539-9D78-4777D7A37A37}.Release|x64.Deploy.0 = Release|Any CPU
		{2E426384-4152-4539-9D78-4777D7A37A37}.Release|x86.ActiveCfg = Release|Any CPU
		{2E426384-4152-4539-9D78-4777D7A37A37}.Release|x86.Build.0 = Release|Any CPU
		{2E426384-4152-4539-9D78-4777D7A37A37}.Release|x86.Deploy.0 = Release|Any CPU
		{E82D6D24-838D-40E9-8660-EA4965EF3D86}.Ad-Hoc|Any CPU.ActiveCfg = Ad-Hoc|iPhone
		{E82D6D24-838D-40E9-8660-EA4965EF3D86}.Ad-Hoc|ARM.ActiveCfg = Ad-Hoc|iPhone
		{E82D6D24-838D-40E9-8660-EA4965EF3D86}.Ad-Hoc|iPhone.ActiveCfg = Ad-Hoc|iPhone
		{E82D6D24-838D-40E9-8660-EA4965EF3D86}.Ad-Hoc|iPhone.Build.0 = Ad-Hoc|iPhone
		{E82D6D24-838D-40E9-8660-EA4965EF3D86}.Ad-Hoc|iPhoneSimulator.ActiveCfg = Ad-Hoc|iPhoneSimulator
		{E82D6D24-838D-40E9-8660-EA4965EF3D86}.Ad-Hoc|iPhoneSimulator.Build.0 = Ad-Hoc|iPhoneSimulator
		{E82D6D24-838D-40E9-8660-EA4965EF3D86}.Ad-Hoc|x64.ActiveCfg = Ad-Hoc|iPhone
		{E82D6D24-838D-40E9-8660-EA4965EF3D86}.Ad-Hoc|x86.ActiveCfg = Ad-Hoc|iPhone
		{E82D6D24-838D-40E9-8660-EA4965EF3D86}.AppStore|Any CPU.ActiveCfg = AppStore|iPhone
		{E82D6D24-838D-40E9-8660-EA4965EF3D86}.AppStore|ARM.ActiveCfg = AppStore|iPhone
		{E82D6D24-838D-40E9-8660-EA4965EF3D86}.AppStore|iPhone.ActiveCfg = AppStore|iPhone
		{E82D6D24-838D-40E9-8660-EA4965EF3D86}.AppStore|iPhone.Build.0 = AppStore|iPhone
		{E82D6D24-838D-40E9-8660-EA4965EF3D86}.AppStore|iPhoneSimulator.ActiveCfg = AppStore|iPhoneSimulator
		{E82D6D24-838D-40E9-8660-EA4965EF3D86}.AppStore|iPhoneSimulator.Build.0 = AppStore|iPhoneSimulator
		{E82D6D24-838D-40E9-8660-EA4965EF3D86}.AppStore|x64.ActiveCfg = AppStore|iPhone
		{E82D6D24-838D-40E9-8660-EA4965EF3D86}.AppStore|x86.ActiveCfg = AppStore|iPhone
		{E82D6D24-838D-40E9-8660-EA4965EF3D86}.Debug|Any CPU.ActiveCfg = Debug|iPhone
		{E82D6D24-838D-40E9-8660-EA4965EF3D86}.Debug|ARM.ActiveCfg = Debug|iPhone
		{E82D6D24-838D-40E9-8660-EA4965EF3D86}.Debug|iPhone.ActiveCfg = Debug|iPhone
		{E82D6D24-838D-40E9-8660-EA4965EF3D86}.Debug|iPhone.Build.0 = Debug|iPhone
		{E82D6D24-838D-40E9-8660-EA4965EF3D86}.Debug|iPhoneSimulator.ActiveCfg = Debug|iPhoneSimulator
		{E82D6D24-838D-40E9-8660-EA4965EF3D86}.Debug|iPhoneSimulator.Build.0 = Debug|iPhoneSimulator
		{E82D6D24-838D-40E9-8660-EA4965EF3D86}.Debug|x64.ActiveCfg = Debug|iPhone
		{E82D6D24-838D-40E9-8660-EA4965EF3D86}.Debug|x86.ActiveCfg = Debug|iPhone
		{E82D6D24-838D-40E9-8660-EA4965EF3D86}.Release|Any CPU.ActiveCfg = Release|iPhone
		{E82D6D24-838D-40E9-8660-EA4965EF3D86}.Release|ARM.ActiveCfg = Release|iPhone
		{E82D6D24-838D-40E9-8660-EA4965EF3D86}.Release|iPhone.ActiveCfg = Release|iPhone
		{E82D6D24-838D-40E9-8660-EA4965EF3D86}.Release|iPhone.Build.0 = Release|iPhone
		{E82D6D24-838D-40E9-8660-EA4965EF3D86}.Release|iPhoneSimulator.ActiveCfg = Release|iPhoneSimulator
		{E82D6D24-838D-40E9-8660-EA4965EF3D86}.Release|iPhoneSimulator.Build.0 = Release|iPhoneSimulator
		{E82D6D24-838D-40E9-8660-EA4965EF3D86}.Release|x64.ActiveCfg = Release|iPhone
		{E82D6D24-838D-40E9-8660-EA4965EF3D86}.Release|x86.ActiveCfg = Release|iPhone
		{97365DAA-D192-4C3E-9FF4-E2CF266DC024}.Ad-Hoc|Any CPU.ActiveCfg = Release|Any CPU
		{97365DAA-D192-4C3E-9FF4-E2CF266DC024}.Ad-Hoc|Any CPU.Build.0 = Release|Any CPU
		{97365DAA-D192-4C3E-9FF4-E2CF266DC024}.Ad-Hoc|Any CPU.Deploy.0 = Release|Any CPU
		{97365DAA-D192-4C3E-9FF4-E2CF266DC024}.Ad-Hoc|ARM.ActiveCfg = Release|ARM
		{97365DAA-D192-4C3E-9FF4-E2CF266DC024}.Ad-Hoc|ARM.Build.0 = Release|ARM
		{97365DAA-D192-4C3E-9FF4-E2CF266DC024}.Ad-Hoc|ARM.Deploy.0 = Release|ARM
		{97365DAA-D192-4C3E-9FF4-E2CF266DC024}.Ad-Hoc|iPhone.ActiveCfg = Release|Any CPU
		{97365DAA-D192-4C3E-9FF4-E2CF266DC024}.Ad-Hoc|iPhone.Build.0 = Release|Any CPU
		{97365DAA-D192-4C3E-9FF4-E2CF266DC024}.Ad-Hoc|iPhone.Deploy.0 = Release|Any CPU
		{97365DAA-D192-4C3E-9FF4-E2CF266DC024}.Ad-Hoc|iPhoneSimulator.ActiveCfg = Release|Any CPU
		{97365DAA-D192-4C3E-9FF4-E2CF266DC024}.Ad-Hoc|iPhoneSimulator.Build.0 = Release|Any CPU
		{97365DAA-D192-4C3E-9FF4-E2CF266DC024}.Ad-Hoc|iPhoneSimulator.Deploy.0 = Release|Any CPU
		{97365DAA-D192-4C3E-9FF4-E2CF266DC024}.Ad-Hoc|x64.ActiveCfg = Release|Any CPU
		{97365DAA-D192-4C3E-9FF4-E2CF266DC024}.Ad-Hoc|x64.Build.0 = Release|Any CPU
		{97365DAA-D192-4C3E-9FF4-E2CF266DC024}.Ad-Hoc|x64.Deploy.0 = Release|Any CPU
		{97365DAA-D192-4C3E-9FF4-E2CF266DC024}.Ad-Hoc|x86.ActiveCfg = Release|x86
		{97365DAA-D192-4C3E-9FF4-E2CF266DC024}.Ad-Hoc|x86.Build.0 = Release|x86
		{97365DAA-D192-4C3E-9FF4-E2CF266DC024}.Ad-Hoc|x86.Deploy.0 = Release|x86
		{97365DAA-D192-4C3E-9FF4-E2CF266DC024}.AppStore|Any CPU.ActiveCfg = Release|Any CPU
		{97365DAA-D192-4C3E-9FF4-E2CF266DC024}.AppStore|Any CPU.Build.0 = Release|Any CPU
		{97365DAA-D192-4C3E-9FF4-E2CF266DC024}.AppStore|Any CPU.Deploy.0 = Release|Any CPU
		{97365DAA-D192-4C3E-9FF4-E2CF266DC024}.AppStore|ARM.ActiveCfg = Release|ARM
		{97365DAA-D192-4C3E-9FF4-E2CF266DC024}.AppStore|ARM.Build.0 = Release|ARM
		{97365DAA-D192-4C3E-9FF4-E2CF266DC024}.AppStore|ARM.Deploy.0 = Release|ARM
		{97365DAA-D192-4C3E-9FF4-E2CF266DC024}.AppStore|iPhone.ActiveCfg = Release|Any CPU
		{97365DAA-D192-4C3E-9FF4-E2CF266DC024}.AppStore|iPhone.Build.0 = Release|Any CPU
		{97365DAA-D192-4C3E-9FF4-E2CF266DC024}.AppStore|iPhone.Deploy.0 = Release|Any CPU
		{97365DAA-D192-4C3E-9FF4-E2CF266DC024}.AppStore|iPhoneSimulator.ActiveCfg = Release|Any CPU
		{97365DAA-D192-4C3E-9FF4-E2CF266DC024}.AppStore|iPhoneSimulator.Build.0 = Release|Any CPU
		{97365DAA-D192-4C3E-9FF4-E2CF266DC024}.AppStore|iPhoneSimulator.Deploy.0 = Release|Any CPU
		{97365DAA-D192-4C3E-9FF4-E2CF266DC024}.AppStore|x64.ActiveCfg = Release|Any CPU
		{97365DAA-D192-4C3E-9FF4-E2CF266DC024}.AppStore|x64.Build.0 = Release|Any CPU
		{97365DAA-D192-4C3E-9FF4-E2CF266DC024}.AppStore|x64.Deploy.0 = Release|Any CPU
		{97365DAA-D192-4C3E-9FF4-E2CF266DC024}.AppStore|x86.ActiveCfg = Release|x86
		{97365DAA-D192-4C3E-9FF4-E2CF266DC024}.AppStore|x86.Build.0 = Release|x86
		{97365DAA-D192-4C3E-9FF4-E2CF266DC024}.AppStore|x86.Deploy.0 = Release|x86
		{97365DAA-D192-4C3E-9FF4-E2CF266DC024}.Debug|Any CPU.ActiveCfg = Debug|Any CPU
		{97365DAA-D192-4C3E-9FF4-E2CF266DC024}.Debug|Any CPU.Build.0 = Debug|Any CPU
		{97365DAA-D192-4C3E-9FF4-E2CF266DC024}.Debug|Any CPU.Deploy.0 = Debug|Any CPU
		{97365DAA-D192-4C3E-9FF4-E2CF266DC024}.Debug|ARM.ActiveCfg = Debug|ARM
		{97365DAA-D192-4C3E-9FF4-E2CF266DC024}.Debug|ARM.Build.0 = Debug|ARM
		{97365DAA-D192-4C3E-9FF4-E2CF266DC024}.Debug|ARM.Deploy.0 = Debug|ARM
		{97365DAA-D192-4C3E-9FF4-E2CF266DC024}.Debug|iPhone.ActiveCfg = Debug|Any CPU
		{97365DAA-D192-4C3E-9FF4-E2CF266DC024}.Debug|iPhone.Build.0 = Debug|Any CPU
		{97365DAA-D192-4C3E-9FF4-E2CF266DC024}.Debug|iPhone.Deploy.0 = Debug|Any CPU
		{97365DAA-D192-4C3E-9FF4-E2CF266DC024}.Debug|iPhoneSimulator.ActiveCfg = Debug|Any CPU
		{97365DAA-D192-4C3E-9FF4-E2CF266DC024}.Debug|iPhoneSimulator.Build.0 = Debug|Any CPU
		{97365DAA-D192-4C3E-9FF4-E2CF266DC024}.Debug|iPhoneSimulator.Deploy.0 = Debug|Any CPU
		{97365DAA-D192-4C3E-9FF4-E2CF266DC024}.Debug|x64.ActiveCfg = Debug|Any CPU
		{97365DAA-D192-4C3E-9FF4-E2CF266DC024}.Debug|x64.Build.0 = Debug|Any CPU
		{97365DAA-D192-4C3E-9FF4-E2CF266DC024}.Debug|x64.Deploy.0 = Debug|Any CPU
		{97365DAA-D192-4C3E-9FF4-E2CF266DC024}.Debug|x86.ActiveCfg = Debug|x86
		{97365DAA-D192-4C3E-9FF4-E2CF266DC024}.Debug|x86.Build.0 = Debug|x86
		{97365DAA-D192-4C3E-9FF4-E2CF266DC024}.Debug|x86.Deploy.0 = Debug|x86
		{97365DAA-D192-4C3E-9FF4-E2CF266DC024}.Release|Any CPU.ActiveCfg = Release|Any CPU
		{97365DAA-D192-4C3E-9FF4-E2CF266DC024}.Release|Any CPU.Build.0 = Release|Any CPU
		{97365DAA-D192-4C3E-9FF4-E2CF266DC024}.Release|Any CPU.Deploy.0 = Release|Any CPU
		{97365DAA-D192-4C3E-9FF4-E2CF266DC024}.Release|ARM.ActiveCfg = Release|ARM
		{97365DAA-D192-4C3E-9FF4-E2CF266DC024}.Release|ARM.Build.0 = Release|ARM
		{97365DAA-D192-4C3E-9FF4-E2CF266DC024}.Release|ARM.Deploy.0 = Release|ARM
		{97365DAA-D192-4C3E-9FF4-E2CF266DC024}.Release|iPhone.ActiveCfg = Release|Any CPU
		{97365DAA-D192-4C3E-9FF4-E2CF266DC024}.Release|iPhone.Build.0 = Release|Any CPU
		{97365DAA-D192-4C3E-9FF4-E2CF266DC024}.Release|iPhone.Deploy.0 = Release|Any CPU
		{97365DAA-D192-4C3E-9FF4-E2CF266DC024}.Release|iPhoneSimulator.ActiveCfg = Release|Any CPU
		{97365DAA-D192-4C3E-9FF4-E2CF266DC024}.Release|iPhoneSimulator.Build.0 = Release|Any CPU
		{97365DAA-D192-4C3E-9FF4-E2CF266DC024}.Release|iPhoneSimulator.Deploy.0 = Release|Any CPU
		{97365DAA-D192-4C3E-9FF4-E2CF266DC024}.Release|x64.ActiveCfg = Release|Any CPU
		{97365DAA-D192-4C3E-9FF4-E2CF266DC024}.Release|x64.Build.0 = Release|Any CPU
		{97365DAA-D192-4C3E-9FF4-E2CF266DC024}.Release|x64.Deploy.0 = Release|Any CPU
		{97365DAA-D192-4C3E-9FF4-E2CF266DC024}.Release|x86.ActiveCfg = Release|x86
		{97365DAA-D192-4C3E-9FF4-E2CF266DC024}.Release|x86.Build.0 = Release|x86
		{97365DAA-D192-4C3E-9FF4-E2CF266DC024}.Release|x86.Deploy.0 = Release|x86
		{D89B51F2-7A00-4308-9140-484C6775B4CD}.Ad-Hoc|Any CPU.ActiveCfg = Release|x86
		{D89B51F2-7A00-4308-9140-484C6775B4CD}.Ad-Hoc|Any CPU.Build.0 = Release|x86
		{D89B51F2-7A00-4308-9140-484C6775B4CD}.Ad-Hoc|Any CPU.Deploy.0 = Release|x86
		{D89B51F2-7A00-4308-9140-484C6775B4CD}.Ad-Hoc|ARM.ActiveCfg = Release|ARM
		{D89B51F2-7A00-4308-9140-484C6775B4CD}.Ad-Hoc|ARM.Build.0 = Release|ARM
		{D89B51F2-7A00-4308-9140-484C6775B4CD}.Ad-Hoc|ARM.Deploy.0 = Release|ARM
		{D89B51F2-7A00-4308-9140-484C6775B4CD}.Ad-Hoc|iPhone.ActiveCfg = Release|x86
		{D89B51F2-7A00-4308-9140-484C6775B4CD}.Ad-Hoc|iPhone.Build.0 = Release|x86
		{D89B51F2-7A00-4308-9140-484C6775B4CD}.Ad-Hoc|iPhone.Deploy.0 = Release|x86
		{D89B51F2-7A00-4308-9140-484C6775B4CD}.Ad-Hoc|iPhoneSimulator.ActiveCfg = Release|x86
		{D89B51F2-7A00-4308-9140-484C6775B4CD}.Ad-Hoc|iPhoneSimulator.Build.0 = Release|x86
		{D89B51F2-7A00-4308-9140-484C6775B4CD}.Ad-Hoc|iPhoneSimulator.Deploy.0 = Release|x86
		{D89B51F2-7A00-4308-9140-484C6775B4CD}.Ad-Hoc|x64.ActiveCfg = Release|x64
		{D89B51F2-7A00-4308-9140-484C6775B4CD}.Ad-Hoc|x64.Build.0 = Release|x64
		{D89B51F2-7A00-4308-9140-484C6775B4CD}.Ad-Hoc|x64.Deploy.0 = Release|x64
		{D89B51F2-7A00-4308-9140-484C6775B4CD}.Ad-Hoc|x86.ActiveCfg = Release|x86
		{D89B51F2-7A00-4308-9140-484C6775B4CD}.Ad-Hoc|x86.Build.0 = Release|x86
		{D89B51F2-7A00-4308-9140-484C6775B4CD}.Ad-Hoc|x86.Deploy.0 = Release|x86
		{D89B51F2-7A00-4308-9140-484C6775B4CD}.AppStore|Any CPU.ActiveCfg = Release|x86
		{D89B51F2-7A00-4308-9140-484C6775B4CD}.AppStore|Any CPU.Build.0 = Release|x86
		{D89B51F2-7A00-4308-9140-484C6775B4CD}.AppStore|Any CPU.Deploy.0 = Release|x86
		{D89B51F2-7A00-4308-9140-484C6775B4CD}.AppStore|ARM.ActiveCfg = Release|ARM
		{D89B51F2-7A00-4308-9140-484C6775B4CD}.AppStore|ARM.Build.0 = Release|ARM
		{D89B51F2-7A00-4308-9140-484C6775B4CD}.AppStore|ARM.Deploy.0 = Release|ARM
		{D89B51F2-7A00-4308-9140-484C6775B4CD}.AppStore|iPhone.ActiveCfg = Release|x86
		{D89B51F2-7A00-4308-9140-484C6775B4CD}.AppStore|iPhone.Build.0 = Release|x86
		{D89B51F2-7A00-4308-9140-484C6775B4CD}.AppStore|iPhone.Deploy.0 = Release|x86
		{D89B51F2-7A00-4308-9140-484C6775B4CD}.AppStore|iPhoneSimulator.ActiveCfg = Release|x86
		{D89B51F2-7A00-4308-9140-484C6775B4CD}.AppStore|iPhoneSimulator.Build.0 = Release|x86
		{D89B51F2-7A00-4308-9140-484C6775B4CD}.AppStore|iPhoneSimulator.Deploy.0 = Release|x86
		{D89B51F2-7A00-4308-9140-484C6775B4CD}.AppStore|x64.ActiveCfg = Release|x64
		{D89B51F2-7A00-4308-9140-484C6775B4CD}.AppStore|x64.Build.0 = Release|x64
		{D89B51F2-7A00-4308-9140-484C6775B4CD}.AppStore|x64.Deploy.0 = Release|x64
		{D89B51F2-7A00-4308-9140-484C6775B4CD}.AppStore|x86.ActiveCfg = Release|x86
		{D89B51F2-7A00-4308-9140-484C6775B4CD}.AppStore|x86.Build.0 = Release|x86
		{D89B51F2-7A00-4308-9140-484C6775B4CD}.AppStore|x86.Deploy.0 = Release|x86
		{D89B51F2-7A00-4308-9140-484C6775B4CD}.Debug|Any CPU.ActiveCfg = Debug|x86
		{D89B51F2-7A00-4308-9140-484C6775B4CD}.Debug|ARM.ActiveCfg = Debug|ARM
		{D89B51F2-7A00-4308-9140-484C6775B4CD}.Debug|ARM.Build.0 = Debug|ARM
		{D89B51F2-7A00-4308-9140-484C6775B4CD}.Debug|ARM.Deploy.0 = Debug|ARM
		{D89B51F2-7A00-4308-9140-484C6775B4CD}.Debug|iPhone.ActiveCfg = Debug|x86
		{D89B51F2-7A00-4308-9140-484C6775B4CD}.Debug|iPhoneSimulator.ActiveCfg = Debug|x86
		{D89B51F2-7A00-4308-9140-484C6775B4CD}.Debug|x64.ActiveCfg = Debug|x64
		{D89B51F2-7A00-4308-9140-484C6775B4CD}.Debug|x64.Build.0 = Debug|x64
		{D89B51F2-7A00-4308-9140-484C6775B4CD}.Debug|x64.Deploy.0 = Debug|x64
		{D89B51F2-7A00-4308-9140-484C6775B4CD}.Debug|x86.ActiveCfg = Debug|x86
		{D89B51F2-7A00-4308-9140-484C6775B4CD}.Debug|x86.Build.0 = Debug|x86
		{D89B51F2-7A00-4308-9140-484C6775B4CD}.Debug|x86.Deploy.0 = Debug|x86
		{D89B51F2-7A00-4308-9140-484C6775B4CD}.Release|Any CPU.ActiveCfg = Release|x86
		{D89B51F2-7A00-4308-9140-484C6775B4CD}.Release|ARM.ActiveCfg = Release|ARM
		{D89B51F2-7A00-4308-9140-484C6775B4CD}.Release|ARM.Build.0 = Release|ARM
		{D89B51F2-7A00-4308-9140-484C6775B4CD}.Release|ARM.Deploy.0 = Release|ARM
		{D89B51F2-7A00-4308-9140-484C6775B4CD}.Release|iPhone.ActiveCfg = Release|x86
		{D89B51F2-7A00-4308-9140-484C6775B4CD}.Release|iPhoneSimulator.ActiveCfg = Release|x86
		{D89B51F2-7A00-4308-9140-484C6775B4CD}.Release|x64.ActiveCfg = Release|x64
		{D89B51F2-7A00-4308-9140-484C6775B4CD}.Release|x64.Build.0 = Release|x64
		{D89B51F2-7A00-4308-9140-484C6775B4CD}.Release|x64.Deploy.0 = Release|x64
		{D89B51F2-7A00-4308-9140-484C6775B4CD}.Release|x86.ActiveCfg = Release|x86
		{D89B51F2-7A00-4308-9140-484C6775B4CD}.Release|x86.Build.0 = Release|x86
		{D89B51F2-7A00-4308-9140-484C6775B4CD}.Release|x86.Deploy.0 = Release|x86
		{02132969-DBF2-4492-B1E1-FB1DF1E53B74}.Ad-Hoc|Any CPU.ActiveCfg = Release|Any CPU
		{02132969-DBF2-4492-B1E1-FB1DF1E53B74}.Ad-Hoc|Any CPU.Build.0 = Release|Any CPU
		{02132969-DBF2-4492-B1E1-FB1DF1E53B74}.Ad-Hoc|Any CPU.Deploy.0 = Release|Any CPU
		{02132969-DBF2-4492-B1E1-FB1DF1E53B74}.Ad-Hoc|ARM.ActiveCfg = Release|ARM
		{02132969-DBF2-4492-B1E1-FB1DF1E53B74}.Ad-Hoc|ARM.Build.0 = Release|ARM
		{02132969-DBF2-4492-B1E1-FB1DF1E53B74}.Ad-Hoc|ARM.Deploy.0 = Release|ARM
		{02132969-DBF2-4492-B1E1-FB1DF1E53B74}.Ad-Hoc|iPhone.ActiveCfg = Release|Any CPU
		{02132969-DBF2-4492-B1E1-FB1DF1E53B74}.Ad-Hoc|iPhone.Build.0 = Release|Any CPU
		{02132969-DBF2-4492-B1E1-FB1DF1E53B74}.Ad-Hoc|iPhone.Deploy.0 = Release|Any CPU
		{02132969-DBF2-4492-B1E1-FB1DF1E53B74}.Ad-Hoc|iPhoneSimulator.ActiveCfg = Release|Any CPU
		{02132969-DBF2-4492-B1E1-FB1DF1E53B74}.Ad-Hoc|iPhoneSimulator.Build.0 = Release|Any CPU
		{02132969-DBF2-4492-B1E1-FB1DF1E53B74}.Ad-Hoc|iPhoneSimulator.Deploy.0 = Release|Any CPU
		{02132969-DBF2-4492-B1E1-FB1DF1E53B74}.Ad-Hoc|x64.ActiveCfg = Release|x64
		{02132969-DBF2-4492-B1E1-FB1DF1E53B74}.Ad-Hoc|x64.Build.0 = Release|x64
		{02132969-DBF2-4492-B1E1-FB1DF1E53B74}.Ad-Hoc|x64.Deploy.0 = Release|x64
		{02132969-DBF2-4492-B1E1-FB1DF1E53B74}.Ad-Hoc|x86.ActiveCfg = Release|x86
		{02132969-DBF2-4492-B1E1-FB1DF1E53B74}.Ad-Hoc|x86.Build.0 = Release|x86
		{02132969-DBF2-4492-B1E1-FB1DF1E53B74}.Ad-Hoc|x86.Deploy.0 = Release|x86
		{02132969-DBF2-4492-B1E1-FB1DF1E53B74}.AppStore|Any CPU.ActiveCfg = Release|Any CPU
		{02132969-DBF2-4492-B1E1-FB1DF1E53B74}.AppStore|Any CPU.Build.0 = Release|Any CPU
		{02132969-DBF2-4492-B1E1-FB1DF1E53B74}.AppStore|Any CPU.Deploy.0 = Release|Any CPU
		{02132969-DBF2-4492-B1E1-FB1DF1E53B74}.AppStore|ARM.ActiveCfg = Release|ARM
		{02132969-DBF2-4492-B1E1-FB1DF1E53B74}.AppStore|ARM.Build.0 = Release|ARM
		{02132969-DBF2-4492-B1E1-FB1DF1E53B74}.AppStore|ARM.Deploy.0 = Release|ARM
		{02132969-DBF2-4492-B1E1-FB1DF1E53B74}.AppStore|iPhone.ActiveCfg = Release|Any CPU
		{02132969-DBF2-4492-B1E1-FB1DF1E53B74}.AppStore|iPhone.Build.0 = Release|Any CPU
		{02132969-DBF2-4492-B1E1-FB1DF1E53B74}.AppStore|iPhone.Deploy.0 = Release|Any CPU
		{02132969-DBF2-4492-B1E1-FB1DF1E53B74}.AppStore|iPhoneSimulator.ActiveCfg = Release|Any CPU
		{02132969-DBF2-4492-B1E1-FB1DF1E53B74}.AppStore|iPhoneSimulator.Build.0 = Release|Any CPU
		{02132969-DBF2-4492-B1E1-FB1DF1E53B74}.AppStore|iPhoneSimulator.Deploy.0 = Release|Any CPU
		{02132969-DBF2-4492-B1E1-FB1DF1E53B74}.AppStore|x64.ActiveCfg = Release|x64
		{02132969-DBF2-4492-B1E1-FB1DF1E53B74}.AppStore|x64.Build.0 = Release|x64
		{02132969-DBF2-4492-B1E1-FB1DF1E53B74}.AppStore|x64.Deploy.0 = Release|x64
		{02132969-DBF2-4492-B1E1-FB1DF1E53B74}.AppStore|x86.ActiveCfg = Release|x86
		{02132969-DBF2-4492-B1E1-FB1DF1E53B74}.AppStore|x86.Build.0 = Release|x86
		{02132969-DBF2-4492-B1E1-FB1DF1E53B74}.AppStore|x86.Deploy.0 = Release|x86
		{02132969-DBF2-4492-B1E1-FB1DF1E53B74}.Debug|Any CPU.ActiveCfg = Debug|Any CPU
		{02132969-DBF2-4492-B1E1-FB1DF1E53B74}.Debug|Any CPU.Build.0 = Debug|Any CPU
		{02132969-DBF2-4492-B1E1-FB1DF1E53B74}.Debug|Any CPU.Deploy.0 = Debug|Any CPU
		{02132969-DBF2-4492-B1E1-FB1DF1E53B74}.Debug|ARM.ActiveCfg = Debug|ARM
		{02132969-DBF2-4492-B1E1-FB1DF1E53B74}.Debug|ARM.Build.0 = Debug|ARM
		{02132969-DBF2-4492-B1E1-FB1DF1E53B74}.Debug|ARM.Deploy.0 = Debug|ARM
		{02132969-DBF2-4492-B1E1-FB1DF1E53B74}.Debug|iPhone.ActiveCfg = Debug|Any CPU
		{02132969-DBF2-4492-B1E1-FB1DF1E53B74}.Debug|iPhone.Build.0 = Debug|Any CPU
		{02132969-DBF2-4492-B1E1-FB1DF1E53B74}.Debug|iPhone.Deploy.0 = Debug|Any CPU
		{02132969-DBF2-4492-B1E1-FB1DF1E53B74}.Debug|iPhoneSimulator.ActiveCfg = Debug|Any CPU
		{02132969-DBF2-4492-B1E1-FB1DF1E53B74}.Debug|iPhoneSimulator.Build.0 = Debug|Any CPU
		{02132969-DBF2-4492-B1E1-FB1DF1E53B74}.Debug|iPhoneSimulator.Deploy.0 = Debug|Any CPU
		{02132969-DBF2-4492-B1E1-FB1DF1E53B74}.Debug|x64.ActiveCfg = Debug|x64
		{02132969-DBF2-4492-B1E1-FB1DF1E53B74}.Debug|x64.Build.0 = Debug|x64
		{02132969-DBF2-4492-B1E1-FB1DF1E53B74}.Debug|x64.Deploy.0 = Debug|x64
		{02132969-DBF2-4492-B1E1-FB1DF1E53B74}.Debug|x86.ActiveCfg = Debug|x86
		{02132969-DBF2-4492-B1E1-FB1DF1E53B74}.Debug|x86.Build.0 = Debug|x86
		{02132969-DBF2-4492-B1E1-FB1DF1E53B74}.Debug|x86.Deploy.0 = Debug|x86
		{02132969-DBF2-4492-B1E1-FB1DF1E53B74}.Release|Any CPU.ActiveCfg = Release|Any CPU
		{02132969-DBF2-4492-B1E1-FB1DF1E53B74}.Release|Any CPU.Build.0 = Release|Any CPU
		{02132969-DBF2-4492-B1E1-FB1DF1E53B74}.Release|Any CPU.Deploy.0 = Release|Any CPU
		{02132969-DBF2-4492-B1E1-FB1DF1E53B74}.Release|ARM.ActiveCfg = Release|ARM
		{02132969-DBF2-4492-B1E1-FB1DF1E53B74}.Release|ARM.Build.0 = Release|ARM
		{02132969-DBF2-4492-B1E1-FB1DF1E53B74}.Release|ARM.Deploy.0 = Release|ARM
		{02132969-DBF2-4492-B1E1-FB1DF1E53B74}.Release|iPhone.ActiveCfg = Release|Any CPU
		{02132969-DBF2-4492-B1E1-FB1DF1E53B74}.Release|iPhone.Build.0 = Release|Any CPU
		{02132969-DBF2-4492-B1E1-FB1DF1E53B74}.Release|iPhone.Deploy.0 = Release|Any CPU
		{02132969-DBF2-4492-B1E1-FB1DF1E53B74}.Release|iPhoneSimulator.ActiveCfg = Release|Any CPU
		{02132969-DBF2-4492-B1E1-FB1DF1E53B74}.Release|iPhoneSimulator.Build.0 = Release|Any CPU
		{02132969-DBF2-4492-B1E1-FB1DF1E53B74}.Release|iPhoneSimulator.Deploy.0 = Release|Any CPU
		{02132969-DBF2-4492-B1E1-FB1DF1E53B74}.Release|x64.ActiveCfg = Release|x64
		{02132969-DBF2-4492-B1E1-FB1DF1E53B74}.Release|x64.Build.0 = Release|x64
		{02132969-DBF2-4492-B1E1-FB1DF1E53B74}.Release|x64.Deploy.0 = Release|x64
		{02132969-DBF2-4492-B1E1-FB1DF1E53B74}.Release|x86.ActiveCfg = Release|x86
		{02132969-DBF2-4492-B1E1-FB1DF1E53B74}.Release|x86.Build.0 = Release|x86
		{02132969-DBF2-4492-B1E1-FB1DF1E53B74}.Release|x86.Deploy.0 = Release|x86
		{E3551BB0-032D-402F-9DC7-F7B8F1E6D1CE}.Ad-Hoc|Any CPU.ActiveCfg = Release|Any CPU
		{E3551BB0-032D-402F-9DC7-F7B8F1E6D1CE}.Ad-Hoc|Any CPU.Build.0 = Release|Any CPU
		{E3551BB0-032D-402F-9DC7-F7B8F1E6D1CE}.Ad-Hoc|ARM.ActiveCfg = Release|Any CPU
		{E3551BB0-032D-402F-9DC7-F7B8F1E6D1CE}.Ad-Hoc|ARM.Build.0 = Release|Any CPU
		{E3551BB0-032D-402F-9DC7-F7B8F1E6D1CE}.Ad-Hoc|iPhone.ActiveCfg = Release|Any CPU
		{E3551BB0-032D-402F-9DC7-F7B8F1E6D1CE}.Ad-Hoc|iPhone.Build.0 = Release|Any CPU
		{E3551BB0-032D-402F-9DC7-F7B8F1E6D1CE}.Ad-Hoc|iPhoneSimulator.ActiveCfg = Release|Any CPU
		{E3551BB0-032D-402F-9DC7-F7B8F1E6D1CE}.Ad-Hoc|iPhoneSimulator.Build.0 = Release|Any CPU
		{E3551BB0-032D-402F-9DC7-F7B8F1E6D1CE}.Ad-Hoc|x64.ActiveCfg = Release|Any CPU
		{E3551BB0-032D-402F-9DC7-F7B8F1E6D1CE}.Ad-Hoc|x64.Build.0 = Release|Any CPU
		{E3551BB0-032D-402F-9DC7-F7B8F1E6D1CE}.Ad-Hoc|x86.ActiveCfg = Release|Any CPU
		{E3551BB0-032D-402F-9DC7-F7B8F1E6D1CE}.Ad-Hoc|x86.Build.0 = Release|Any CPU
		{E3551BB0-032D-402F-9DC7-F7B8F1E6D1CE}.AppStore|Any CPU.ActiveCfg = Release|Any CPU
		{E3551BB0-032D-402F-9DC7-F7B8F1E6D1CE}.AppStore|Any CPU.Build.0 = Release|Any CPU
		{E3551BB0-032D-402F-9DC7-F7B8F1E6D1CE}.AppStore|ARM.ActiveCfg = Release|Any CPU
		{E3551BB0-032D-402F-9DC7-F7B8F1E6D1CE}.AppStore|ARM.Build.0 = Release|Any CPU
		{E3551BB0-032D-402F-9DC7-F7B8F1E6D1CE}.AppStore|iPhone.ActiveCfg = Release|Any CPU
		{E3551BB0-032D-402F-9DC7-F7B8F1E6D1CE}.AppStore|iPhone.Build.0 = Release|Any CPU
		{E3551BB0-032D-402F-9DC7-F7B8F1E6D1CE}.AppStore|iPhoneSimulator.ActiveCfg = Release|Any CPU
		{E3551BB0-032D-402F-9DC7-F7B8F1E6D1CE}.AppStore|iPhoneSimulator.Build.0 = Release|Any CPU
		{E3551BB0-032D-402F-9DC7-F7B8F1E6D1CE}.AppStore|x64.ActiveCfg = Release|Any CPU
		{E3551BB0-032D-402F-9DC7-F7B8F1E6D1CE}.AppStore|x64.Build.0 = Release|Any CPU
		{E3551BB0-032D-402F-9DC7-F7B8F1E6D1CE}.AppStore|x86.ActiveCfg = Release|Any CPU
		{E3551BB0-032D-402F-9DC7-F7B8F1E6D1CE}.AppStore|x86.Build.0 = Release|Any CPU
		{E3551BB0-032D-402F-9DC7-F7B8F1E6D1CE}.Debug|Any CPU.ActiveCfg = Debug|Any CPU
		{E3551BB0-032D-402F-9DC7-F7B8F1E6D1CE}.Debug|Any CPU.Build.0 = Debug|Any CPU
		{E3551BB0-032D-402F-9DC7-F7B8F1E6D1CE}.Debug|ARM.ActiveCfg = Debug|Any CPU
		{E3551BB0-032D-402F-9DC7-F7B8F1E6D1CE}.Debug|ARM.Build.0 = Debug|Any CPU
		{E3551BB0-032D-402F-9DC7-F7B8F1E6D1CE}.Debug|iPhone.ActiveCfg = Debug|Any CPU
		{E3551BB0-032D-402F-9DC7-F7B8F1E6D1CE}.Debug|iPhone.Build.0 = Debug|Any CPU
		{E3551BB0-032D-402F-9DC7-F7B8F1E6D1CE}.Debug|iPhoneSimulator.ActiveCfg = Debug|Any CPU
		{E3551BB0-032D-402F-9DC7-F7B8F1E6D1CE}.Debug|iPhoneSimulator.Build.0 = Debug|Any CPU
		{E3551BB0-032D-402F-9DC7-F7B8F1E6D1CE}.Debug|x64.ActiveCfg = Debug|Any CPU
		{E3551BB0-032D-402F-9DC7-F7B8F1E6D1CE}.Debug|x64.Build.0 = Debug|Any CPU
		{E3551BB0-032D-402F-9DC7-F7B8F1E6D1CE}.Debug|x86.ActiveCfg = Debug|Any CPU
		{E3551BB0-032D-402F-9DC7-F7B8F1E6D1CE}.Debug|x86.Build.0 = Debug|Any CPU
		{E3551BB0-032D-402F-9DC7-F7B8F1E6D1CE}.Release|Any CPU.ActiveCfg = Release|Any CPU
		{E3551BB0-032D-402F-9DC7-F7B8F1E6D1CE}.Release|Any CPU.Build.0 = Release|Any CPU
		{E3551BB0-032D-402F-9DC7-F7B8F1E6D1CE}.Release|ARM.ActiveCfg = Release|Any CPU
		{E3551BB0-032D-402F-9DC7-F7B8F1E6D1CE}.Release|ARM.Build.0 = Release|Any CPU
		{E3551BB0-032D-402F-9DC7-F7B8F1E6D1CE}.Release|iPhone.ActiveCfg = Release|Any CPU
		{E3551BB0-032D-402F-9DC7-F7B8F1E6D1CE}.Release|iPhone.Build.0 = Release|Any CPU
		{E3551BB0-032D-402F-9DC7-F7B8F1E6D1CE}.Release|iPhoneSimulator.ActiveCfg = Release|Any CPU
		{E3551BB0-032D-402F-9DC7-F7B8F1E6D1CE}.Release|iPhoneSimulator.Build.0 = Release|Any CPU
		{E3551BB0-032D-402F-9DC7-F7B8F1E6D1CE}.Release|x64.ActiveCfg = Release|Any CPU
		{E3551BB0-032D-402F-9DC7-F7B8F1E6D1CE}.Release|x64.Build.0 = Release|Any CPU
		{E3551BB0-032D-402F-9DC7-F7B8F1E6D1CE}.Release|x86.ActiveCfg = Release|Any CPU
		{E3551BB0-032D-402F-9DC7-F7B8F1E6D1CE}.Release|x86.Build.0 = Release|Any CPU
	EndGlobalSection
	GlobalSection(SolutionProperties) = preSolution
		HideSolutionNode = FALSE
	EndGlobalSection
EndGlobal
