
Microsoft Visual Studio Solution File, Format Version 12.00
# Visual Studio 14
VisualStudioVersion = 14.0.25420.1
MinimumVisualStudioVersion = 10.0.40219.1
Project("{FAE04EC0-301F-11D3-BF4B-00C04F79EFBC}") = "XFLayoutOptions.Droid", "XFLayoutOptions\XFLayoutOptions.Droid\XFLayoutOptions.Droid.csproj", "{6B65AA4B-C85D-4B28-AC74-99A155D0E88D}"
EndProject
Project("{FAE04EC0-301F-11D3-BF4B-00C04F79EFBC}") = "XFLayoutOptions.iOS", "XFLayoutOptions\XFLayoutOptions.iOS\XFLayoutOptions.iOS.csproj", "{C8551D40-9149-49FD-876A-59B5A1CBFCF5}"
EndProject
Project("{FAE04EC0-301F-11D3-BF4B-00C04F79EFBC}") = "XFLayoutOptions.WinPhone", "XFLayoutOptions\XFLayoutOptions.WinPhone\XFLayoutOptions.WinPhone.csproj", "{0837E581-45BA-4485-8C49-8D6F01FFFDBA}"
EndProject
Project("{FAE04EC0-301F-11D3-BF4B-00C04F79EFBC}") = "XFLayoutOptions.UWP", "XFLayoutOptions\XFLayoutOptions.UWP\XFLayoutOptions.UWP.csproj", "{BC14F47C-21B5-4EB6-9E24-F4B695F30913}"
EndProject
Project("{FAE04EC0-301F-11D3-BF4B-00C04F79EFBC}") = "XFLayoutOptions.Windows", "XFLayoutOptions\XFLayoutOptions.Windows\XFLayoutOptions.Windows.csproj", "{051A99C0-83DC-48D5-A22B-A27A328E0DDC}"
EndProject
Project("{FAE04EC0-301F-11D3-BF4B-00C04F79EFBC}") = "XFLayoutOptions", "XFLayoutOptions\XFLayoutOptions\XFLayoutOptions.csproj", "{8051E634-2343-4E96-9296-3D2E18AB3501}"
EndProject
Global
	GlobalSection(SolutionConfigurationPlatforms) = preSolution
		Ad-Hoc|Any CPU = Ad-Hoc|Any CPU
		Ad-Hoc|ARM = Ad-Hoc|ARM
		Ad-Hoc|iPhone = Ad-Hoc|iPhone
		Ad-Hoc|iPhoneSimulator = Ad-Hoc|iPhoneSimulator
		Ad-Hoc|x64 = Ad-Hoc|x64
		Ad-Hoc|x86 = Ad-Hoc|x86
		AppStore|Any CPU = AppStore|Any CPU
		AppStore|ARM = AppStore|ARM
		AppStore|iPhone = AppStore|iPhone
		AppStore|iPhoneSimulator = AppStore|iPhoneSimulator
		AppStore|x64 = AppStore|x64
		AppStore|x86 = AppStore|x86
		Debug|Any CPU = Debug|Any CPU
		Debug|ARM = Debug|ARM
		Debug|iPhone = Debug|iPhone
		Debug|iPhoneSimulator = Debug|iPhoneSimulator
		Debug|x64 = Debug|x64
		Debug|x86 = Debug|x86
		Release|Any CPU = Release|Any CPU
		Release|ARM = Release|ARM
		Release|iPhone = Release|iPhone
		Release|iPhoneSimulator = Release|iPhoneSimulator
		Release|x64 = Release|x64
		Release|x86 = Release|x86
	EndGlobalSection
	GlobalSection(ProjectConfigurationPlatforms) = postSolution
		{6B65AA4B-C85D-4B28-AC74-99A155D0E88D}.Ad-Hoc|Any CPU.ActiveCfg = Release|Any CPU
		{6B65AA4B-C85D-4B28-AC74-99A155D0E88D}.Ad-Hoc|Any CPU.Build.0 = Release|Any CPU
		{6B65AA4B-C85D-4B28-AC74-99A155D0E88D}.Ad-Hoc|Any CPU.Deploy.0 = Release|Any CPU
		{6B65AA4B-C85D-4B28-AC74-99A155D0E88D}.Ad-Hoc|ARM.ActiveCfg = Release|Any CPU
		{6B65AA4B-C85D-4B28-AC74-99A155D0E88D}.Ad-Hoc|ARM.Build.0 = Release|Any CPU
		{6B65AA4B-C85D-4B28-AC74-99A155D0E88D}.Ad-Hoc|ARM.Deploy.0 = Release|Any CPU
		{6B65AA4B-C85D-4B28-AC74-99A155D0E88D}.Ad-Hoc|iPhone.ActiveCfg = Release|Any CPU
		{6B65AA4B-C85D-4B28-AC74-99A155D0E88D}.Ad-Hoc|iPhone.Build.0 = Release|Any CPU
		{6B65AA4B-C85D-4B28-AC74-99A155D0E88D}.Ad-Hoc|iPhone.Deploy.0 = Release|Any CPU
		{6B65AA4B-C85D-4B28-AC74-99A155D0E88D}.Ad-Hoc|iPhoneSimulator.ActiveCfg = Release|Any CPU
		{6B65AA4B-C85D-4B28-AC74-99A155D0E88D}.Ad-Hoc|iPhoneSimulator.Build.0 = Release|Any CPU
		{6B65AA4B-C85D-4B28-AC74-99A155D0E88D}.Ad-Hoc|iPhoneSimulator.Deploy.0 = Release|Any CPU
		{6B65AA4B-C85D-4B28-AC74-99A155D0E88D}.Ad-Hoc|x64.ActiveCfg = Release|Any CPU
		{6B65AA4B-C85D-4B28-AC74-99A155D0E88D}.Ad-Hoc|x64.Build.0 = Release|Any CPU
		{6B65AA4B-C85D-4B28-AC74-99A155D0E88D}.Ad-Hoc|x64.Deploy.0 = Release|Any CPU
		{6B65AA4B-C85D-4B28-AC74-99A155D0E88D}.Ad-Hoc|x86.ActiveCfg = Release|Any CPU
		{6B65AA4B-C85D-4B28-AC74-99A155D0E88D}.Ad-Hoc|x86.Build.0 = Release|Any CPU
		{6B65AA4B-C85D-4B28-AC74-99A155D0E88D}.Ad-Hoc|x86.Deploy.0 = Release|Any CPU
		{6B65AA4B-C85D-4B28-AC74-99A155D0E88D}.AppStore|Any CPU.ActiveCfg = Release|Any CPU
		{6B65AA4B-C85D-4B28-AC74-99A155D0E88D}.AppStore|Any CPU.Build.0 = Release|Any CPU
		{6B65AA4B-C85D-4B28-AC74-99A155D0E88D}.AppStore|Any CPU.Deploy.0 = Release|Any CPU
		{6B65AA4B-C85D-4B28-AC74-99A155D0E88D}.AppStore|ARM.ActiveCfg = Release|Any CPU
		{6B65AA4B-C85D-4B28-AC74-99A155D0E88D}.AppStore|ARM.Build.0 = Release|Any CPU
		{6B65AA4B-C85D-4B28-AC74-99A155D0E88D}.AppStore|ARM.Deploy.0 = Release|Any CPU
		{6B65AA4B-C85D-4B28-AC74-99A155D0E88D}.AppStore|iPhone.ActiveCfg = Release|Any CPU
		{6B65AA4B-C85D-4B28-AC74-99A155D0E88D}.AppStore|iPhone.Build.0 = Release|Any CPU
		{6B65AA4B-C85D-4B28-AC74-99A155D0E88D}.AppStore|iPhone.Deploy.0 = Release|Any CPU
		{6B65AA4B-C85D-4B28-AC74-99A155D0E88D}.AppStore|iPhoneSimulator.ActiveCfg = Release|Any CPU
		{6B65AA4B-C85D-4B28-AC74-99A155D0E88D}.AppStore|iPhoneSimulator.Build.0 = Release|Any CPU
		{6B65AA4B-C85D-4B28-AC74-99A155D0E88D}.AppStore|iPhoneSimulator.Deploy.0 = Release|Any CPU
		{6B65AA4B-C85D-4B28-AC74-99A155D0E88D}.AppStore|x64.ActiveCfg = Release|Any CPU
		{6B65AA4B-C85D-4B28-AC74-99A155D0E88D}.AppStore|x64.Build.0 = Release|Any CPU
		{6B65AA4B-C85D-4B28-AC74-99A155D0E88D}.AppStore|x64.Deploy.0 = Release|Any CPU
		{6B65AA4B-C85D-4B28-AC74-99A155D0E88D}.AppStore|x86.ActiveCfg = Release|Any CPU
		{6B65AA4B-C85D-4B28-AC74-99A155D0E88D}.AppStore|x86.Build.0 = Release|Any CPU
		{6B65AA4B-C85D-4B28-AC74-99A155D0E88D}.AppStore|x86.Deploy.0 = Release|Any CPU
		{6B65AA4B-C85D-4B28-AC74-99A155D0E88D}.Debug|Any CPU.ActiveCfg = Debug|Any CPU
		{6B65AA4B-C85D-4B28-AC74-99A155D0E88D}.Debug|Any CPU.Build.0 = Debug|Any CPU
		{6B65AA4B-C85D-4B28-AC74-99A155D0E88D}.Debug|Any CPU.Deploy.0 = Debug|Any CPU
		{6B65AA4B-C85D-4B28-AC74-99A155D0E88D}.Debug|ARM.ActiveCfg = Debug|Any CPU
		{6B65AA4B-C85D-4B28-AC74-99A155D0E88D}.Debug|ARM.Build.0 = Debug|Any CPU
		{6B65AA4B-C85D-4B28-AC74-99A155D0E88D}.Debug|ARM.Deploy.0 = Debug|Any CPU
		{6B65AA4B-C85D-4B28-AC74-99A155D0E88D}.Debug|iPhone.ActiveCfg = Debug|Any CPU
		{6B65AA4B-C85D-4B28-AC74-99A155D0E88D}.Debug|iPhone.Build.0 = Debug|Any CPU
		{6B65AA4B-C85D-4B28-AC74-99A155D0E88D}.Debug|iPhone.Deploy.0 = Debug|Any CPU
		{6B65AA4B-C85D-4B28-AC74-99A155D0E88D}.Debug|iPhoneSimulator.ActiveCfg = Debug|Any CPU
		{6B65AA4B-C85D-4B28-AC74-99A155D0E88D}.Debug|iPhoneSimulator.Build.0 = Debug|Any CPU
		{6B65AA4B-C85D-4B28-AC74-99A155D0E88D}.Debug|iPhoneSimulator.Deploy.0 = Debug|Any CPU
		{6B65AA4B-C85D-4B28-AC74-99A155D0E88D}.Debug|x64.ActiveCfg = Debug|Any CPU
		{6B65AA4B-C85D-4B28-AC74-99A155D0E88D}.Debug|x64.Build.0 = Debug|Any CPU
		{6B65AA4B-C85D-4B28-AC74-99A155D0E88D}.Debug|x64.Deploy.0 = Debug|Any CPU
		{6B65AA4B-C85D-4B28-AC74-99A155D0E88D}.Debug|x86.ActiveCfg = Debug|Any CPU
		{6B65AA4B-C85D-4B28-AC74-99A155D0E88D}.Debug|x86.Build.0 = Debug|Any CPU
		{6B65AA4B-C85D-4B28-AC74-99A155D0E88D}.Debug|x86.Deploy.0 = Debug|Any CPU
		{6B65AA4B-C85D-4B28-AC74-99A155D0E88D}.Release|Any CPU.ActiveCfg = Release|Any CPU
		{6B65AA4B-C85D-4B28-AC74-99A155D0E88D}.Release|Any CPU.Build.0 = Release|Any CPU
		{6B65AA4B-C85D-4B28-AC74-99A155D0E88D}.Release|Any CPU.Deploy.0 = Release|Any CPU
		{6B65AA4B-C85D-4B28-AC74-99A155D0E88D}.Release|ARM.ActiveCfg = Release|Any CPU
		{6B65AA4B-C85D-4B28-AC74-99A155D0E88D}.Release|ARM.Build.0 = Release|Any CPU
		{6B65AA4B-C85D-4B28-AC74-99A155D0E88D}.Release|ARM.Deploy.0 = Release|Any CPU
		{6B65AA4B-C85D-4B28-AC74-99A155D0E88D}.Release|iPhone.ActiveCfg = Release|Any CPU
		{6B65AA4B-C85D-4B28-AC74-99A155D0E88D}.Release|iPhone.Build.0 = Release|Any CPU
		{6B65AA4B-C85D-4B28-AC74-99A155D0E88D}.Release|iPhone.Deploy.0 = Release|Any CPU
		{6B65AA4B-C85D-4B28-AC74-99A155D0E88D}.Release|iPhoneSimulator.ActiveCfg = Release|Any CPU
		{6B65AA4B-C85D-4B28-AC74-99A155D0E88D}.Release|iPhoneSimulator.Build.0 = Release|Any CPU
		{6B65AA4B-C85D-4B28-AC74-99A155D0E88D}.Release|iPhoneSimulator.Deploy.0 = Release|Any CPU
		{6B65AA4B-C85D-4B28-AC74-99A155D0E88D}.Release|x64.ActiveCfg = Release|Any CPU
		{6B65AA4B-C85D-4B28-AC74-99A155D0E88D}.Release|x64.Build.0 = Release|Any CPU
		{6B65AA4B-C85D-4B28-AC74-99A155D0E88D}.Release|x64.Deploy.0 = Release|Any CPU
		{6B65AA4B-C85D-4B28-AC74-99A155D0E88D}.Release|x86.ActiveCfg = Release|Any CPU
		{6B65AA4B-C85D-4B28-AC74-99A155D0E88D}.Release|x86.Build.0 = Release|Any CPU
		{6B65AA4B-C85D-4B28-AC74-99A155D0E88D}.Release|x86.Deploy.0 = Release|Any CPU
		{C8551D40-9149-49FD-876A-59B5A1CBFCF5}.Ad-Hoc|Any CPU.ActiveCfg = Ad-Hoc|iPhone
		{C8551D40-9149-49FD-876A-59B5A1CBFCF5}.Ad-Hoc|ARM.ActiveCfg = Ad-Hoc|iPhone
		{C8551D40-9149-49FD-876A-59B5A1CBFCF5}.Ad-Hoc|iPhone.ActiveCfg = Ad-Hoc|iPhone
		{C8551D40-9149-49FD-876A-59B5A1CBFCF5}.Ad-Hoc|iPhone.Build.0 = Ad-Hoc|iPhone
		{C8551D40-9149-49FD-876A-59B5A1CBFCF5}.Ad-Hoc|iPhoneSimulator.ActiveCfg = Ad-Hoc|iPhoneSimulator
		{C8551D40-9149-49FD-876A-59B5A1CBFCF5}.Ad-Hoc|iPhoneSimulator.Build.0 = Ad-Hoc|iPhoneSimulator
		{C8551D40-9149-49FD-876A-59B5A1CBFCF5}.Ad-Hoc|x64.ActiveCfg = Ad-Hoc|iPhone
		{C8551D40-9149-49FD-876A-59B5A1CBFCF5}.Ad-Hoc|x86.ActiveCfg = Ad-Hoc|iPhone
		{C8551D40-9149-49FD-876A-59B5A1CBFCF5}.AppStore|Any CPU.ActiveCfg = AppStore|iPhone
		{C8551D40-9149-49FD-876A-59B5A1CBFCF5}.AppStore|ARM.ActiveCfg = AppStore|iPhone
		{C8551D40-9149-49FD-876A-59B5A1CBFCF5}.AppStore|iPhone.ActiveCfg = AppStore|iPhone
		{C8551D40-9149-49FD-876A-59B5A1CBFCF5}.AppStore|iPhone.Build.0 = AppStore|iPhone
		{C8551D40-9149-49FD-876A-59B5A1CBFCF5}.AppStore|iPhoneSimulator.ActiveCfg = AppStore|iPhoneSimulator
		{C8551D40-9149-49FD-876A-59B5A1CBFCF5}.AppStore|iPhoneSimulator.Build.0 = AppStore|iPhoneSimulator
		{C8551D40-9149-49FD-876A-59B5A1CBFCF5}.AppStore|x64.ActiveCfg = AppStore|iPhone
		{C8551D40-9149-49FD-876A-59B5A1CBFCF5}.AppStore|x86.ActiveCfg = AppStore|iPhone
		{C8551D40-9149-49FD-876A-59B5A1CBFCF5}.Debug|Any CPU.ActiveCfg = Debug|iPhone
		{C8551D40-9149-49FD-876A-59B5A1CBFCF5}.Debug|ARM.ActiveCfg = Debug|iPhone
		{C8551D40-9149-49FD-876A-59B5A1CBFCF5}.Debug|iPhone.ActiveCfg = Debug|iPhone
		{C8551D40-9149-49FD-876A-59B5A1CBFCF5}.Debug|iPhone.Build.0 = Debug|iPhone
		{C8551D40-9149-49FD-876A-59B5A1CBFCF5}.Debug|iPhoneSimulator.ActiveCfg = Debug|iPhoneSimulator
		{C8551D40-9149-49FD-876A-59B5A1CBFCF5}.Debug|iPhoneSimulator.Build.0 = Debug|iPhoneSimulator
		{C8551D40-9149-49FD-876A-59B5A1CBFCF5}.Debug|x64.ActiveCfg = Debug|iPhone
		{C8551D40-9149-49FD-876A-59B5A1CBFCF5}.Debug|x86.ActiveCfg = Debug|iPhone
		{C8551D40-9149-49FD-876A-59B5A1CBFCF5}.Release|Any CPU.ActiveCfg = Release|iPhone
		{C8551D40-9149-49FD-876A-59B5A1CBFCF5}.Release|ARM.ActiveCfg = Release|iPhone
		{C8551D40-9149-49FD-876A-59B5A1CBFCF5}.Release|iPhone.ActiveCfg = Release|iPhone
		{C8551D40-9149-49FD-876A-59B5A1CBFCF5}.Release|iPhone.Build.0 = Release|iPhone
		{C8551D40-9149-49FD-876A-59B5A1CBFCF5}.Release|iPhoneSimulator.ActiveCfg = Release|iPhoneSimulator
		{C8551D40-9149-49FD-876A-59B5A1CBFCF5}.Release|iPhoneSimulator.Build.0 = Release|iPhoneSimulator
		{C8551D40-9149-49FD-876A-59B5A1CBFCF5}.Release|x64.ActiveCfg = Release|iPhone
		{C8551D40-9149-49FD-876A-59B5A1CBFCF5}.Release|x86.ActiveCfg = Release|iPhone
		{0837E581-45BA-4485-8C49-8D6F01FFFDBA}.Ad-Hoc|Any CPU.ActiveCfg = Release|Any CPU
		{0837E581-45BA-4485-8C49-8D6F01FFFDBA}.Ad-Hoc|Any CPU.Build.0 = Release|Any CPU
		{0837E581-45BA-4485-8C49-8D6F01FFFDBA}.Ad-Hoc|Any CPU.Deploy.0 = Release|Any CPU
		{0837E581-45BA-4485-8C49-8D6F01FFFDBA}.Ad-Hoc|ARM.ActiveCfg = Release|ARM
		{0837E581-45BA-4485-8C49-8D6F01FFFDBA}.Ad-Hoc|ARM.Build.0 = Release|ARM
		{0837E581-45BA-4485-8C49-8D6F01FFFDBA}.Ad-Hoc|ARM.Deploy.0 = Release|ARM
		{0837E581-45BA-4485-8C49-8D6F01FFFDBA}.Ad-Hoc|iPhone.ActiveCfg = Release|Any CPU
		{0837E581-45BA-4485-8C49-8D6F01FFFDBA}.Ad-Hoc|iPhone.Build.0 = Release|Any CPU
		{0837E581-45BA-4485-8C49-8D6F01FFFDBA}.Ad-Hoc|iPhone.Deploy.0 = Release|Any CPU
		{0837E581-45BA-4485-8C49-8D6F01FFFDBA}.Ad-Hoc|iPhoneSimulator.ActiveCfg = Release|Any CPU
		{0837E581-45BA-4485-8C49-8D6F01FFFDBA}.Ad-Hoc|iPhoneSimulator.Build.0 = Release|Any CPU
		{0837E581-45BA-4485-8C49-8D6F01FFFDBA}.Ad-Hoc|iPhoneSimulator.Deploy.0 = Release|Any CPU
		{0837E581-45BA-4485-8C49-8D6F01FFFDBA}.Ad-Hoc|x64.ActiveCfg = Release|Any CPU
		{0837E581-45BA-4485-8C49-8D6F01FFFDBA}.Ad-Hoc|x64.Build.0 = Release|Any CPU
		{0837E581-45BA-4485-8C49-8D6F01FFFDBA}.Ad-Hoc|x64.Deploy.0 = Release|Any CPU
		{0837E581-45BA-4485-8C49-8D6F01FFFDBA}.Ad-Hoc|x86.ActiveCfg = Release|x86
		{0837E581-45BA-4485-8C49-8D6F01FFFDBA}.Ad-Hoc|x86.Build.0 = Release|x86
		{0837E581-45BA-4485-8C49-8D6F01FFFDBA}.Ad-Hoc|x86.Deploy.0 = Release|x86
		{0837E581-45BA-4485-8C49-8D6F01FFFDBA}.AppStore|Any CPU.ActiveCfg = Release|Any CPU
		{0837E581-45BA-4485-8C49-8D6F01FFFDBA}.AppStore|Any CPU.Build.0 = Release|Any CPU
		{0837E581-45BA-4485-8C49-8D6F01FFFDBA}.AppStore|Any CPU.Deploy.0 = Release|Any CPU
		{0837E581-45BA-4485-8C49-8D6F01FFFDBA}.AppStore|ARM.ActiveCfg = Release|ARM
		{0837E581-45BA-4485-8C49-8D6F01FFFDBA}.AppStore|ARM.Build.0 = Release|ARM
		{0837E581-45BA-4485-8C49-8D6F01FFFDBA}.AppStore|ARM.Deploy.0 = Release|ARM
		{0837E581-45BA-4485-8C49-8D6F01FFFDBA}.AppStore|iPhone.ActiveCfg = Release|Any CPU
		{0837E581-45BA-4485-8C49-8D6F01FFFDBA}.AppStore|iPhone.Build.0 = Release|Any CPU
		{0837E581-45BA-4485-8C49-8D6F01FFFDBA}.AppStore|iPhone.Deploy.0 = Release|Any CPU
		{0837E581-45BA-4485-8C49-8D6F01FFFDBA}.AppStore|iPhoneSimulator.ActiveCfg = Release|Any CPU
		{0837E581-45BA-4485-8C49-8D6F01FFFDBA}.AppStore|iPhoneSimulator.Build.0 = Release|Any CPU
		{0837E581-45BA-4485-8C49-8D6F01FFFDBA}.AppStore|iPhoneSimulator.Deploy.0 = Release|Any CPU
		{0837E581-45BA-4485-8C49-8D6F01FFFDBA}.AppStore|x64.ActiveCfg = Release|Any CPU
		{0837E581-45BA-4485-8C49-8D6F01FFFDBA}.AppStore|x64.Build.0 = Release|Any CPU
		{0837E581-45BA-4485-8C49-8D6F01FFFDBA}.AppStore|x64.Deploy.0 = Release|Any CPU
		{0837E581-45BA-4485-8C49-8D6F01FFFDBA}.AppStore|x86.ActiveCfg = Release|x86
		{0837E581-45BA-4485-8C49-8D6F01FFFDBA}.AppStore|x86.Build.0 = Release|x86
		{0837E581-45BA-4485-8C49-8D6F01FFFDBA}.AppStore|x86.Deploy.0 = Release|x86
		{0837E581-45BA-4485-8C49-8D6F01FFFDBA}.Debug|Any CPU.ActiveCfg = Debug|Any CPU
		{0837E581-45BA-4485-8C49-8D6F01FFFDBA}.Debug|Any CPU.Build.0 = Debug|Any CPU
		{0837E581-45BA-4485-8C49-8D6F01FFFDBA}.Debug|Any CPU.Deploy.0 = Debug|Any CPU
		{0837E581-45BA-4485-8C49-8D6F01FFFDBA}.Debug|ARM.ActiveCfg = Debug|ARM
		{0837E581-45BA-4485-8C49-8D6F01FFFDBA}.Debug|ARM.Build.0 = Debug|ARM
		{0837E581-45BA-4485-8C49-8D6F01FFFDBA}.Debug|ARM.Deploy.0 = Debug|ARM
		{0837E581-45BA-4485-8C49-8D6F01FFFDBA}.Debug|iPhone.ActiveCfg = Debug|Any CPU
		{0837E581-45BA-4485-8C49-8D6F01FFFDBA}.Debug|iPhone.Build.0 = Debug|Any CPU
		{0837E581-45BA-4485-8C49-8D6F01FFFDBA}.Debug|iPhone.Deploy.0 = Debug|Any CPU
		{0837E581-45BA-4485-8C49-8D6F01FFFDBA}.Debug|iPhoneSimulator.ActiveCfg = Debug|Any CPU
		{0837E581-45BA-4485-8C49-8D6F01FFFDBA}.Debug|iPhoneSimulator.Build.0 = Debug|Any CPU
		{0837E581-45BA-4485-8C49-8D6F01FFFDBA}.Debug|iPhoneSimulator.Deploy.0 = Debug|Any CPU
		{0837E581-45BA-4485-8C49-8D6F01FFFDBA}.Debug|x64.ActiveCfg = Debug|Any CPU
		{0837E581-45BA-4485-8C49-8D6F01FFFDBA}.Debug|x64.Build.0 = Debug|Any CPU
		{0837E581-45BA-4485-8C49-8D6F01FFFDBA}.Debug|x64.Deploy.0 = Debug|Any CPU
		{0837E581-45BA-4485-8C49-8D6F01FFFDBA}.Debug|x86.ActiveCfg = Debug|x86
		{0837E581-45BA-4485-8C49-8D6F01FFFDBA}.Debug|x86.Build.0 = Debug|x86
		{0837E581-45BA-4485-8C49-8D6F01FFFDBA}.Debug|x86.Deploy.0 = Debug|x86
		{0837E581-45BA-4485-8C49-8D6F01FFFDBA}.Release|Any CPU.ActiveCfg = Release|Any CPU
		{0837E581-45BA-4485-8C49-8D6F01FFFDBA}.Release|Any CPU.Build.0 = Release|Any CPU
		{0837E581-45BA-4485-8C49-8D6F01FFFDBA}.Release|Any CPU.Deploy.0 = Release|Any CPU
		{0837E581-45BA-4485-8C49-8D6F01FFFDBA}.Release|ARM.ActiveCfg = Release|ARM
		{0837E581-45BA-4485-8C49-8D6F01FFFDBA}.Release|ARM.Build.0 = Release|ARM
		{0837E581-45BA-4485-8C49-8D6F01FFFDBA}.Release|ARM.Deploy.0 = Release|ARM
		{0837E581-45BA-4485-8C49-8D6F01FFFDBA}.Release|iPhone.ActiveCfg = Release|Any CPU
		{0837E581-45BA-4485-8C49-8D6F01FFFDBA}.Release|iPhone.Build.0 = Release|Any CPU
		{0837E581-45BA-4485-8C49-8D6F01FFFDBA}.Release|iPhone.Deploy.0 = Release|Any CPU
		{0837E581-45BA-4485-8C49-8D6F01FFFDBA}.Release|iPhoneSimulator.ActiveCfg = Release|Any CPU
		{0837E581-45BA-4485-8C49-8D6F01FFFDBA}.Release|iPhoneSimulator.Build.0 = Release|Any CPU
		{0837E581-45BA-4485-8C49-8D6F01FFFDBA}.Release|iPhoneSimulator.Deploy.0 = Release|Any CPU
		{0837E581-45BA-4485-8C49-8D6F01FFFDBA}.Release|x64.ActiveCfg = Release|Any CPU
		{0837E581-45BA-4485-8C49-8D6F01FFFDBA}.Release|x64.Build.0 = Release|Any CPU
		{0837E581-45BA-4485-8C49-8D6F01FFFDBA}.Release|x64.Deploy.0 = Release|Any CPU
		{0837E581-45BA-4485-8C49-8D6F01FFFDBA}.Release|x86.ActiveCfg = Release|x86
		{0837E581-45BA-4485-8C49-8D6F01FFFDBA}.Release|x86.Build.0 = Release|x86
		{0837E581-45BA-4485-8C49-8D6F01FFFDBA}.Release|x86.Deploy.0 = Release|x86
		{BC14F47C-21B5-4EB6-9E24-F4B695F30913}.Ad-Hoc|Any CPU.ActiveCfg = Release|x86
		{BC14F47C-21B5-4EB6-9E24-F4B695F30913}.Ad-Hoc|Any CPU.Build.0 = Release|x86
		{BC14F47C-21B5-4EB6-9E24-F4B695F30913}.Ad-Hoc|Any CPU.Deploy.0 = Release|x86
		{BC14F47C-21B5-4EB6-9E24-F4B695F30913}.Ad-Hoc|ARM.ActiveCfg = Release|ARM
		{BC14F47C-21B5-4EB6-9E24-F4B695F30913}.Ad-Hoc|ARM.Build.0 = Release|ARM
		{BC14F47C-21B5-4EB6-9E24-F4B695F30913}.Ad-Hoc|ARM.Deploy.0 = Release|ARM
		{BC14F47C-21B5-4EB6-9E24-F4B695F30913}.Ad-Hoc|iPhone.ActiveCfg = Release|x86
		{BC14F47C-21B5-4EB6-9E24-F4B695F30913}.Ad-Hoc|iPhone.Build.0 = Release|x86
		{BC14F47C-21B5-4EB6-9E24-F4B695F30913}.Ad-Hoc|iPhone.Deploy.0 = Release|x86
		{BC14F47C-21B5-4EB6-9E24-F4B695F30913}.Ad-Hoc|iPhoneSimulator.ActiveCfg = Release|x86
		{BC14F47C-21B5-4EB6-9E24-F4B695F30913}.Ad-Hoc|iPhoneSimulator.Build.0 = Release|x86
		{BC14F47C-21B5-4EB6-9E24-F4B695F30913}.Ad-Hoc|iPhoneSimulator.Deploy.0 = Release|x86
		{BC14F47C-21B5-4EB6-9E24-F4B695F30913}.Ad-Hoc|x64.ActiveCfg = Release|x64
		{BC14F47C-21B5-4EB6-9E24-F4B695F30913}.Ad-Hoc|x64.Build.0 = Release|x64
		{BC14F47C-21B5-4EB6-9E24-F4B695F30913}.Ad-Hoc|x64.Deploy.0 = Release|x64
		{BC14F47C-21B5-4EB6-9E24-F4B695F30913}.Ad-Hoc|x86.ActiveCfg = Release|x86
		{BC14F47C-21B5-4EB6-9E24-F4B695F30913}.Ad-Hoc|x86.Build.0 = Release|x86
		{BC14F47C-21B5-4EB6-9E24-F4B695F30913}.Ad-Hoc|x86.Deploy.0 = Release|x86
		{BC14F47C-21B5-4EB6-9E24-F4B695F30913}.AppStore|Any CPU.ActiveCfg = Release|x86
		{BC14F47C-21B5-4EB6-9E24-F4B695F30913}.AppStore|Any CPU.Build.0 = Release|x86
		{BC14F47C-21B5-4EB6-9E24-F4B695F30913}.AppStore|Any CPU.Deploy.0 = Release|x86
		{BC14F47C-21B5-4EB6-9E24-F4B695F30913}.AppStore|ARM.ActiveCfg = Release|ARM
		{BC14F47C-21B5-4EB6-9E24-F4B695F30913}.AppStore|ARM.Build.0 = Release|ARM
		{BC14F47C-21B5-4EB6-9E24-F4B695F30913}.AppStore|ARM.Deploy.0 = Release|ARM
		{BC14F47C-21B5-4EB6-9E24-F4B695F30913}.AppStore|iPhone.ActiveCfg = Release|x86
		{BC14F47C-21B5-4EB6-9E24-F4B695F30913}.AppStore|iPhone.Build.0 = Release|x86
		{BC14F47C-21B5-4EB6-9E24-F4B695F30913}.AppStore|iPhone.Deploy.0 = Release|x86
		{BC14F47C-21B5-4EB6-9E24-F4B695F30913}.AppStore|iPhoneSimulator.ActiveCfg = Release|x86
		{BC14F47C-21B5-4EB6-9E24-F4B695F30913}.AppStore|iPhoneSimulator.Build.0 = Release|x86
		{BC14F47C-21B5-4EB6-9E24-F4B695F30913}.AppStore|iPhoneSimulator.Deploy.0 = Release|x86
		{BC14F47C-21B5-4EB6-9E24-F4B695F30913}.AppStore|x64.ActiveCfg = Release|x64
		{BC14F47C-21B5-4EB6-9E24-F4B695F30913}.AppStore|x64.Build.0 = Release|x64
		{BC14F47C-21B5-4EB6-9E24-F4B695F30913}.AppStore|x64.Deploy.0 = Release|x64
		{BC14F47C-21B5-4EB6-9E24-F4B695F30913}.AppStore|x86.ActiveCfg = Release|x86
		{BC14F47C-21B5-4EB6-9E24-F4B695F30913}.AppStore|x86.Build.0 = Release|x86
		{BC14F47C-21B5-4EB6-9E24-F4B695F30913}.AppStore|x86.Deploy.0 = Release|x86
		{BC14F47C-21B5-4EB6-9E24-F4B695F30913}.Debug|Any CPU.ActiveCfg = Debug|x86
		{BC14F47C-21B5-4EB6-9E24-F4B695F30913}.Debug|ARM.ActiveCfg = Debug|ARM
		{BC14F47C-21B5-4EB6-9E24-F4B695F30913}.Debug|ARM.Build.0 = Debug|ARM
		{BC14F47C-21B5-4EB6-9E24-F4B695F30913}.Debug|ARM.Deploy.0 = Debug|ARM
		{BC14F47C-21B5-4EB6-9E24-F4B695F30913}.Debug|iPhone.ActiveCfg = Debug|x86
		{BC14F47C-21B5-4EB6-9E24-F4B695F30913}.Debug|iPhoneSimulator.ActiveCfg = Debug|x86
		{BC14F47C-21B5-4EB6-9E24-F4B695F30913}.Debug|x64.ActiveCfg = Debug|x64
		{BC14F47C-21B5-4EB6-9E24-F4B695F30913}.Debug|x64.Build.0 = Debug|x64
		{BC14F47C-21B5-4EB6-9E24-F4B695F30913}.Debug|x64.Deploy.0 = Debug|x64
		{BC14F47C-21B5-4EB6-9E24-F4B695F30913}.Debug|x86.ActiveCfg = Debug|x86
		{BC14F47C-21B5-4EB6-9E24-F4B695F30913}.Debug|x86.Build.0 = Debug|x86
		{BC14F47C-21B5-4EB6-9E24-F4B695F30913}.Debug|x86.Deploy.0 = Debug|x86
		{BC14F47C-21B5-4EB6-9E24-F4B695F30913}.Release|Any CPU.ActiveCfg = Release|x86
		{BC14F47C-21B5-4EB6-9E24-F4B695F30913}.Release|ARM.ActiveCfg = Release|ARM
		{BC14F47C-21B5-4EB6-9E24-F4B695F30913}.Release|ARM.Build.0 = Release|ARM
		{BC14F47C-21B5-4EB6-9E24-F4B695F30913}.Release|ARM.Deploy.0 = Release|ARM
		{BC14F47C-21B5-4EB6-9E24-F4B695F30913}.Release|iPhone.ActiveCfg = Release|x86
		{BC14F47C-21B5-4EB6-9E24-F4B695F30913}.Release|iPhoneSimulator.ActiveCfg = Release|x86
		{BC14F47C-21B5-4EB6-9E24-F4B695F30913}.Release|x64.ActiveCfg = Release|x64
		{BC14F47C-21B5-4EB6-9E24-F4B695F30913}.Release|x64.Build.0 = Release|x64
		{BC14F47C-21B5-4EB6-9E24-F4B695F30913}.Release|x64.Deploy.0 = Release|x64
		{BC14F47C-21B5-4EB6-9E24-F4B695F30913}.Release|x86.ActiveCfg = Release|x86
		{BC14F47C-21B5-4EB6-9E24-F4B695F30913}.Release|x86.Build.0 = Release|x86
		{BC14F47C-21B5-4EB6-9E24-F4B695F30913}.Release|x86.Deploy.0 = Release|x86
		{051A99C0-83DC-48D5-A22B-A27A328E0DDC}.Ad-Hoc|Any CPU.ActiveCfg = Release|Any CPU
		{051A99C0-83DC-48D5-A22B-A27A328E0DDC}.Ad-Hoc|Any CPU.Build.0 = Release|Any CPU
		{051A99C0-83DC-48D5-A22B-A27A328E0DDC}.Ad-Hoc|Any CPU.Deploy.0 = Release|Any CPU
		{051A99C0-83DC-48D5-A22B-A27A328E0DDC}.Ad-Hoc|ARM.ActiveCfg = Release|ARM
		{051A99C0-83DC-48D5-A22B-A27A328E0DDC}.Ad-Hoc|ARM.Build.0 = Release|ARM
		{051A99C0-83DC-48D5-A22B-A27A328E0DDC}.Ad-Hoc|ARM.Deploy.0 = Release|ARM
		{051A99C0-83DC-48D5-A22B-A27A328E0DDC}.Ad-Hoc|iPhone.ActiveCfg = Release|Any CPU
		{051A99C0-83DC-48D5-A22B-A27A328E0DDC}.Ad-Hoc|iPhone.Build.0 = Release|Any CPU
		{051A99C0-83DC-48D5-A22B-A27A328E0DDC}.Ad-Hoc|iPhone.Deploy.0 = Release|Any CPU
		{051A99C0-83DC-48D5-A22B-A27A328E0DDC}.Ad-Hoc|iPhoneSimulator.ActiveCfg = Release|Any CPU
		{051A99C0-83DC-48D5-A22B-A27A328E0DDC}.Ad-Hoc|iPhoneSimulator.Build.0 = Release|Any CPU
		{051A99C0-83DC-48D5-A22B-A27A328E0DDC}.Ad-Hoc|iPhoneSimulator.Deploy.0 = Release|Any CPU
		{051A99C0-83DC-48D5-A22B-A27A328E0DDC}.Ad-Hoc|x64.ActiveCfg = Release|x64
		{051A99C0-83DC-48D5-A22B-A27A328E0DDC}.Ad-Hoc|x64.Build.0 = Release|x64
		{051A99C0-83DC-48D5-A22B-A27A328E0DDC}.Ad-Hoc|x64.Deploy.0 = Release|x64
		{051A99C0-83DC-48D5-A22B-A27A328E0DDC}.Ad-Hoc|x86.ActiveCfg = Release|x86
		{051A99C0-83DC-48D5-A22B-A27A328E0DDC}.Ad-Hoc|x86.Build.0 = Release|x86
		{051A99C0-83DC-48D5-A22B-A27A328E0DDC}.Ad-Hoc|x86.Deploy.0 = Release|x86
		{051A99C0-83DC-48D5-A22B-A27A328E0DDC}.AppStore|Any CPU.ActiveCfg = Release|Any CPU
		{051A99C0-83DC-48D5-A22B-A27A328E0DDC}.AppStore|Any CPU.Build.0 = Release|Any CPU
		{051A99C0-83DC-48D5-A22B-A27A328E0DDC}.AppStore|Any CPU.Deploy.0 = Release|Any CPU
		{051A99C0-83DC-48D5-A22B-A27A328E0DDC}.AppStore|ARM.ActiveCfg = Release|ARM
		{051A99C0-83DC-48D5-A22B-A27A328E0DDC}.AppStore|ARM.Build.0 = Release|ARM
		{051A99C0-83DC-48D5-A22B-A27A328E0DDC}.AppStore|ARM.Deploy.0 = Release|ARM
		{051A99C0-83DC-48D5-A22B-A27A328E0DDC}.AppStore|iPhone.ActiveCfg = Release|Any CPU
		{051A99C0-83DC-48D5-A22B-A27A328E0DDC}.AppStore|iPhone.Build.0 = Release|Any CPU
		{051A99C0-83DC-48D5-A22B-A27A328E0DDC}.AppStore|iPhone.Deploy.0 = Release|Any CPU
		{051A99C0-83DC-48D5-A22B-A27A328E0DDC}.AppStore|iPhoneSimulator.ActiveCfg = Release|Any CPU
		{051A99C0-83DC-48D5-A22B-A27A328E0DDC}.AppStore|iPhoneSimulator.Build.0 = Release|Any CPU
		{051A99C0-83DC-48D5-A22B-A27A328E0DDC}.AppStore|iPhoneSimulator.Deploy.0 = Release|Any CPU
		{051A99C0-83DC-48D5-A22B-A27A328E0DDC}.AppStore|x64.ActiveCfg = Release|x64
		{051A99C0-83DC-48D5-A22B-A27A328E0DDC}.AppStore|x64.Build.0 = Release|x64
		{051A99C0-83DC-48D5-A22B-A27A328E0DDC}.AppStore|x64.Deploy.0 = Release|x64
		{051A99C0-83DC-48D5-A22B-A27A328E0DDC}.AppStore|x86.ActiveCfg = Release|x86
		{051A99C0-83DC-48D5-A22B-A27A328E0DDC}.AppStore|x86.Build.0 = Release|x86
		{051A99C0-83DC-48D5-A22B-A27A328E0DDC}.AppStore|x86.Deploy.0 = Release|x86
		{051A99C0-83DC-48D5-A22B-A27A328E0DDC}.Debug|Any CPU.ActiveCfg = Debug|Any CPU
		{051A99C0-83DC-48D5-A22B-A27A328E0DDC}.Debug|Any CPU.Build.0 = Debug|Any CPU
		{051A99C0-83DC-48D5-A22B-A27A328E0DDC}.Debug|Any CPU.Deploy.0 = Debug|Any CPU
		{051A99C0-83DC-48D5-A22B-A27A328E0DDC}.Debug|ARM.ActiveCfg = Debug|ARM
		{051A99C0-83DC-48D5-A22B-A27A328E0DDC}.Debug|ARM.Build.0 = Debug|ARM
		{051A99C0-83DC-48D5-A22B-A27A328E0DDC}.Debug|ARM.Deploy.0 = Debug|ARM
		{051A99C0-83DC-48D5-A22B-A27A328E0DDC}.Debug|iPhone.ActiveCfg = Debug|Any CPU
		{051A99C0-83DC-48D5-A22B-A27A328E0DDC}.Debug|iPhone.Build.0 = Debug|Any CPU
		{051A99C0-83DC-48D5-A22B-A27A328E0DDC}.Debug|iPhone.Deploy.0 = Debug|Any CPU
		{051A99C0-83DC-48D5-A22B-A27A328E0DDC}.Debug|iPhoneSimulator.ActiveCfg = Debug|Any CPU
		{051A99C0-83DC-48D5-A22B-A27A328E0DDC}.Debug|iPhoneSimulator.Build.0 = Debug|Any CPU
		{051A99C0-83DC-48D5-A22B-A27A328E0DDC}.Debug|iPhoneSimulator.Deploy.0 = Debug|Any CPU
		{051A99C0-83DC-48D5-A22B-A27A328E0DDC}.Debug|x64.ActiveCfg = Debug|x64
		{051A99C0-83DC-48D5-A22B-A27A328E0DDC}.Debug|x64.Build.0 = Debug|x64
		{051A99C0-83DC-48D5-A22B-A27A328E0DDC}.Debug|x64.Deploy.0 = Debug|x64
		{051A99C0-83DC-48D5-A22B-A27A328E0DDC}.Debug|x86.ActiveCfg = Debug|x86
		{051A99C0-83DC-48D5-A22B-A27A328E0DDC}.Debug|x86.Build.0 = Debug|x86
		{051A99C0-83DC-48D5-A22B-A27A328E0DDC}.Debug|x86.Deploy.0 = Debug|x86
		{051A99C0-83DC-48D5-A22B-A27A328E0DDC}.Release|Any CPU.ActiveCfg = Release|Any CPU
		{051A99C0-83DC-48D5-A22B-A27A328E0DDC}.Release|Any CPU.Build.0 = Release|Any CPU
		{051A99C0-83DC-48D5-A22B-A27A328E0DDC}.Release|Any CPU.Deploy.0 = Release|Any CPU
		{051A99C0-83DC-48D5-A22B-A27A328E0DDC}.Release|ARM.ActiveCfg = Release|ARM
		{051A99C0-83DC-48D5-A22B-A27A328E0DDC}.Release|ARM.Build.0 = Release|ARM
		{051A99C0-83DC-48D5-A22B-A27A328E0DDC}.Release|ARM.Deploy.0 = Release|ARM
		{051A99C0-83DC-48D5-A22B-A27A328E0DDC}.Release|iPhone.ActiveCfg = Release|Any CPU
		{051A99C0-83DC-48D5-A22B-A27A328E0DDC}.Release|iPhone.Build.0 = Release|Any CPU
		{051A99C0-83DC-48D5-A22B-A27A328E0DDC}.Release|iPhone.Deploy.0 = Release|Any CPU
		{051A99C0-83DC-48D5-A22B-A27A328E0DDC}.Release|iPhoneSimulator.ActiveCfg = Release|Any CPU
		{051A99C0-83DC-48D5-A22B-A27A328E0DDC}.Release|iPhoneSimulator.Build.0 = Release|Any CPU
		{051A99C0-83DC-48D5-A22B-A27A328E0DDC}.Release|iPhoneSimulator.Deploy.0 = Release|Any CPU
		{051A99C0-83DC-48D5-A22B-A27A328E0DDC}.Release|x64.ActiveCfg = Release|x64
		{051A99C0-83DC-48D5-A22B-A27A328E0DDC}.Release|x64.Build.0 = Release|x64
		{051A99C0-83DC-48D5-A22B-A27A328E0DDC}.Release|x64.Deploy.0 = Release|x64
		{051A99C0-83DC-48D5-A22B-A27A328E0DDC}.Release|x86.ActiveCfg = Release|x86
		{051A99C0-83DC-48D5-A22B-A27A328E0DDC}.Release|x86.Build.0 = Release|x86
		{051A99C0-83DC-48D5-A22B-A27A328E0DDC}.Release|x86.Deploy.0 = Release|x86
		{8051E634-2343-4E96-9296-3D2E18AB3501}.Ad-Hoc|Any CPU.ActiveCfg = Release|Any CPU
		{8051E634-2343-4E96-9296-3D2E18AB3501}.Ad-Hoc|Any CPU.Build.0 = Release|Any CPU
		{8051E634-2343-4E96-9296-3D2E18AB3501}.Ad-Hoc|ARM.ActiveCfg = Release|Any CPU
		{8051E634-2343-4E96-9296-3D2E18AB3501}.Ad-Hoc|ARM.Build.0 = Release|Any CPU
		{8051E634-2343-4E96-9296-3D2E18AB3501}.Ad-Hoc|iPhone.ActiveCfg = Release|Any CPU
		{8051E634-2343-4E96-9296-3D2E18AB3501}.Ad-Hoc|iPhone.Build.0 = Release|Any CPU
		{8051E634-2343-4E96-9296-3D2E18AB3501}.Ad-Hoc|iPhoneSimulator.ActiveCfg = Release|Any CPU
		{8051E634-2343-4E96-9296-3D2E18AB3501}.Ad-Hoc|iPhoneSimulator.Build.0 = Release|Any CPU
		{8051E634-2343-4E96-9296-3D2E18AB3501}.Ad-Hoc|x64.ActiveCfg = Release|Any CPU
		{8051E634-2343-4E96-9296-3D2E18AB3501}.Ad-Hoc|x64.Build.0 = Release|Any CPU
		{8051E634-2343-4E96-9296-3D2E18AB3501}.Ad-Hoc|x86.ActiveCfg = Release|Any CPU
		{8051E634-2343-4E96-9296-3D2E18AB3501}.Ad-Hoc|x86.Build.0 = Release|Any CPU
		{8051E634-2343-4E96-9296-3D2E18AB3501}.AppStore|Any CPU.ActiveCfg = Release|Any CPU
		{8051E634-2343-4E96-9296-3D2E18AB3501}.AppStore|Any CPU.Build.0 = Release|Any CPU
		{8051E634-2343-4E96-9296-3D2E18AB3501}.AppStore|ARM.ActiveCfg = Release|Any CPU
		{8051E634-2343-4E96-9296-3D2E18AB3501}.AppStore|ARM.Build.0 = Release|Any CPU
		{8051E634-2343-4E96-9296-3D2E18AB3501}.AppStore|iPhone.ActiveCfg = Release|Any CPU
		{8051E634-2343-4E96-9296-3D2E18AB3501}.AppStore|iPhone.Build.0 = Release|Any CPU
		{8051E634-2343-4E96-9296-3D2E18AB3501}.AppStore|iPhoneSimulator.ActiveCfg = Release|Any CPU
		{8051E634-2343-4E96-9296-3D2E18AB3501}.AppStore|iPhoneSimulator.Build.0 = Release|Any CPU
		{8051E634-2343-4E96-9296-3D2E18AB3501}.AppStore|x64.ActiveCfg = Release|Any CPU
		{8051E634-2343-4E96-9296-3D2E18AB3501}.AppStore|x64.Build.0 = Release|Any CPU
		{8051E634-2343-4E96-9296-3D2E18AB3501}.AppStore|x86.ActiveCfg = Release|Any CPU
		{8051E634-2343-4E96-9296-3D2E18AB3501}.AppStore|x86.Build.0 = Release|Any CPU
		{8051E634-2343-4E96-9296-3D2E18AB3501}.Debug|Any CPU.ActiveCfg = Debug|Any CPU
		{8051E634-2343-4E96-9296-3D2E18AB3501}.Debug|Any CPU.Build.0 = Debug|Any CPU
		{8051E634-2343-4E96-9296-3D2E18AB3501}.Debug|ARM.ActiveCfg = Debug|Any CPU
		{8051E634-2343-4E96-9296-3D2E18AB3501}.Debug|ARM.Build.0 = Debug|Any CPU
		{8051E634-2343-4E96-9296-3D2E18AB3501}.Debug|iPhone.ActiveCfg = Debug|Any CPU
		{8051E634-2343-4E96-9296-3D2E18AB3501}.Debug|iPhone.Build.0 = Debug|Any CPU
		{8051E634-2343-4E96-9296-3D2E18AB3501}.Debug|iPhoneSimulator.ActiveCfg = Debug|Any CPU
		{8051E634-2343-4E96-9296-3D2E18AB3501}.Debug|iPhoneSimulator.Build.0 = Debug|Any CPU
		{8051E634-2343-4E96-9296-3D2E18AB3501}.Debug|x64.ActiveCfg = Debug|Any CPU
		{8051E634-2343-4E96-9296-3D2E18AB3501}.Debug|x64.Build.0 = Debug|Any CPU
		{8051E634-2343-4E96-9296-3D2E18AB3501}.Debug|x86.ActiveCfg = Debug|Any CPU
		{8051E634-2343-4E96-9296-3D2E18AB3501}.Debug|x86.Build.0 = Debug|Any CPU
		{8051E634-2343-4E96-9296-3D2E18AB3501}.Release|Any CPU.ActiveCfg = Release|Any CPU
		{8051E634-2343-4E96-9296-3D2E18AB3501}.Release|Any CPU.Build.0 = Release|Any CPU
		{8051E634-2343-4E96-9296-3D2E18AB3501}.Release|ARM.ActiveCfg = Release|Any CPU
		{8051E634-2343-4E96-9296-3D2E18AB3501}.Release|ARM.Build.0 = Release|Any CPU
		{8051E634-2343-4E96-9296-3D2E18AB3501}.Release|iPhone.ActiveCfg = Release|Any CPU
		{8051E634-2343-4E96-9296-3D2E18AB3501}.Release|iPhone.Build.0 = Release|Any CPU
		{8051E634-2343-4E96-9296-3D2E18AB3501}.Release|iPhoneSimulator.ActiveCfg = Release|Any CPU
		{8051E634-2343-4E96-9296-3D2E18AB3501}.Release|iPhoneSimulator.Build.0 = Release|Any CPU
		{8051E634-2343-4E96-9296-3D2E18AB3501}.Release|x64.ActiveCfg = Release|Any CPU
		{8051E634-2343-4E96-9296-3D2E18AB3501}.Release|x64.Build.0 = Release|Any CPU
		{8051E634-2343-4E96-9296-3D2E18AB3501}.Release|x86.ActiveCfg = Release|Any CPU
		{8051E634-2343-4E96-9296-3D2E18AB3501}.Release|x86.Build.0 = Release|Any CPU
	EndGlobalSection
	GlobalSection(SolutionProperties) = preSolution
		HideSolutionNode = FALSE
	EndGlobalSection
EndGlobal
