
Microsoft Visual Studio Solution File, Format Version 12.00
# Visual Studio 14
VisualStudioVersion = 14.0.25420.1
MinimumVisualStudioVersion = 10.0.40219.1
Project("{FAE04EC0-301F-11D3-BF4B-00C04F79EFBC}") = "XFScan", "XFScan\XFScan\XFScan.csproj", "{652D75D2-D72A-43B5-80B9-C96AAC4823B5}"
EndProject
Project("{FAE04EC0-301F-11D3-BF4B-00C04F79EFBC}") = "XFScan.Droid", "XFScan\XFScan.Droid\XFScan.Droid.csproj", "{DB8571D0-6E46-413C-8316-DF58A304B819}"
EndProject
Project("{FAE04EC0-301F-11D3-BF4B-00C04F79EFBC}") = "XFScan.iOS", "XFScan\XFScan.iOS\XFScan.iOS.csproj", "{8C246B3A-7BDF-48C0-9DE1-92EEDB7E4960}"
EndProject
Project("{FAE04EC0-301F-11D3-BF4B-00C04F79EFBC}") = "XFScan.UWP", "XFScan\XFScan.UWP\XFScan.UWP.csproj", "{B6093B2D-AECC-4DF8-B9B9-63EF04E0422F}"
EndProject
Global
	GlobalSection(SolutionConfigurationPlatforms) = preSolution
		Ad-Hoc|Any CPU = Ad-Hoc|Any CPU
		Ad-Hoc|ARM = Ad-Hoc|ARM
		Ad-Hoc|iPhone = Ad-Hoc|iPhone
		Ad-Hoc|iPhoneSimulator = Ad-Hoc|iPhoneSimulator
		Ad-Hoc|x64 = Ad-Hoc|x64
		Ad-Hoc|x86 = Ad-Hoc|x86
		AppStore|Any CPU = AppStore|Any CPU
		AppStore|ARM = AppStore|ARM
		AppStore|iPhone = AppStore|iPhone
		AppStore|iPhoneSimulator = AppStore|iPhoneSimulator
		AppStore|x64 = AppStore|x64
		AppStore|x86 = AppStore|x86
		Debug|Any CPU = Debug|Any CPU
		Debug|ARM = Debug|ARM
		Debug|iPhone = Debug|iPhone
		Debug|iPhoneSimulator = Debug|iPhoneSimulator
		Debug|x64 = Debug|x64
		Debug|x86 = Debug|x86
		Release|Any CPU = Release|Any CPU
		Release|ARM = Release|ARM
		Release|iPhone = Release|iPhone
		Release|iPhoneSimulator = Release|iPhoneSimulator
		Release|x64 = Release|x64
		Release|x86 = Release|x86
	EndGlobalSection
	GlobalSection(ProjectConfigurationPlatforms) = postSolution
		{652D75D2-D72A-43B5-80B9-C96AAC4823B5}.Ad-Hoc|Any CPU.ActiveCfg = Release|Any CPU
		{652D75D2-D72A-43B5-80B9-C96AAC4823B5}.Ad-Hoc|Any CPU.Build.0 = Release|Any CPU
		{652D75D2-D72A-43B5-80B9-C96AAC4823B5}.Ad-Hoc|ARM.ActiveCfg = Release|Any CPU
		{652D75D2-D72A-43B5-80B9-C96AAC4823B5}.Ad-Hoc|ARM.Build.0 = Release|Any CPU
		{652D75D2-D72A-43B5-80B9-C96AAC4823B5}.Ad-Hoc|iPhone.ActiveCfg = Release|Any CPU
		{652D75D2-D72A-43B5-80B9-C96AAC4823B5}.Ad-Hoc|iPhone.Build.0 = Release|Any CPU
		{652D75D2-D72A-43B5-80B9-C96AAC4823B5}.Ad-Hoc|iPhoneSimulator.ActiveCfg = Release|Any CPU
		{652D75D2-D72A-43B5-80B9-C96AAC4823B5}.Ad-Hoc|iPhoneSimulator.Build.0 = Release|Any CPU
		{652D75D2-D72A-43B5-80B9-C96AAC4823B5}.Ad-Hoc|x64.ActiveCfg = Release|Any CPU
		{652D75D2-D72A-43B5-80B9-C96AAC4823B5}.Ad-Hoc|x64.Build.0 = Release|Any CPU
		{652D75D2-D72A-43B5-80B9-C96AAC4823B5}.Ad-Hoc|x86.ActiveCfg = Release|Any CPU
		{652D75D2-D72A-43B5-80B9-C96AAC4823B5}.Ad-Hoc|x86.Build.0 = Release|Any CPU
		{652D75D2-D72A-43B5-80B9-C96AAC4823B5}.AppStore|Any CPU.ActiveCfg = Release|Any CPU
		{652D75D2-D72A-43B5-80B9-C96AAC4823B5}.AppStore|Any CPU.Build.0 = Release|Any CPU
		{652D75D2-D72A-43B5-80B9-C96AAC4823B5}.AppStore|ARM.ActiveCfg = Release|Any CPU
		{652D75D2-D72A-43B5-80B9-C96AAC4823B5}.AppStore|ARM.Build.0 = Release|Any CPU
		{652D75D2-D72A-43B5-80B9-C96AAC4823B5}.AppStore|iPhone.ActiveCfg = Release|Any CPU
		{652D75D2-D72A-43B5-80B9-C96AAC4823B5}.AppStore|iPhone.Build.0 = Release|Any CPU
		{652D75D2-D72A-43B5-80B9-C96AAC4823B5}.AppStore|iPhoneSimulator.ActiveCfg = Release|Any CPU
		{652D75D2-D72A-43B5-80B9-C96AAC4823B5}.AppStore|iPhoneSimulator.Build.0 = Release|Any CPU
		{652D75D2-D72A-43B5-80B9-C96AAC4823B5}.AppStore|x64.ActiveCfg = Release|Any CPU
		{652D75D2-D72A-43B5-80B9-C96AAC4823B5}.AppStore|x64.Build.0 = Release|Any CPU
		{652D75D2-D72A-43B5-80B9-C96AAC4823B5}.AppStore|x86.ActiveCfg = Release|Any CPU
		{652D75D2-D72A-43B5-80B9-C96AAC4823B5}.AppStore|x86.Build.0 = Release|Any CPU
		{652D75D2-D72A-43B5-80B9-C96AAC4823B5}.Debug|Any CPU.ActiveCfg = Debug|Any CPU
		{652D75D2-D72A-43B5-80B9-C96AAC4823B5}.Debug|Any CPU.Build.0 = Debug|Any CPU
		{652D75D2-D72A-43B5-80B9-C96AAC4823B5}.Debug|ARM.ActiveCfg = Debug|Any CPU
		{652D75D2-D72A-43B5-80B9-C96AAC4823B5}.Debug|ARM.Build.0 = Debug|Any CPU
		{652D75D2-D72A-43B5-80B9-C96AAC4823B5}.Debug|iPhone.ActiveCfg = Debug|Any CPU
		{652D75D2-D72A-43B5-80B9-C96AAC4823B5}.Debug|iPhone.Build.0 = Debug|Any CPU
		{652D75D2-D72A-43B5-80B9-C96AAC4823B5}.Debug|iPhoneSimulator.ActiveCfg = Debug|Any CPU
		{652D75D2-D72A-43B5-80B9-C96AAC4823B5}.Debug|iPhoneSimulator.Build.0 = Debug|Any CPU
		{652D75D2-D72A-43B5-80B9-C96AAC4823B5}.Debug|x64.ActiveCfg = Debug|Any CPU
		{652D75D2-D72A-43B5-80B9-C96AAC4823B5}.Debug|x64.Build.0 = Debug|Any CPU
		{652D75D2-D72A-43B5-80B9-C96AAC4823B5}.Debug|x86.ActiveCfg = Debug|Any CPU
		{652D75D2-D72A-43B5-80B9-C96AAC4823B5}.Debug|x86.Build.0 = Debug|Any CPU
		{652D75D2-D72A-43B5-80B9-C96AAC4823B5}.Release|Any CPU.ActiveCfg = Release|Any CPU
		{652D75D2-D72A-43B5-80B9-C96AAC4823B5}.Release|Any CPU.Build.0 = Release|Any CPU
		{652D75D2-D72A-43B5-80B9-C96AAC4823B5}.Release|ARM.ActiveCfg = Release|Any CPU
		{652D75D2-D72A-43B5-80B9-C96AAC4823B5}.Release|ARM.Build.0 = Release|Any CPU
		{652D75D2-D72A-43B5-80B9-C96AAC4823B5}.Release|iPhone.ActiveCfg = Release|Any CPU
		{652D75D2-D72A-43B5-80B9-C96AAC4823B5}.Release|iPhone.Build.0 = Release|Any CPU
		{652D75D2-D72A-43B5-80B9-C96AAC4823B5}.Release|iPhoneSimulator.ActiveCfg = Release|Any CPU
		{652D75D2-D72A-43B5-80B9-C96AAC4823B5}.Release|iPhoneSimulator.Build.0 = Release|Any CPU
		{652D75D2-D72A-43B5-80B9-C96AAC4823B5}.Release|x64.ActiveCfg = Release|Any CPU
		{652D75D2-D72A-43B5-80B9-C96AAC4823B5}.Release|x64.Build.0 = Release|Any CPU
		{652D75D2-D72A-43B5-80B9-C96AAC4823B5}.Release|x86.ActiveCfg = Release|Any CPU
		{652D75D2-D72A-43B5-80B9-C96AAC4823B5}.Release|x86.Build.0 = Release|Any CPU
		{DB8571D0-6E46-413C-8316-DF58A304B819}.Ad-Hoc|Any CPU.ActiveCfg = Release|Any CPU
		{DB8571D0-6E46-413C-8316-DF58A304B819}.Ad-Hoc|Any CPU.Build.0 = Release|Any CPU
		{DB8571D0-6E46-413C-8316-DF58A304B819}.Ad-Hoc|Any CPU.Deploy.0 = Release|Any CPU
		{DB8571D0-6E46-413C-8316-DF58A304B819}.Ad-Hoc|ARM.ActiveCfg = Release|Any CPU
		{DB8571D0-6E46-413C-8316-DF58A304B819}.Ad-Hoc|ARM.Build.0 = Release|Any CPU
		{DB8571D0-6E46-413C-8316-DF58A304B819}.Ad-Hoc|ARM.Deploy.0 = Release|Any CPU
		{DB8571D0-6E46-413C-8316-DF58A304B819}.Ad-Hoc|iPhone.ActiveCfg = Release|Any CPU
		{DB8571D0-6E46-413C-8316-DF58A304B819}.Ad-Hoc|iPhone.Build.0 = Release|Any CPU
		{DB8571D0-6E46-413C-8316-DF58A304B819}.Ad-Hoc|iPhone.Deploy.0 = Release|Any CPU
		{DB8571D0-6E46-413C-8316-DF58A304B819}.Ad-Hoc|iPhoneSimulator.ActiveCfg = Release|Any CPU
		{DB8571D0-6E46-413C-8316-DF58A304B819}.Ad-Hoc|iPhoneSimulator.Build.0 = Release|Any CPU
		{DB8571D0-6E46-413C-8316-DF58A304B819}.Ad-Hoc|iPhoneSimulator.Deploy.0 = Release|Any CPU
		{DB8571D0-6E46-413C-8316-DF58A304B819}.Ad-Hoc|x64.ActiveCfg = Release|Any CPU
		{DB8571D0-6E46-413C-8316-DF58A304B819}.Ad-Hoc|x64.Build.0 = Release|Any CPU
		{DB8571D0-6E46-413C-8316-DF58A304B819}.Ad-Hoc|x64.Deploy.0 = Release|Any CPU
		{DB8571D0-6E46-413C-8316-DF58A304B819}.Ad-Hoc|x86.ActiveCfg = Release|Any CPU
		{DB8571D0-6E46-413C-8316-DF58A304B819}.Ad-Hoc|x86.Build.0 = Release|Any CPU
		{DB8571D0-6E46-413C-8316-DF58A304B819}.Ad-Hoc|x86.Deploy.0 = Release|Any CPU
		{DB8571D0-6E46-413C-8316-DF58A304B819}.AppStore|Any CPU.ActiveCfg = Release|Any CPU
		{DB8571D0-6E46-413C-8316-DF58A304B819}.AppStore|Any CPU.Build.0 = Release|Any CPU
		{DB8571D0-6E46-413C-8316-DF58A304B819}.AppStore|Any CPU.Deploy.0 = Release|Any CPU
		{DB8571D0-6E46-413C-8316-DF58A304B819}.AppStore|ARM.ActiveCfg = Release|Any CPU
		{DB8571D0-6E46-413C-8316-DF58A304B819}.AppStore|ARM.Build.0 = Release|Any CPU
		{DB8571D0-6E46-413C-8316-DF58A304B819}.AppStore|ARM.Deploy.0 = Release|Any CPU
		{DB8571D0-6E46-413C-8316-DF58A304B819}.AppStore|iPhone.ActiveCfg = Release|Any CPU
		{DB8571D0-6E46-413C-8316-DF58A304B819}.AppStore|iPhone.Build.0 = Release|Any CPU
		{DB8571D0-6E46-413C-8316-DF58A304B819}.AppStore|iPhone.Deploy.0 = Release|Any CPU
		{DB8571D0-6E46-413C-8316-DF58A304B819}.AppStore|iPhoneSimulator.ActiveCfg = Release|Any CPU
		{DB8571D0-6E46-413C-8316-DF58A304B819}.AppStore|iPhoneSimulator.Build.0 = Release|Any CPU
		{DB8571D0-6E46-413C-8316-DF58A304B819}.AppStore|iPhoneSimulator.Deploy.0 = Release|Any CPU
		{DB8571D0-6E46-413C-8316-DF58A304B819}.AppStore|x64.ActiveCfg = Release|Any CPU
		{DB8571D0-6E46-413C-8316-DF58A304B819}.AppStore|x64.Build.0 = Release|Any CPU
		{DB8571D0-6E46-413C-8316-DF58A304B819}.AppStore|x64.Deploy.0 = Release|Any CPU
		{DB8571D0-6E46-413C-8316-DF58A304B819}.AppStore|x86.ActiveCfg = Release|Any CPU
		{DB8571D0-6E46-413C-8316-DF58A304B819}.AppStore|x86.Build.0 = Release|Any CPU
		{DB8571D0-6E46-413C-8316-DF58A304B819}.AppStore|x86.Deploy.0 = Release|Any CPU
		{DB8571D0-6E46-413C-8316-DF58A304B819}.Debug|Any CPU.ActiveCfg = Debug|Any CPU
		{DB8571D0-6E46-413C-8316-DF58A304B819}.Debug|Any CPU.Build.0 = Debug|Any CPU
		{DB8571D0-6E46-413C-8316-DF58A304B819}.Debug|Any CPU.Deploy.0 = Debug|Any CPU
		{DB8571D0-6E46-413C-8316-DF58A304B819}.Debug|ARM.ActiveCfg = Debug|Any CPU
		{DB8571D0-6E46-413C-8316-DF58A304B819}.Debug|ARM.Build.0 = Debug|Any CPU
		{DB8571D0-6E46-413C-8316-DF58A304B819}.Debug|ARM.Deploy.0 = Debug|Any CPU
		{DB8571D0-6E46-413C-8316-DF58A304B819}.Debug|iPhone.ActiveCfg = Debug|Any CPU
		{DB8571D0-6E46-413C-8316-DF58A304B819}.Debug|iPhone.Build.0 = Debug|Any CPU
		{DB8571D0-6E46-413C-8316-DF58A304B819}.Debug|iPhone.Deploy.0 = Debug|Any CPU
		{DB8571D0-6E46-413C-8316-DF58A304B819}.Debug|iPhoneSimulator.ActiveCfg = Debug|Any CPU
		{DB8571D0-6E46-413C-8316-DF58A304B819}.Debug|iPhoneSimulator.Build.0 = Debug|Any CPU
		{DB8571D0-6E46-413C-8316-DF58A304B819}.Debug|iPhoneSimulator.Deploy.0 = Debug|Any CPU
		{DB8571D0-6E46-413C-8316-DF58A304B819}.Debug|x64.ActiveCfg = Debug|Any CPU
		{DB8571D0-6E46-413C-8316-DF58A304B819}.Debug|x64.Build.0 = Debug|Any CPU
		{DB8571D0-6E46-413C-8316-DF58A304B819}.Debug|x64.Deploy.0 = Debug|Any CPU
		{DB8571D0-6E46-413C-8316-DF58A304B819}.Debug|x86.ActiveCfg = Debug|Any CPU
		{DB8571D0-6E46-413C-8316-DF58A304B819}.Debug|x86.Build.0 = Debug|Any CPU
		{DB8571D0-6E46-413C-8316-DF58A304B819}.Debug|x86.Deploy.0 = Debug|Any CPU
		{DB8571D0-6E46-413C-8316-DF58A304B819}.Release|Any CPU.ActiveCfg = Release|Any CPU
		{DB8571D0-6E46-413C-8316-DF58A304B819}.Release|Any CPU.Build.0 = Release|Any CPU
		{DB8571D0-6E46-413C-8316-DF58A304B819}.Release|Any CPU.Deploy.0 = Release|Any CPU
		{DB8571D0-6E46-413C-8316-DF58A304B819}.Release|ARM.ActiveCfg = Release|Any CPU
		{DB8571D0-6E46-413C-8316-DF58A304B819}.Release|ARM.Build.0 = Release|Any CPU
		{DB8571D0-6E46-413C-8316-DF58A304B819}.Release|ARM.Deploy.0 = Release|Any CPU
		{DB8571D0-6E46-413C-8316-DF58A304B819}.Release|iPhone.ActiveCfg = Release|Any CPU
		{DB8571D0-6E46-413C-8316-DF58A304B819}.Release|iPhone.Build.0 = Release|Any CPU
		{DB8571D0-6E46-413C-8316-DF58A304B819}.Release|iPhone.Deploy.0 = Release|Any CPU
		{DB8571D0-6E46-413C-8316-DF58A304B819}.Release|iPhoneSimulator.ActiveCfg = Release|Any CPU
		{DB8571D0-6E46-413C-8316-DF58A304B819}.Release|iPhoneSimulator.Build.0 = Release|Any CPU
		{DB8571D0-6E46-413C-8316-DF58A304B819}.Release|iPhoneSimulator.Deploy.0 = Release|Any CPU
		{DB8571D0-6E46-413C-8316-DF58A304B819}.Release|x64.ActiveCfg = Release|Any CPU
		{DB8571D0-6E46-413C-8316-DF58A304B819}.Release|x64.Build.0 = Release|Any CPU
		{DB8571D0-6E46-413C-8316-DF58A304B819}.Release|x64.Deploy.0 = Release|Any CPU
		{DB8571D0-6E46-413C-8316-DF58A304B819}.Release|x86.ActiveCfg = Release|Any CPU
		{DB8571D0-6E46-413C-8316-DF58A304B819}.Release|x86.Build.0 = Release|Any CPU
		{DB8571D0-6E46-413C-8316-DF58A304B819}.Release|x86.Deploy.0 = Release|Any CPU
		{8C246B3A-7BDF-48C0-9DE1-92EEDB7E4960}.Ad-Hoc|Any CPU.ActiveCfg = Ad-Hoc|iPhone
		{8C246B3A-7BDF-48C0-9DE1-92EEDB7E4960}.Ad-Hoc|ARM.ActiveCfg = Ad-Hoc|iPhone
		{8C246B3A-7BDF-48C0-9DE1-92EEDB7E4960}.Ad-Hoc|iPhone.ActiveCfg = Ad-Hoc|iPhone
		{8C246B3A-7BDF-48C0-9DE1-92EEDB7E4960}.Ad-Hoc|iPhone.Build.0 = Ad-Hoc|iPhone
		{8C246B3A-7BDF-48C0-9DE1-92EEDB7E4960}.Ad-Hoc|iPhoneSimulator.ActiveCfg = Ad-Hoc|iPhoneSimulator
		{8C246B3A-7BDF-48C0-9DE1-92EEDB7E4960}.Ad-Hoc|iPhoneSimulator.Build.0 = Ad-Hoc|iPhoneSimulator
		{8C246B3A-7BDF-48C0-9DE1-92EEDB7E4960}.Ad-Hoc|x64.ActiveCfg = Ad-Hoc|iPhone
		{8C246B3A-7BDF-48C0-9DE1-92EEDB7E4960}.Ad-Hoc|x86.ActiveCfg = Ad-Hoc|iPhone
		{8C246B3A-7BDF-48C0-9DE1-92EEDB7E4960}.AppStore|Any CPU.ActiveCfg = AppStore|iPhone
		{8C246B3A-7BDF-48C0-9DE1-92EEDB7E4960}.AppStore|ARM.ActiveCfg = AppStore|iPhone
		{8C246B3A-7BDF-48C0-9DE1-92EEDB7E4960}.AppStore|iPhone.ActiveCfg = AppStore|iPhone
		{8C246B3A-7BDF-48C0-9DE1-92EEDB7E4960}.AppStore|iPhone.Build.0 = AppStore|iPhone
		{8C246B3A-7BDF-48C0-9DE1-92EEDB7E4960}.AppStore|iPhoneSimulator.ActiveCfg = AppStore|iPhoneSimulator
		{8C246B3A-7BDF-48C0-9DE1-92EEDB7E4960}.AppStore|iPhoneSimulator.Build.0 = AppStore|iPhoneSimulator
		{8C246B3A-7BDF-48C0-9DE1-92EEDB7E4960}.AppStore|x64.ActiveCfg = AppStore|iPhone
		{8C246B3A-7BDF-48C0-9DE1-92EEDB7E4960}.AppStore|x86.ActiveCfg = AppStore|iPhone
		{8C246B3A-7BDF-48C0-9DE1-92EEDB7E4960}.Debug|Any CPU.ActiveCfg = Debug|iPhone
		{8C246B3A-7BDF-48C0-9DE1-92EEDB7E4960}.Debug|ARM.ActiveCfg = Debug|iPhone
		{8C246B3A-7BDF-48C0-9DE1-92EEDB7E4960}.Debug|iPhone.ActiveCfg = Debug|iPhone
		{8C246B3A-7BDF-48C0-9DE1-92EEDB7E4960}.Debug|iPhone.Build.0 = Debug|iPhone
		{8C246B3A-7BDF-48C0-9DE1-92EEDB7E4960}.Debug|iPhoneSimulator.ActiveCfg = Debug|iPhoneSimulator
		{8C246B3A-7BDF-48C0-9DE1-92EEDB7E4960}.Debug|iPhoneSimulator.Build.0 = Debug|iPhoneSimulator
		{8C246B3A-7BDF-48C0-9DE1-92EEDB7E4960}.Debug|x64.ActiveCfg = Debug|iPhone
		{8C246B3A-7BDF-48C0-9DE1-92EEDB7E4960}.Debug|x86.ActiveCfg = Debug|iPhone
		{8C246B3A-7BDF-48C0-9DE1-92EEDB7E4960}.Release|Any CPU.ActiveCfg = Release|iPhone
		{8C246B3A-7BDF-48C0-9DE1-92EEDB7E4960}.Release|ARM.ActiveCfg = Release|iPhone
		{8C246B3A-7BDF-48C0-9DE1-92EEDB7E4960}.Release|iPhone.ActiveCfg = Release|iPhone
		{8C246B3A-7BDF-48C0-9DE1-92EEDB7E4960}.Release|iPhone.Build.0 = Release|iPhone
		{8C246B3A-7BDF-48C0-9DE1-92EEDB7E4960}.Release|iPhoneSimulator.ActiveCfg = Release|iPhoneSimulator
		{8C246B3A-7BDF-48C0-9DE1-92EEDB7E4960}.Release|iPhoneSimulator.Build.0 = Release|iPhoneSimulator
		{8C246B3A-7BDF-48C0-9DE1-92EEDB7E4960}.Release|x64.ActiveCfg = Release|iPhone
		{8C246B3A-7BDF-48C0-9DE1-92EEDB7E4960}.Release|x86.ActiveCfg = Release|iPhone
		{B6093B2D-AECC-4DF8-B9B9-63EF04E0422F}.Ad-Hoc|Any CPU.ActiveCfg = Release|x86
		{B6093B2D-AECC-4DF8-B9B9-63EF04E0422F}.Ad-Hoc|Any CPU.Build.0 = Release|x86
		{B6093B2D-AECC-4DF8-B9B9-63EF04E0422F}.Ad-Hoc|Any CPU.Deploy.0 = Release|x86
		{B6093B2D-AECC-4DF8-B9B9-63EF04E0422F}.Ad-Hoc|ARM.ActiveCfg = Release|ARM
		{B6093B2D-AECC-4DF8-B9B9-63EF04E0422F}.Ad-Hoc|ARM.Build.0 = Release|ARM
		{B6093B2D-AECC-4DF8-B9B9-63EF04E0422F}.Ad-Hoc|ARM.Deploy.0 = Release|ARM
		{B6093B2D-AECC-4DF8-B9B9-63EF04E0422F}.Ad-Hoc|iPhone.ActiveCfg = Release|x86
		{B6093B2D-AECC-4DF8-B9B9-63EF04E0422F}.Ad-Hoc|iPhone.Build.0 = Release|x86
		{B6093B2D-AECC-4DF8-B9B9-63EF04E0422F}.Ad-Hoc|iPhone.Deploy.0 = Release|x86
		{B6093B2D-AECC-4DF8-B9B9-63EF04E0422F}.Ad-Hoc|iPhoneSimulator.ActiveCfg = Release|x86
		{B6093B2D-AECC-4DF8-B9B9-63EF04E0422F}.Ad-Hoc|iPhoneSimulator.Build.0 = Release|x86
		{B6093B2D-AECC-4DF8-B9B9-63EF04E0422F}.Ad-Hoc|iPhoneSimulator.Deploy.0 = Release|x86
		{B6093B2D-AECC-4DF8-B9B9-63EF04E0422F}.Ad-Hoc|x64.ActiveCfg = Release|x64
		{B6093B2D-AECC-4DF8-B9B9-63EF04E0422F}.Ad-Hoc|x64.Build.0 = Release|x64
		{B6093B2D-AECC-4DF8-B9B9-63EF04E0422F}.Ad-Hoc|x64.Deploy.0 = Release|x64
		{B6093B2D-AECC-4DF8-B9B9-63EF04E0422F}.Ad-Hoc|x86.ActiveCfg = Release|x86
		{B6093B2D-AECC-4DF8-B9B9-63EF04E0422F}.Ad-Hoc|x86.Build.0 = Release|x86
		{B6093B2D-AECC-4DF8-B9B9-63EF04E0422F}.Ad-Hoc|x86.Deploy.0 = Release|x86
		{B6093B2D-AECC-4DF8-B9B9-63EF04E0422F}.AppStore|Any CPU.ActiveCfg = Release|x86
		{B6093B2D-AECC-4DF8-B9B9-63EF04E0422F}.AppStore|Any CPU.Build.0 = Release|x86
		{B6093B2D-AECC-4DF8-B9B9-63EF04E0422F}.AppStore|Any CPU.Deploy.0 = Release|x86
		{B6093B2D-AECC-4DF8-B9B9-63EF04E0422F}.AppStore|ARM.ActiveCfg = Release|ARM
		{B6093B2D-AECC-4DF8-B9B9-63EF04E0422F}.AppStore|ARM.Build.0 = Release|ARM
		{B6093B2D-AECC-4DF8-B9B9-63EF04E0422F}.AppStore|ARM.Deploy.0 = Release|ARM
		{B6093B2D-AECC-4DF8-B9B9-63EF04E0422F}.AppStore|iPhone.ActiveCfg = Release|x86
		{B6093B2D-AECC-4DF8-B9B9-63EF04E0422F}.AppStore|iPhone.Build.0 = Release|x86
		{B6093B2D-AECC-4DF8-B9B9-63EF04E0422F}.AppStore|iPhone.Deploy.0 = Release|x86
		{B6093B2D-AECC-4DF8-B9B9-63EF04E0422F}.AppStore|iPhoneSimulator.ActiveCfg = Release|x86
		{B6093B2D-AECC-4DF8-B9B9-63EF04E0422F}.AppStore|iPhoneSimulator.Build.0 = Release|x86
		{B6093B2D-AECC-4DF8-B9B9-63EF04E0422F}.AppStore|iPhoneSimulator.Deploy.0 = Release|x86
		{B6093B2D-AECC-4DF8-B9B9-63EF04E0422F}.AppStore|x64.ActiveCfg = Release|x64
		{B6093B2D-AECC-4DF8-B9B9-63EF04E0422F}.AppStore|x64.Build.0 = Release|x64
		{B6093B2D-AECC-4DF8-B9B9-63EF04E0422F}.AppStore|x64.Deploy.0 = Release|x64
		{B6093B2D-AECC-4DF8-B9B9-63EF04E0422F}.AppStore|x86.ActiveCfg = Release|x86
		{B6093B2D-AECC-4DF8-B9B9-63EF04E0422F}.AppStore|x86.Build.0 = Release|x86
		{B6093B2D-AECC-4DF8-B9B9-63EF04E0422F}.AppStore|x86.Deploy.0 = Release|x86
		{B6093B2D-AECC-4DF8-B9B9-63EF04E0422F}.Debug|Any CPU.ActiveCfg = Debug|x86
		{B6093B2D-AECC-4DF8-B9B9-63EF04E0422F}.Debug|ARM.ActiveCfg = Debug|ARM
		{B6093B2D-AECC-4DF8-B9B9-63EF04E0422F}.Debug|ARM.Build.0 = Debug|ARM
		{B6093B2D-AECC-4DF8-B9B9-63EF04E0422F}.Debug|ARM.Deploy.0 = Debug|ARM
		{B6093B2D-AECC-4DF8-B9B9-63EF04E0422F}.Debug|iPhone.ActiveCfg = Debug|x86
		{B6093B2D-AECC-4DF8-B9B9-63EF04E0422F}.Debug|iPhoneSimulator.ActiveCfg = Debug|x86
		{B6093B2D-AECC-4DF8-B9B9-63EF04E0422F}.Debug|x64.ActiveCfg = Debug|x64
		{B6093B2D-AECC-4DF8-B9B9-63EF04E0422F}.Debug|x64.Build.0 = Debug|x64
		{B6093B2D-AECC-4DF8-B9B9-63EF04E0422F}.Debug|x64.Deploy.0 = Debug|x64
		{B6093B2D-AECC-4DF8-B9B9-63EF04E0422F}.Debug|x86.ActiveCfg = Debug|x86
		{B6093B2D-AECC-4DF8-B9B9-63EF04E0422F}.Debug|x86.Build.0 = Debug|x86
		{B6093B2D-AECC-4DF8-B9B9-63EF04E0422F}.Debug|x86.Deploy.0 = Debug|x86
		{B6093B2D-AECC-4DF8-B9B9-63EF04E0422F}.Release|Any CPU.ActiveCfg = Release|x86
		{B6093B2D-AECC-4DF8-B9B9-63EF04E0422F}.Release|ARM.ActiveCfg = Release|ARM
		{B6093B2D-AECC-4DF8-B9B9-63EF04E0422F}.Release|ARM.Build.0 = Release|ARM
		{B6093B2D-AECC-4DF8-B9B9-63EF04E0422F}.Release|ARM.Deploy.0 = Release|ARM
		{B6093B2D-AECC-4DF8-B9B9-63EF04E0422F}.Release|iPhone.ActiveCfg = Release|x86
		{B6093B2D-AECC-4DF8-B9B9-63EF04E0422F}.Release|iPhoneSimulator.ActiveCfg = Release|x86
		{B6093B2D-AECC-4DF8-B9B9-63EF04E0422F}.Release|x64.ActiveCfg = Release|x64
		{B6093B2D-AECC-4DF8-B9B9-63EF04E0422F}.Release|x64.Build.0 = Release|x64
		{B6093B2D-AECC-4DF8-B9B9-63EF04E0422F}.Release|x64.Deploy.0 = Release|x64
		{B6093B2D-AECC-4DF8-B9B9-63EF04E0422F}.Release|x86.ActiveCfg = Release|x86
		{B6093B2D-AECC-4DF8-B9B9-63EF04E0422F}.Release|x86.Build.0 = Release|x86
		{B6093B2D-AECC-4DF8-B9B9-63EF04E0422F}.Release|x86.Deploy.0 = Release|x86
	EndGlobalSection
	GlobalSection(SolutionProperties) = preSolution
		HideSolutionNode = FALSE
	EndGlobalSection
EndGlobal
