
Microsoft Visual Studio Solution File, Format Version 12.00
# Visual Studio 14
VisualStudioVersion = 14.0.25420.1
MinimumVisualStudioVersion = 10.0.40219.1
Project("{FAE04EC0-301F-11D3-BF4B-00C04F79EFBC}") = "XFFlip", "XFFlip\XFFlip\XFFlip.csproj", "{D9781E4E-4A53-48E3-BA08-5E51D6FA442B}"
EndProject
Project("{FAE04EC0-301F-11D3-BF4B-00C04F79EFBC}") = "XFFlip.Droid", "XFFlip\XFFlip.Droid\XFFlip.Droid.csproj", "{7B99497D-14ED-4B3B-8ABB-E410A1497C0C}"
EndProject
Project("{FAE04EC0-301F-11D3-BF4B-00C04F79EFBC}") = "XFFlip.iOS", "XFFlip\XFFlip.iOS\XFFlip.iOS.csproj", "{52B62C5F-D688-4778-84B6-F2BA78CAF4B5}"
EndProject
Project("{FAE04EC0-301F-11D3-BF4B-00C04F79EFBC}") = "XFFlip.UWP", "XFFlip\XFFlip.UWP\XFFlip.UWP.csproj", "{87568D0B-9666-46A5-81EC-0F014D5E8DEF}"
EndProject
Global
	GlobalSection(SolutionConfigurationPlatforms) = preSolution
		Ad-Hoc|Any CPU = Ad-Hoc|Any CPU
		Ad-Hoc|ARM = Ad-Hoc|ARM
		Ad-Hoc|iPhone = Ad-Hoc|iPhone
		Ad-Hoc|iPhoneSimulator = Ad-Hoc|iPhoneSimulator
		Ad-Hoc|x64 = Ad-Hoc|x64
		Ad-Hoc|x86 = Ad-Hoc|x86
		AppStore|Any CPU = AppStore|Any CPU
		AppStore|ARM = AppStore|ARM
		AppStore|iPhone = AppStore|iPhone
		AppStore|iPhoneSimulator = AppStore|iPhoneSimulator
		AppStore|x64 = AppStore|x64
		AppStore|x86 = AppStore|x86
		Debug|Any CPU = Debug|Any CPU
		Debug|ARM = Debug|ARM
		Debug|iPhone = Debug|iPhone
		Debug|iPhoneSimulator = Debug|iPhoneSimulator
		Debug|x64 = Debug|x64
		Debug|x86 = Debug|x86
		Release|Any CPU = Release|Any CPU
		Release|ARM = Release|ARM
		Release|iPhone = Release|iPhone
		Release|iPhoneSimulator = Release|iPhoneSimulator
		Release|x64 = Release|x64
		Release|x86 = Release|x86
	EndGlobalSection
	GlobalSection(ProjectConfigurationPlatforms) = postSolution
		{D9781E4E-4A53-48E3-BA08-5E51D6FA442B}.Ad-Hoc|Any CPU.ActiveCfg = Release|Any CPU
		{D9781E4E-4A53-48E3-BA08-5E51D6FA442B}.Ad-Hoc|Any CPU.Build.0 = Release|Any CPU
		{D9781E4E-4A53-48E3-BA08-5E51D6FA442B}.Ad-Hoc|ARM.ActiveCfg = Release|Any CPU
		{D9781E4E-4A53-48E3-BA08-5E51D6FA442B}.Ad-Hoc|ARM.Build.0 = Release|Any CPU
		{D9781E4E-4A53-48E3-BA08-5E51D6FA442B}.Ad-Hoc|iPhone.ActiveCfg = Release|Any CPU
		{D9781E4E-4A53-48E3-BA08-5E51D6FA442B}.Ad-Hoc|iPhone.Build.0 = Release|Any CPU
		{D9781E4E-4A53-48E3-BA08-5E51D6FA442B}.Ad-Hoc|iPhoneSimulator.ActiveCfg = Release|Any CPU
		{D9781E4E-4A53-48E3-BA08-5E51D6FA442B}.Ad-Hoc|iPhoneSimulator.Build.0 = Release|Any CPU
		{D9781E4E-4A53-48E3-BA08-5E51D6FA442B}.Ad-Hoc|x64.ActiveCfg = Release|Any CPU
		{D9781E4E-4A53-48E3-BA08-5E51D6FA442B}.Ad-Hoc|x64.Build.0 = Release|Any CPU
		{D9781E4E-4A53-48E3-BA08-5E51D6FA442B}.Ad-Hoc|x86.ActiveCfg = Release|Any CPU
		{D9781E4E-4A53-48E3-BA08-5E51D6FA442B}.Ad-Hoc|x86.Build.0 = Release|Any CPU
		{D9781E4E-4A53-48E3-BA08-5E51D6FA442B}.AppStore|Any CPU.ActiveCfg = Release|Any CPU
		{D9781E4E-4A53-48E3-BA08-5E51D6FA442B}.AppStore|Any CPU.Build.0 = Release|Any CPU
		{D9781E4E-4A53-48E3-BA08-5E51D6FA442B}.AppStore|ARM.ActiveCfg = Release|Any CPU
		{D9781E4E-4A53-48E3-BA08-5E51D6FA442B}.AppStore|ARM.Build.0 = Release|Any CPU
		{D9781E4E-4A53-48E3-BA08-5E51D6FA442B}.AppStore|iPhone.ActiveCfg = Release|Any CPU
		{D9781E4E-4A53-48E3-BA08-5E51D6FA442B}.AppStore|iPhone.Build.0 = Release|Any CPU
		{D9781E4E-4A53-48E3-BA08-5E51D6FA442B}.AppStore|iPhoneSimulator.ActiveCfg = Release|Any CPU
		{D9781E4E-4A53-48E3-BA08-5E51D6FA442B}.AppStore|iPhoneSimulator.Build.0 = Release|Any CPU
		{D9781E4E-4A53-48E3-BA08-5E51D6FA442B}.AppStore|x64.ActiveCfg = Release|Any CPU
		{D9781E4E-4A53-48E3-BA08-5E51D6FA442B}.AppStore|x64.Build.0 = Release|Any CPU
		{D9781E4E-4A53-48E3-BA08-5E51D6FA442B}.AppStore|x86.ActiveCfg = Release|Any CPU
		{D9781E4E-4A53-48E3-BA08-5E51D6FA442B}.AppStore|x86.Build.0 = Release|Any CPU
		{D9781E4E-4A53-48E3-BA08-5E51D6FA442B}.Debug|Any CPU.ActiveCfg = Debug|Any CPU
		{D9781E4E-4A53-48E3-BA08-5E51D6FA442B}.Debug|Any CPU.Build.0 = Debug|Any CPU
		{D9781E4E-4A53-48E3-BA08-5E51D6FA442B}.Debug|ARM.ActiveCfg = Debug|Any CPU
		{D9781E4E-4A53-48E3-BA08-5E51D6FA442B}.Debug|ARM.Build.0 = Debug|Any CPU
		{D9781E4E-4A53-48E3-BA08-5E51D6FA442B}.Debug|iPhone.ActiveCfg = Debug|Any CPU
		{D9781E4E-4A53-48E3-BA08-5E51D6FA442B}.Debug|iPhone.Build.0 = Debug|Any CPU
		{D9781E4E-4A53-48E3-BA08-5E51D6FA442B}.Debug|iPhoneSimulator.ActiveCfg = Debug|Any CPU
		{D9781E4E-4A53-48E3-BA08-5E51D6FA442B}.Debug|iPhoneSimulator.Build.0 = Debug|Any CPU
		{D9781E4E-4A53-48E3-BA08-5E51D6FA442B}.Debug|x64.ActiveCfg = Debug|Any CPU
		{D9781E4E-4A53-48E3-BA08-5E51D6FA442B}.Debug|x64.Build.0 = Debug|Any CPU
		{D9781E4E-4A53-48E3-BA08-5E51D6FA442B}.Debug|x86.ActiveCfg = Debug|Any CPU
		{D9781E4E-4A53-48E3-BA08-5E51D6FA442B}.Debug|x86.Build.0 = Debug|Any CPU
		{D9781E4E-4A53-48E3-BA08-5E51D6FA442B}.Release|Any CPU.ActiveCfg = Release|Any CPU
		{D9781E4E-4A53-48E3-BA08-5E51D6FA442B}.Release|Any CPU.Build.0 = Release|Any CPU
		{D9781E4E-4A53-48E3-BA08-5E51D6FA442B}.Release|ARM.ActiveCfg = Release|Any CPU
		{D9781E4E-4A53-48E3-BA08-5E51D6FA442B}.Release|ARM.Build.0 = Release|Any CPU
		{D9781E4E-4A53-48E3-BA08-5E51D6FA442B}.Release|iPhone.ActiveCfg = Release|Any CPU
		{D9781E4E-4A53-48E3-BA08-5E51D6FA442B}.Release|iPhone.Build.0 = Release|Any CPU
		{D9781E4E-4A53-48E3-BA08-5E51D6FA442B}.Release|iPhoneSimulator.ActiveCfg = Release|Any CPU
		{D9781E4E-4A53-48E3-BA08-5E51D6FA442B}.Release|iPhoneSimulator.Build.0 = Release|Any CPU
		{D9781E4E-4A53-48E3-BA08-5E51D6FA442B}.Release|x64.ActiveCfg = Release|Any CPU
		{D9781E4E-4A53-48E3-BA08-5E51D6FA442B}.Release|x64.Build.0 = Release|Any CPU
		{D9781E4E-4A53-48E3-BA08-5E51D6FA442B}.Release|x86.ActiveCfg = Release|Any CPU
		{D9781E4E-4A53-48E3-BA08-5E51D6FA442B}.Release|x86.Build.0 = Release|Any CPU
		{7B99497D-14ED-4B3B-8ABB-E410A1497C0C}.Ad-Hoc|Any CPU.ActiveCfg = Release|Any CPU
		{7B99497D-14ED-4B3B-8ABB-E410A1497C0C}.Ad-Hoc|Any CPU.Build.0 = Release|Any CPU
		{7B99497D-14ED-4B3B-8ABB-E410A1497C0C}.Ad-Hoc|Any CPU.Deploy.0 = Release|Any CPU
		{7B99497D-14ED-4B3B-8ABB-E410A1497C0C}.Ad-Hoc|ARM.ActiveCfg = Release|Any CPU
		{7B99497D-14ED-4B3B-8ABB-E410A1497C0C}.Ad-Hoc|ARM.Build.0 = Release|Any CPU
		{7B99497D-14ED-4B3B-8ABB-E410A1497C0C}.Ad-Hoc|ARM.Deploy.0 = Release|Any CPU
		{7B99497D-14ED-4B3B-8ABB-E410A1497C0C}.Ad-Hoc|iPhone.ActiveCfg = Release|Any CPU
		{7B99497D-14ED-4B3B-8ABB-E410A1497C0C}.Ad-Hoc|iPhone.Build.0 = Release|Any CPU
		{7B99497D-14ED-4B3B-8ABB-E410A1497C0C}.Ad-Hoc|iPhone.Deploy.0 = Release|Any CPU
		{7B99497D-14ED-4B3B-8ABB-E410A1497C0C}.Ad-Hoc|iPhoneSimulator.ActiveCfg = Release|Any CPU
		{7B99497D-14ED-4B3B-8ABB-E410A1497C0C}.Ad-Hoc|iPhoneSimulator.Build.0 = Release|Any CPU
		{7B99497D-14ED-4B3B-8ABB-E410A1497C0C}.Ad-Hoc|iPhoneSimulator.Deploy.0 = Release|Any CPU
		{7B99497D-14ED-4B3B-8ABB-E410A1497C0C}.Ad-Hoc|x64.ActiveCfg = Release|Any CPU
		{7B99497D-14ED-4B3B-8ABB-E410A1497C0C}.Ad-Hoc|x64.Build.0 = Release|Any CPU
		{7B99497D-14ED-4B3B-8ABB-E410A1497C0C}.Ad-Hoc|x64.Deploy.0 = Release|Any CPU
		{7B99497D-14ED-4B3B-8ABB-E410A1497C0C}.Ad-Hoc|x86.ActiveCfg = Release|Any CPU
		{7B99497D-14ED-4B3B-8ABB-E410A1497C0C}.Ad-Hoc|x86.Build.0 = Release|Any CPU
		{7B99497D-14ED-4B3B-8ABB-E410A1497C0C}.Ad-Hoc|x86.Deploy.0 = Release|Any CPU
		{7B99497D-14ED-4B3B-8ABB-E410A1497C0C}.AppStore|Any CPU.ActiveCfg = Release|Any CPU
		{7B99497D-14ED-4B3B-8ABB-E410A1497C0C}.AppStore|Any CPU.Build.0 = Release|Any CPU
		{7B99497D-14ED-4B3B-8ABB-E410A1497C0C}.AppStore|Any CPU.Deploy.0 = Release|Any CPU
		{7B99497D-14ED-4B3B-8ABB-E410A1497C0C}.AppStore|ARM.ActiveCfg = Release|Any CPU
		{7B99497D-14ED-4B3B-8ABB-E410A1497C0C}.AppStore|ARM.Build.0 = Release|Any CPU
		{7B99497D-14ED-4B3B-8ABB-E410A1497C0C}.AppStore|ARM.Deploy.0 = Release|Any CPU
		{7B99497D-14ED-4B3B-8ABB-E410A1497C0C}.AppStore|iPhone.ActiveCfg = Release|Any CPU
		{7B99497D-14ED-4B3B-8ABB-E410A1497C0C}.AppStore|iPhone.Build.0 = Release|Any CPU
		{7B99497D-14ED-4B3B-8ABB-E410A1497C0C}.AppStore|iPhone.Deploy.0 = Release|Any CPU
		{7B99497D-14ED-4B3B-8ABB-E410A1497C0C}.AppStore|iPhoneSimulator.ActiveCfg = Release|Any CPU
		{7B99497D-14ED-4B3B-8ABB-E410A1497C0C}.AppStore|iPhoneSimulator.Build.0 = Release|Any CPU
		{7B99497D-14ED-4B3B-8ABB-E410A1497C0C}.AppStore|iPhoneSimulator.Deploy.0 = Release|Any CPU
		{7B99497D-14ED-4B3B-8ABB-E410A1497C0C}.AppStore|x64.ActiveCfg = Release|Any CPU
		{7B99497D-14ED-4B3B-8ABB-E410A1497C0C}.AppStore|x64.Build.0 = Release|Any CPU
		{7B99497D-14ED-4B3B-8ABB-E410A1497C0C}.AppStore|x64.Deploy.0 = Release|Any CPU
		{7B99497D-14ED-4B3B-8ABB-E410A1497C0C}.AppStore|x86.ActiveCfg = Release|Any CPU
		{7B99497D-14ED-4B3B-8ABB-E410A1497C0C}.AppStore|x86.Build.0 = Release|Any CPU
		{7B99497D-14ED-4B3B-8ABB-E410A1497C0C}.AppStore|x86.Deploy.0 = Release|Any CPU
		{7B99497D-14ED-4B3B-8ABB-E410A1497C0C}.Debug|Any CPU.ActiveCfg = Debug|Any CPU
		{7B99497D-14ED-4B3B-8ABB-E410A1497C0C}.Debug|Any CPU.Build.0 = Debug|Any CPU
		{7B99497D-14ED-4B3B-8ABB-E410A1497C0C}.Debug|Any CPU.Deploy.0 = Debug|Any CPU
		{7B99497D-14ED-4B3B-8ABB-E410A1497C0C}.Debug|ARM.ActiveCfg = Debug|Any CPU
		{7B99497D-14ED-4B3B-8ABB-E410A1497C0C}.Debug|ARM.Build.0 = Debug|Any CPU
		{7B99497D-14ED-4B3B-8ABB-E410A1497C0C}.Debug|ARM.Deploy.0 = Debug|Any CPU
		{7B99497D-14ED-4B3B-8ABB-E410A1497C0C}.Debug|iPhone.ActiveCfg = Debug|Any CPU
		{7B99497D-14ED-4B3B-8ABB-E410A1497C0C}.Debug|iPhone.Build.0 = Debug|Any CPU
		{7B99497D-14ED-4B3B-8ABB-E410A1497C0C}.Debug|iPhone.Deploy.0 = Debug|Any CPU
		{7B99497D-14ED-4B3B-8ABB-E410A1497C0C}.Debug|iPhoneSimulator.ActiveCfg = Debug|Any CPU
		{7B99497D-14ED-4B3B-8ABB-E410A1497C0C}.Debug|iPhoneSimulator.Build.0 = Debug|Any CPU
		{7B99497D-14ED-4B3B-8ABB-E410A1497C0C}.Debug|iPhoneSimulator.Deploy.0 = Debug|Any CPU
		{7B99497D-14ED-4B3B-8ABB-E410A1497C0C}.Debug|x64.ActiveCfg = Debug|Any CPU
		{7B99497D-14ED-4B3B-8ABB-E410A1497C0C}.Debug|x64.Build.0 = Debug|Any CPU
		{7B99497D-14ED-4B3B-8ABB-E410A1497C0C}.Debug|x64.Deploy.0 = Debug|Any CPU
		{7B99497D-14ED-4B3B-8ABB-E410A1497C0C}.Debug|x86.ActiveCfg = Debug|Any CPU
		{7B99497D-14ED-4B3B-8ABB-E410A1497C0C}.Debug|x86.Build.0 = Debug|Any CPU
		{7B99497D-14ED-4B3B-8ABB-E410A1497C0C}.Debug|x86.Deploy.0 = Debug|Any CPU
		{7B99497D-14ED-4B3B-8ABB-E410A1497C0C}.Release|Any CPU.ActiveCfg = Release|Any CPU
		{7B99497D-14ED-4B3B-8ABB-E410A1497C0C}.Release|Any CPU.Build.0 = Release|Any CPU
		{7B99497D-14ED-4B3B-8ABB-E410A1497C0C}.Release|Any CPU.Deploy.0 = Release|Any CPU
		{7B99497D-14ED-4B3B-8ABB-E410A1497C0C}.Release|ARM.ActiveCfg = Release|Any CPU
		{7B99497D-14ED-4B3B-8ABB-E410A1497C0C}.Release|ARM.Build.0 = Release|Any CPU
		{7B99497D-14ED-4B3B-8ABB-E410A1497C0C}.Release|ARM.Deploy.0 = Release|Any CPU
		{7B99497D-14ED-4B3B-8ABB-E410A1497C0C}.Release|iPhone.ActiveCfg = Release|Any CPU
		{7B99497D-14ED-4B3B-8ABB-E410A1497C0C}.Release|iPhone.Build.0 = Release|Any CPU
		{7B99497D-14ED-4B3B-8ABB-E410A1497C0C}.Release|iPhone.Deploy.0 = Release|Any CPU
		{7B99497D-14ED-4B3B-8ABB-E410A1497C0C}.Release|iPhoneSimulator.ActiveCfg = Release|Any CPU
		{7B99497D-14ED-4B3B-8ABB-E410A1497C0C}.Release|iPhoneSimulator.Build.0 = Release|Any CPU
		{7B99497D-14ED-4B3B-8ABB-E410A1497C0C}.Release|iPhoneSimulator.Deploy.0 = Release|Any CPU
		{7B99497D-14ED-4B3B-8ABB-E410A1497C0C}.Release|x64.ActiveCfg = Release|Any CPU
		{7B99497D-14ED-4B3B-8ABB-E410A1497C0C}.Release|x64.Build.0 = Release|Any CPU
		{7B99497D-14ED-4B3B-8ABB-E410A1497C0C}.Release|x64.Deploy.0 = Release|Any CPU
		{7B99497D-14ED-4B3B-8ABB-E410A1497C0C}.Release|x86.ActiveCfg = Release|Any CPU
		{7B99497D-14ED-4B3B-8ABB-E410A1497C0C}.Release|x86.Build.0 = Release|Any CPU
		{7B99497D-14ED-4B3B-8ABB-E410A1497C0C}.Release|x86.Deploy.0 = Release|Any CPU
		{52B62C5F-D688-4778-84B6-F2BA78CAF4B5}.Ad-Hoc|Any CPU.ActiveCfg = Ad-Hoc|iPhone
		{52B62C5F-D688-4778-84B6-F2BA78CAF4B5}.Ad-Hoc|ARM.ActiveCfg = Ad-Hoc|iPhone
		{52B62C5F-D688-4778-84B6-F2BA78CAF4B5}.Ad-Hoc|iPhone.ActiveCfg = Ad-Hoc|iPhone
		{52B62C5F-D688-4778-84B6-F2BA78CAF4B5}.Ad-Hoc|iPhone.Build.0 = Ad-Hoc|iPhone
		{52B62C5F-D688-4778-84B6-F2BA78CAF4B5}.Ad-Hoc|iPhoneSimulator.ActiveCfg = Ad-Hoc|iPhoneSimulator
		{52B62C5F-D688-4778-84B6-F2BA78CAF4B5}.Ad-Hoc|iPhoneSimulator.Build.0 = Ad-Hoc|iPhoneSimulator
		{52B62C5F-D688-4778-84B6-F2BA78CAF4B5}.Ad-Hoc|x64.ActiveCfg = Ad-Hoc|iPhone
		{52B62C5F-D688-4778-84B6-F2BA78CAF4B5}.Ad-Hoc|x86.ActiveCfg = Ad-Hoc|iPhone
		{52B62C5F-D688-4778-84B6-F2BA78CAF4B5}.AppStore|Any CPU.ActiveCfg = AppStore|iPhone
		{52B62C5F-D688-4778-84B6-F2BA78CAF4B5}.AppStore|ARM.ActiveCfg = AppStore|iPhone
		{52B62C5F-D688-4778-84B6-F2BA78CAF4B5}.AppStore|iPhone.ActiveCfg = AppStore|iPhone
		{52B62C5F-D688-4778-84B6-F2BA78CAF4B5}.AppStore|iPhone.Build.0 = AppStore|iPhone
		{52B62C5F-D688-4778-84B6-F2BA78CAF4B5}.AppStore|iPhoneSimulator.ActiveCfg = AppStore|iPhoneSimulator
		{52B62C5F-D688-4778-84B6-F2BA78CAF4B5}.AppStore|iPhoneSimulator.Build.0 = AppStore|iPhoneSimulator
		{52B62C5F-D688-4778-84B6-F2BA78CAF4B5}.AppStore|x64.ActiveCfg = AppStore|iPhone
		{52B62C5F-D688-4778-84B6-F2BA78CAF4B5}.AppStore|x86.ActiveCfg = AppStore|iPhone
		{52B62C5F-D688-4778-84B6-F2BA78CAF4B5}.Debug|Any CPU.ActiveCfg = Debug|iPhone
		{52B62C5F-D688-4778-84B6-F2BA78CAF4B5}.Debug|ARM.ActiveCfg = Debug|iPhone
		{52B62C5F-D688-4778-84B6-F2BA78CAF4B5}.Debug|iPhone.ActiveCfg = Debug|iPhone
		{52B62C5F-D688-4778-84B6-F2BA78CAF4B5}.Debug|iPhone.Build.0 = Debug|iPhone
		{52B62C5F-D688-4778-84B6-F2BA78CAF4B5}.Debug|iPhoneSimulator.ActiveCfg = Debug|iPhoneSimulator
		{52B62C5F-D688-4778-84B6-F2BA78CAF4B5}.Debug|iPhoneSimulator.Build.0 = Debug|iPhoneSimulator
		{52B62C5F-D688-4778-84B6-F2BA78CAF4B5}.Debug|x64.ActiveCfg = Debug|iPhone
		{52B62C5F-D688-4778-84B6-F2BA78CAF4B5}.Debug|x86.ActiveCfg = Debug|iPhone
		{52B62C5F-D688-4778-84B6-F2BA78CAF4B5}.Release|Any CPU.ActiveCfg = Release|iPhone
		{52B62C5F-D688-4778-84B6-F2BA78CAF4B5}.Release|ARM.ActiveCfg = Release|iPhone
		{52B62C5F-D688-4778-84B6-F2BA78CAF4B5}.Release|iPhone.ActiveCfg = Release|iPhone
		{52B62C5F-D688-4778-84B6-F2BA78CAF4B5}.Release|iPhone.Build.0 = Release|iPhone
		{52B62C5F-D688-4778-84B6-F2BA78CAF4B5}.Release|iPhoneSimulator.ActiveCfg = Release|iPhoneSimulator
		{52B62C5F-D688-4778-84B6-F2BA78CAF4B5}.Release|iPhoneSimulator.Build.0 = Release|iPhoneSimulator
		{52B62C5F-D688-4778-84B6-F2BA78CAF4B5}.Release|x64.ActiveCfg = Release|iPhone
		{52B62C5F-D688-4778-84B6-F2BA78CAF4B5}.Release|x86.ActiveCfg = Release|iPhone
		{87568D0B-9666-46A5-81EC-0F014D5E8DEF}.Ad-Hoc|Any CPU.ActiveCfg = Release|x86
		{87568D0B-9666-46A5-81EC-0F014D5E8DEF}.Ad-Hoc|Any CPU.Build.0 = Release|x86
		{87568D0B-9666-46A5-81EC-0F014D5E8DEF}.Ad-Hoc|Any CPU.Deploy.0 = Release|x86
		{87568D0B-9666-46A5-81EC-0F014D5E8DEF}.Ad-Hoc|ARM.ActiveCfg = Release|ARM
		{87568D0B-9666-46A5-81EC-0F014D5E8DEF}.Ad-Hoc|ARM.Build.0 = Release|ARM
		{87568D0B-9666-46A5-81EC-0F014D5E8DEF}.Ad-Hoc|ARM.Deploy.0 = Release|ARM
		{87568D0B-9666-46A5-81EC-0F014D5E8DEF}.Ad-Hoc|iPhone.ActiveCfg = Release|x86
		{87568D0B-9666-46A5-81EC-0F014D5E8DEF}.Ad-Hoc|iPhone.Build.0 = Release|x86
		{87568D0B-9666-46A5-81EC-0F014D5E8DEF}.Ad-Hoc|iPhone.Deploy.0 = Release|x86
		{87568D0B-9666-46A5-81EC-0F014D5E8DEF}.Ad-Hoc|iPhoneSimulator.ActiveCfg = Release|x86
		{87568D0B-9666-46A5-81EC-0F014D5E8DEF}.Ad-Hoc|iPhoneSimulator.Build.0 = Release|x86
		{87568D0B-9666-46A5-81EC-0F014D5E8DEF}.Ad-Hoc|iPhoneSimulator.Deploy.0 = Release|x86
		{87568D0B-9666-46A5-81EC-0F014D5E8DEF}.Ad-Hoc|x64.ActiveCfg = Release|x64
		{87568D0B-9666-46A5-81EC-0F014D5E8DEF}.Ad-Hoc|x64.Build.0 = Release|x64
		{87568D0B-9666-46A5-81EC-0F014D5E8DEF}.Ad-Hoc|x64.Deploy.0 = Release|x64
		{87568D0B-9666-46A5-81EC-0F014D5E8DEF}.Ad-Hoc|x86.ActiveCfg = Release|x86
		{87568D0B-9666-46A5-81EC-0F014D5E8DEF}.Ad-Hoc|x86.Build.0 = Release|x86
		{87568D0B-9666-46A5-81EC-0F014D5E8DEF}.Ad-Hoc|x86.Deploy.0 = Release|x86
		{87568D0B-9666-46A5-81EC-0F014D5E8DEF}.AppStore|Any CPU.ActiveCfg = Release|x86
		{87568D0B-9666-46A5-81EC-0F014D5E8DEF}.AppStore|Any CPU.Build.0 = Release|x86
		{87568D0B-9666-46A5-81EC-0F014D5E8DEF}.AppStore|Any CPU.Deploy.0 = Release|x86
		{87568D0B-9666-46A5-81EC-0F014D5E8DEF}.AppStore|ARM.ActiveCfg = Release|ARM
		{87568D0B-9666-46A5-81EC-0F014D5E8DEF}.AppStore|ARM.Build.0 = Release|ARM
		{87568D0B-9666-46A5-81EC-0F014D5E8DEF}.AppStore|ARM.Deploy.0 = Release|ARM
		{87568D0B-9666-46A5-81EC-0F014D5E8DEF}.AppStore|iPhone.ActiveCfg = Release|x86
		{87568D0B-9666-46A5-81EC-0F014D5E8DEF}.AppStore|iPhone.Build.0 = Release|x86
		{87568D0B-9666-46A5-81EC-0F014D5E8DEF}.AppStore|iPhone.Deploy.0 = Release|x86
		{87568D0B-9666-46A5-81EC-0F014D5E8DEF}.AppStore|iPhoneSimulator.ActiveCfg = Release|x86
		{87568D0B-9666-46A5-81EC-0F014D5E8DEF}.AppStore|iPhoneSimulator.Build.0 = Release|x86
		{87568D0B-9666-46A5-81EC-0F014D5E8DEF}.AppStore|iPhoneSimulator.Deploy.0 = Release|x86
		{87568D0B-9666-46A5-81EC-0F014D5E8DEF}.AppStore|x64.ActiveCfg = Release|x64
		{87568D0B-9666-46A5-81EC-0F014D5E8DEF}.AppStore|x64.Build.0 = Release|x64
		{87568D0B-9666-46A5-81EC-0F014D5E8DEF}.AppStore|x64.Deploy.0 = Release|x64
		{87568D0B-9666-46A5-81EC-0F014D5E8DEF}.AppStore|x86.ActiveCfg = Release|x86
		{87568D0B-9666-46A5-81EC-0F014D5E8DEF}.AppStore|x86.Build.0 = Release|x86
		{87568D0B-9666-46A5-81EC-0F014D5E8DEF}.AppStore|x86.Deploy.0 = Release|x86
		{87568D0B-9666-46A5-81EC-0F014D5E8DEF}.Debug|Any CPU.ActiveCfg = Debug|x86
		{87568D0B-9666-46A5-81EC-0F014D5E8DEF}.Debug|ARM.ActiveCfg = Debug|ARM
		{87568D0B-9666-46A5-81EC-0F014D5E8DEF}.Debug|ARM.Build.0 = Debug|ARM
		{87568D0B-9666-46A5-81EC-0F014D5E8DEF}.Debug|ARM.Deploy.0 = Debug|ARM
		{87568D0B-9666-46A5-81EC-0F014D5E8DEF}.Debug|iPhone.ActiveCfg = Debug|x86
		{87568D0B-9666-46A5-81EC-0F014D5E8DEF}.Debug|iPhoneSimulator.ActiveCfg = Debug|x86
		{87568D0B-9666-46A5-81EC-0F014D5E8DEF}.Debug|x64.ActiveCfg = Debug|x64
		{87568D0B-9666-46A5-81EC-0F014D5E8DEF}.Debug|x64.Build.0 = Debug|x64
		{87568D0B-9666-46A5-81EC-0F014D5E8DEF}.Debug|x64.Deploy.0 = Debug|x64
		{87568D0B-9666-46A5-81EC-0F014D5E8DEF}.Debug|x86.ActiveCfg = Debug|x86
		{87568D0B-9666-46A5-81EC-0F014D5E8DEF}.Debug|x86.Build.0 = Debug|x86
		{87568D0B-9666-46A5-81EC-0F014D5E8DEF}.Debug|x86.Deploy.0 = Debug|x86
		{87568D0B-9666-46A5-81EC-0F014D5E8DEF}.Release|Any CPU.ActiveCfg = Release|x86
		{87568D0B-9666-46A5-81EC-0F014D5E8DEF}.Release|ARM.ActiveCfg = Release|ARM
		{87568D0B-9666-46A5-81EC-0F014D5E8DEF}.Release|ARM.Build.0 = Release|ARM
		{87568D0B-9666-46A5-81EC-0F014D5E8DEF}.Release|ARM.Deploy.0 = Release|ARM
		{87568D0B-9666-46A5-81EC-0F014D5E8DEF}.Release|iPhone.ActiveCfg = Release|x86
		{87568D0B-9666-46A5-81EC-0F014D5E8DEF}.Release|iPhoneSimulator.ActiveCfg = Release|x86
		{87568D0B-9666-46A5-81EC-0F014D5E8DEF}.Release|x64.ActiveCfg = Release|x64
		{87568D0B-9666-46A5-81EC-0F014D5E8DEF}.Release|x64.Build.0 = Release|x64
		{87568D0B-9666-46A5-81EC-0F014D5E8DEF}.Release|x64.Deploy.0 = Release|x64
		{87568D0B-9666-46A5-81EC-0F014D5E8DEF}.Release|x86.ActiveCfg = Release|x86
		{87568D0B-9666-46A5-81EC-0F014D5E8DEF}.Release|x86.Build.0 = Release|x86
		{87568D0B-9666-46A5-81EC-0F014D5E8DEF}.Release|x86.Deploy.0 = Release|x86
	EndGlobalSection
	GlobalSection(SolutionProperties) = preSolution
		HideSolutionNode = FALSE
	EndGlobalSection
EndGlobal
